
Microsoft Visual Studio Solution File, Format Version 9.00
# Visual Studio 2005
Project("{8BC9CEB8-8B4A-11D0-8D11-00A0C91BC942}") = "Audacity", "audacity.vcproj", "{1D64095C-F936-4FCF-B609-56E9DDF941FA}"
	ProjectSection(ProjectDependencies) = postProject
		{8A1C2514-85DD-4AE2-9CF3-3183B66C537D} = {8A1C2514-85DD-4AE2-9CF3-3183B66C537D}
		{EC3F5835-C486-4970-8A6B-A0700F4B3637} = {EC3F5835-C486-4970-8A6B-A0700F4B3637}
		{6C7DC635-26FB-419A-B69A-7ECBBB068245} = {6C7DC635-26FB-419A-B69A-7ECBBB068245}
		{B28C9F3F-FF0E-4FEC-844C-685390B8AC06} = {B28C9F3F-FF0E-4FEC-844C-685390B8AC06}
		{5284D863-3813-479F-BBF0-AC234E216BC6} = {5284D863-3813-479F-BBF0-AC234E216BC6}
		{F4B4A272-4ED3-4951-A6EE-B7BAAC1C4952} = {F4B4A272-4ED3-4951-A6EE-B7BAAC1C4952}
		{727D6675-67EE-4D0B-9DC1-177A0AF741F0} = {727D6675-67EE-4D0B-9DC1-177A0AF741F0}
		{7ABA0F80-94AE-4E82-AB89-2E1258212D59} = {7ABA0F80-94AE-4E82-AB89-2E1258212D59}
		{3A76129B-55AB-4D54-BAA7-08F63ED52569} = {3A76129B-55AB-4D54-BAA7-08F63ED52569}
		{84957C9E-66F6-443C-90F6-EC815A89CD0E} = {84957C9E-66F6-443C-90F6-EC815A89CD0E}
		{A52BBEA5-8B02-4147-8734-5D9BBF4D1177} = {A52BBEA5-8B02-4147-8734-5D9BBF4D1177}
		{3DDDCAA9-276D-4FC3-A15C-485F7B9B24CC} = {3DDDCAA9-276D-4FC3-A15C-485F7B9B24CC}
		{38C2C6B1-FBF8-4C5C-BB90-63F996083F56} = {38C2C6B1-FBF8-4C5C-BB90-63F996083F56}
		{8C69F7B6-684F-48D9-9057-8912CA3DAA8B} = {8C69F7B6-684F-48D9-9057-8912CA3DAA8B}
		{D96C7BE1-E3F1-4767-BBBB-320E082CE425} = {D96C7BE1-E3F1-4767-BBBB-320E082CE425}
		{7AA41BED-41B0-427A-9148-DEA40549D158} = {7AA41BED-41B0-427A-9148-DEA40549D158}
		{A61E2BF1-21AA-4118-B0D8-FD3D53DB892E} = {A61E2BF1-21AA-4118-B0D8-FD3D53DB892E}
		{F00717F2-67C8-44E1-AF00-541DFA9CB7F2} = {F00717F2-67C8-44E1-AF00-541DFA9CB7F2}
		{A939AAF8-44F1-4CE7-9DD0-7A6E99814857} = {A939AAF8-44F1-4CE7-9DD0-7A6E99814857}
	EndProjectSection
EndProject
Project("{8BC9CEB8-8B4A-11D0-8D11-00A0C91BC942}") = "PAStaticWMME", "..\lib-src\portaudio\winproj\PAStaticWMME\PAStaticWMME.vcproj", "{7452B123-3207-4194-BD92-56E8CA6BC80F}"
EndProject
Project("{8BC9CEB8-8B4A-11D0-8D11-00A0C91BC942}") = "SoundTouch", "..\lib-src\soundtouch\source\SoundTouch\SoundTouch.vcproj", "{EC3F5835-C486-4970-8A6B-A0700F4B3637}"
EndProject
Project("{8BC9CEB8-8B4A-11D0-8D11-00A0C91BC942}") = "allegro", "..\lib-src\allegro\allegro.vcproj", "{8A1C2514-85DD-4AE2-9CF3-3183B66C537D}"
EndProject
Project("{8BC9CEB8-8B4A-11D0-8D11-00A0C91BC942}") = "expat", "..\lib-src\expat\expat.vcproj", "{38C2C6B1-FBF8-4C5C-BB90-63F996083F56}"
EndProject
Project("{8BC9CEB8-8B4A-11D0-8D11-00A0C91BC942}") = "libflac", "..\lib-src\libflac\src\libFLAC\win32\libflac.vcproj", "{6C7DC635-26FB-419A-B69A-7ECBBB068245}"
EndProject
Project("{8BC9CEB8-8B4A-11D0-8D11-00A0C91BC942}") = "libflac_cpp", "..\lib-src\libflac\src\LIBFLAC++\win32\libflac_cpp.vcproj", "{B28C9F3F-FF0E-4FEC-844C-685390B8AC06}"
EndProject
Project("{8BC9CEB8-8B4A-11D0-8D11-00A0C91BC942}") = "libid3tag", "..\lib-src\libid3tag\libid3tag.vcproj", "{D96C7BE1-E3F1-4767-BBBB-320E082CE425}"
EndProject
Project("{8BC9CEB8-8B4A-11D0-8D11-00A0C91BC942}") = "libmad", "..\lib-src\libmad\libmad.vcproj", "{A52BBEA5-8B02-4147-8734-5D9BBF4D1177}"
EndProject
Project("{8BC9CEB8-8B4A-11D0-8D11-00A0C91BC942}") = "libnyquist", "..\lib-src\libnyquist\win\libnyquist.vcproj", "{7AA41BED-41B0-427A-9148-DEA40549D158}"
EndProject
Project("{8BC9CEB8-8B4A-11D0-8D11-00A0C91BC942}") = "libresample", "..\lib-src\libresample\win\libresample.vcproj", "{F00717F2-67C8-44E1-AF00-541DFA9CB7F2}"
EndProject
Project("{8BC9CEB8-8B4A-11D0-8D11-00A0C91BC942}") = "libsamplerate", "..\lib-src\LIBSAMPLERATE\Win32\libsamplerate.vcproj", "{3DDDCAA9-276D-4FC3-A15C-485F7B9B24CC}"
EndProject
Project("{8BC9CEB8-8B4A-11D0-8D11-00A0C91BC942}") = "libsndfile", "..\lib-src\libsndfile\Win32\libsndfile.vcproj", "{F4B4A272-4ED3-4951-A6EE-B7BAAC1C4952}"
EndProject
Project("{8BC9CEB8-8B4A-11D0-8D11-00A0C91BC942}") = "ogg_static", "..\lib-src\libogg\win32\ogg_static.vcproj", "{A939AAF8-44F1-4CE7-9DD0-7A6E99814857}"
EndProject
Project("{8BC9CEB8-8B4A-11D0-8D11-00A0C91BC942}") = "portmixer", "..\lib-src\portmixer\winproj\portmixer.vcproj", "{3A76129B-55AB-4D54-BAA7-08F63ED52569}"
EndProject
Project("{8BC9CEB8-8B4A-11D0-8D11-00A0C91BC942}") = "vorbis_static", "..\lib-src\libvorbis\win32\vorbis_static.vcproj", "{727D6675-67EE-4D0B-9DC1-177A0AF741F0}"
EndProject
Project("{8BC9CEB8-8B4A-11D0-8D11-00A0C91BC942}") = "vorbisfile_static", "..\lib-src\libvorbis\win32\vorbisfile_static.vcproj", "{84957C9E-66F6-443C-90F6-EC815A89CD0E}"
EndProject
Project("{8BC9CEB8-8B4A-11D0-8D11-00A0C91BC942}") = "PAStaticWMMEv19", "..\lib-src\portaudio-v19\build\msvc\PAStaticWMMEv19.vcproj", "{7ABA0F80-94AE-4E82-AB89-2E1258212D59}"
EndProject
Project("{8BC9CEB8-8B4A-11D0-8D11-00A0C91BC942}") = "locale", "locale.vcproj", "{BE9F28C5-058A-45F5-B2C1-D077BC058AAE}"
EndProject
Project("{8BC9CEB8-8B4A-11D0-8D11-00A0C91BC942}") = "FileDialog", "..\lib-src\FileDialog\FileDialog.vcproj", "{5284D863-3813-479F-BBF0-AC234E216BC6}"
EndProject
Project("{8BC9CEB8-8B4A-11D0-8D11-00A0C91BC942}") = "mod-script-pipe", "..\lib-src\mod-script-pipe\mod-script-pipe.vcproj", "{85774A29-EA2F-4A40-994F-6BE593D847A5}"
EndProject
Project("{8BC9CEB8-8B4A-11D0-8D11-00A0C91BC942}") = "libvamp", "..\lib-src\libvamp\win\libvamp.vcproj", "{A61E2BF1-21AA-4118-B0D8-FD3D53DB892E}"
EndProject
Project("{8BC9CEB8-8B4A-11D0-8D11-00A0C91BC942}") = "libtwolame_static", "..\lib-src\twolame\win32\libtwolame_static.vcproj", "{8C69F7B6-684F-48D9-9057-8912CA3DAA8B}"
EndProject
Global
	GlobalSection(SolutionConfigurationPlatforms) = preSolution
		Debug|Win32 = Debug|Win32
		Release|Win32 = Release|Win32
		Unicode_Debug|Win32 = Unicode_Debug|Win32
		Unicode_Release|Win32 = Unicode_Release|Win32
	EndGlobalSection
	GlobalSection(ProjectConfigurationPlatforms) = postSolution
		{1D64095C-F936-4FCF-B609-56E9DDF941FA}.Debug|Win32.ActiveCfg = Debug|Win32
		{1D64095C-F936-4FCF-B609-56E9DDF941FA}.Debug|Win32.Build.0 = Debug|Win32
		{1D64095C-F936-4FCF-B609-56E9DDF941FA}.Release|Win32.ActiveCfg = Release|Win32
		{1D64095C-F936-4FCF-B609-56E9DDF941FA}.Release|Win32.Build.0 = Release|Win32
		{1D64095C-F936-4FCF-B609-56E9DDF941FA}.Unicode_Debug|Win32.ActiveCfg = Unicode_Debug|Win32
		{1D64095C-F936-4FCF-B609-56E9DDF941FA}.Unicode_Debug|Win32.Build.0 = Unicode_Debug|Win32
		{1D64095C-F936-4FCF-B609-56E9DDF941FA}.Unicode_Release|Win32.ActiveCfg = Unicode_Release|Win32
		{1D64095C-F936-4FCF-B609-56E9DDF941FA}.Unicode_Release|Win32.Build.0 = Unicode_Release|Win32
		{7452B123-3207-4194-BD92-56E8CA6BC80F}.Debug|Win32.ActiveCfg = Debug|Win32
		{7452B123-3207-4194-BD92-56E8CA6BC80F}.Release|Win32.ActiveCfg = Release|Win32
		{7452B123-3207-4194-BD92-56E8CA6BC80F}.Unicode_Debug|Win32.ActiveCfg = Unicode_Debug|Win32
		{7452B123-3207-4194-BD92-56E8CA6BC80F}.Unicode_Release|Win32.ActiveCfg = Unicode_Release|Win32
		{EC3F5835-C486-4970-8A6B-A0700F4B3637}.Debug|Win32.ActiveCfg = Debug|Win32
		{EC3F5835-C486-4970-8A6B-A0700F4B3637}.Debug|Win32.Build.0 = Debug|Win32
		{EC3F5835-C486-4970-8A6B-A0700F4B3637}.Release|Win32.ActiveCfg = Release|Win32
		{EC3F5835-C486-4970-8A6B-A0700F4B3637}.Release|Win32.Build.0 = Release|Win32
		{EC3F5835-C486-4970-8A6B-A0700F4B3637}.Unicode_Debug|Win32.ActiveCfg = Unicode_Debug|Win32
		{EC3F5835-C486-4970-8A6B-A0700F4B3637}.Unicode_Debug|Win32.Build.0 = Unicode_Debug|Win32
		{EC3F5835-C486-4970-8A6B-A0700F4B3637}.Unicode_Release|Win32.ActiveCfg = Unicode_Release|Win32
		{EC3F5835-C486-4970-8A6B-A0700F4B3637}.Unicode_Release|Win32.Build.0 = Unicode_Release|Win32
		{8A1C2514-85DD-4AE2-9CF3-3183B66C537D}.Debug|Win32.ActiveCfg = Debug|Win32
		{8A1C2514-85DD-4AE2-9CF3-3183B66C537D}.Debug|Win32.Build.0 = Debug|Win32
		{8A1C2514-85DD-4AE2-9CF3-3183B66C537D}.Release|Win32.ActiveCfg = Release|Win32
		{8A1C2514-85DD-4AE2-9CF3-3183B66C537D}.Release|Win32.Build.0 = Release|Win32
		{8A1C2514-85DD-4AE2-9CF3-3183B66C537D}.Unicode_Debug|Win32.ActiveCfg = Unicode_Debug|Win32
		{8A1C2514-85DD-4AE2-9CF3-3183B66C537D}.Unicode_Debug|Win32.Build.0 = Unicode_Debug|Win32
		{8A1C2514-85DD-4AE2-9CF3-3183B66C537D}.Unicode_Release|Win32.ActiveCfg = Unicode_Release|Win32
		{8A1C2514-85DD-4AE2-9CF3-3183B66C537D}.Unicode_Release|Win32.Build.0 = Unicode_Release|Win32
		{38C2C6B1-FBF8-4C5C-BB90-63F996083F56}.Debug|Win32.ActiveCfg = Debug|Win32
		{38C2C6B1-FBF8-4C5C-BB90-63F996083F56}.Debug|Win32.Build.0 = Debug|Win32
		{38C2C6B1-FBF8-4C5C-BB90-63F996083F56}.Release|Win32.ActiveCfg = Release|Win32
		{38C2C6B1-FBF8-4C5C-BB90-63F996083F56}.Release|Win32.Build.0 = Release|Win32
		{38C2C6B1-FBF8-4C5C-BB90-63F996083F56}.Unicode_Debug|Win32.ActiveCfg = Unicode_Debug|Win32
		{38C2C6B1-FBF8-4C5C-BB90-63F996083F56}.Unicode_Debug|Win32.Build.0 = Unicode_Debug|Win32
		{38C2C6B1-FBF8-4C5C-BB90-63F996083F56}.Unicode_Release|Win32.ActiveCfg = Unicode_Release|Win32
		{38C2C6B1-FBF8-4C5C-BB90-63F996083F56}.Unicode_Release|Win32.Build.0 = Unicode_Release|Win32
		{6C7DC635-26FB-419A-B69A-7ECBBB068245}.Debug|Win32.ActiveCfg = Debug|Win32
		{6C7DC635-26FB-419A-B69A-7ECBBB068245}.Debug|Win32.Build.0 = Debug|Win32
		{6C7DC635-26FB-419A-B69A-7ECBBB068245}.Release|Win32.ActiveCfg = Release|Win32
		{6C7DC635-26FB-419A-B69A-7ECBBB068245}.Release|Win32.Build.0 = Release|Win32
		{6C7DC635-26FB-419A-B69A-7ECBBB068245}.Unicode_Debug|Win32.ActiveCfg = Unicode_Debug|Win32
		{6C7DC635-26FB-419A-B69A-7ECBBB068245}.Unicode_Debug|Win32.Build.0 = Unicode_Debug|Win32
		{6C7DC635-26FB-419A-B69A-7ECBBB068245}.Unicode_Release|Win32.ActiveCfg = Unicode_Release|Win32
		{6C7DC635-26FB-419A-B69A-7ECBBB068245}.Unicode_Release|Win32.Build.0 = Unicode_Release|Win32
		{B28C9F3F-FF0E-4FEC-844C-685390B8AC06}.Debug|Win32.ActiveCfg = Debug|Win32
		{B28C9F3F-FF0E-4FEC-844C-685390B8AC06}.Debug|Win32.Build.0 = Debug|Win32
		{B28C9F3F-FF0E-4FEC-844C-685390B8AC06}.Release|Win32.ActiveCfg = Release|Win32
		{B28C9F3F-FF0E-4FEC-844C-685390B8AC06}.Release|Win32.Build.0 = Release|Win32
		{B28C9F3F-FF0E-4FEC-844C-685390B8AC06}.Unicode_Debug|Win32.ActiveCfg = Unicode_Debug|Win32
		{B28C9F3F-FF0E-4FEC-844C-685390B8AC06}.Unicode_Debug|Win32.Build.0 = Unicode_Debug|Win32
		{B28C9F3F-FF0E-4FEC-844C-685390B8AC06}.Unicode_Release|Win32.ActiveCfg = Unicode_Release|Win32
		{B28C9F3F-FF0E-4FEC-844C-685390B8AC06}.Unicode_Release|Win32.Build.0 = Unicode_Release|Win32
		{D96C7BE1-E3F1-4767-BBBB-320E082CE425}.Debug|Win32.ActiveCfg = Debug|Win32
		{D96C7BE1-E3F1-4767-BBBB-320E082CE425}.Debug|Win32.Build.0 = Debug|Win32
		{D96C7BE1-E3F1-4767-BBBB-320E082CE425}.Release|Win32.ActiveCfg = Release|Win32
		{D96C7BE1-E3F1-4767-BBBB-320E082CE425}.Release|Win32.Build.0 = Release|Win32
		{D96C7BE1-E3F1-4767-BBBB-320E082CE425}.Unicode_Debug|Win32.ActiveCfg = Unicode_Debug|Win32
		{D96C7BE1-E3F1-4767-BBBB-320E082CE425}.Unicode_Debug|Win32.Build.0 = Unicode_Debug|Win32
		{D96C7BE1-E3F1-4767-BBBB-320E082CE425}.Unicode_Release|Win32.ActiveCfg = Unicode_Release|Win32
		{D96C7BE1-E3F1-4767-BBBB-320E082CE425}.Unicode_Release|Win32.Build.0 = Unicode_Release|Win32
		{A52BBEA5-8B02-4147-8734-5D9BBF4D1177}.Debug|Win32.ActiveCfg = Debug|Win32
		{A52BBEA5-8B02-4147-8734-5D9BBF4D1177}.Debug|Win32.Build.0 = Debug|Win32
		{A52BBEA5-8B02-4147-8734-5D9BBF4D1177}.Release|Win32.ActiveCfg = Release|Win32
		{A52BBEA5-8B02-4147-8734-5D9BBF4D1177}.Release|Win32.Build.0 = Release|Win32
		{A52BBEA5-8B02-4147-8734-5D9BBF4D1177}.Unicode_Debug|Win32.ActiveCfg = Unicode_Debug|Win32
		{A52BBEA5-8B02-4147-8734-5D9BBF4D1177}.Unicode_Debug|Win32.Build.0 = Unicode_Debug|Win32
		{A52BBEA5-8B02-4147-8734-5D9BBF4D1177}.Unicode_Release|Win32.ActiveCfg = Unicode_Release|Win32
		{A52BBEA5-8B02-4147-8734-5D9BBF4D1177}.Unicode_Release|Win32.Build.0 = Unicode_Release|Win32
		{7AA41BED-41B0-427A-9148-DEA40549D158}.Debug|Win32.ActiveCfg = Debug|Win32
		{7AA41BED-41B0-427A-9148-DEA40549D158}.Debug|Win32.Build.0 = Debug|Win32
		{7AA41BED-41B0-427A-9148-DEA40549D158}.Release|Win32.ActiveCfg = Release|Win32
		{7AA41BED-41B0-427A-9148-DEA40549D158}.Release|Win32.Build.0 = Release|Win32
		{7AA41BED-41B0-427A-9148-DEA40549D158}.Unicode_Debug|Win32.ActiveCfg = Unicode_Debug|Win32
		{7AA41BED-41B0-427A-9148-DEA40549D158}.Unicode_Debug|Win32.Build.0 = Unicode_Debug|Win32
		{7AA41BED-41B0-427A-9148-DEA40549D158}.Unicode_Release|Win32.ActiveCfg = Unicode_Release|Win32
		{7AA41BED-41B0-427A-9148-DEA40549D158}.Unicode_Release|Win32.Build.0 = Unicode_Release|Win32
		{F00717F2-67C8-44E1-AF00-541DFA9CB7F2}.Debug|Win32.ActiveCfg = Debug|Win32
		{F00717F2-67C8-44E1-AF00-541DFA9CB7F2}.Debug|Win32.Build.0 = Debug|Win32
		{F00717F2-67C8-44E1-AF00-541DFA9CB7F2}.Release|Win32.ActiveCfg = Release|Win32
		{F00717F2-67C8-44E1-AF00-541DFA9CB7F2}.Release|Win32.Build.0 = Release|Win32
		{F00717F2-67C8-44E1-AF00-541DFA9CB7F2}.Unicode_Debug|Win32.ActiveCfg = Unicode_Debug|Win32
		{F00717F2-67C8-44E1-AF00-541DFA9CB7F2}.Unicode_Debug|Win32.Build.0 = Unicode_Debug|Win32
		{F00717F2-67C8-44E1-AF00-541DFA9CB7F2}.Unicode_Release|Win32.ActiveCfg = Unicode_Release|Win32
		{F00717F2-67C8-44E1-AF00-541DFA9CB7F2}.Unicode_Release|Win32.Build.0 = Unicode_Release|Win32
		{3DDDCAA9-276D-4FC3-A15C-485F7B9B24CC}.Debug|Win32.ActiveCfg = Debug|Win32
		{3DDDCAA9-276D-4FC3-A15C-485F7B9B24CC}.Debug|Win32.Build.0 = Debug|Win32
		{3DDDCAA9-276D-4FC3-A15C-485F7B9B24CC}.Release|Win32.ActiveCfg = Release|Win32
		{3DDDCAA9-276D-4FC3-A15C-485F7B9B24CC}.Release|Win32.Build.0 = Release|Win32
		{3DDDCAA9-276D-4FC3-A15C-485F7B9B24CC}.Unicode_Debug|Win32.ActiveCfg = Unicode_Debug|Win32
		{3DDDCAA9-276D-4FC3-A15C-485F7B9B24CC}.Unicode_Debug|Win32.Build.0 = Unicode_Debug|Win32
		{3DDDCAA9-276D-4FC3-A15C-485F7B9B24CC}.Unicode_Release|Win32.ActiveCfg = Unicode_Release|Win32
		{3DDDCAA9-276D-4FC3-A15C-485F7B9B24CC}.Unicode_Release|Win32.Build.0 = Unicode_Release|Win32
		{F4B4A272-4ED3-4951-A6EE-B7BAAC1C4952}.Debug|Win32.ActiveCfg = Debug|Win32
		{F4B4A272-4ED3-4951-A6EE-B7BAAC1C4952}.Debug|Win32.Build.0 = Debug|Win32
		{F4B4A272-4ED3-4951-A6EE-B7BAAC1C4952}.Release|Win32.ActiveCfg = Release|Win32
		{F4B4A272-4ED3-4951-A6EE-B7BAAC1C4952}.Release|Win32.Build.0 = Release|Win32
		{F4B4A272-4ED3-4951-A6EE-B7BAAC1C4952}.Unicode_Debug|Win32.ActiveCfg = Unicode_Debug|Win32
		{F4B4A272-4ED3-4951-A6EE-B7BAAC1C4952}.Unicode_Debug|Win32.Build.0 = Unicode_Debug|Win32
		{F4B4A272-4ED3-4951-A6EE-B7BAAC1C4952}.Unicode_Release|Win32.ActiveCfg = Unicode_Release|Win32
		{F4B4A272-4ED3-4951-A6EE-B7BAAC1C4952}.Unicode_Release|Win32.Build.0 = Unicode_Release|Win32
		{A939AAF8-44F1-4CE7-9DD0-7A6E99814857}.Debug|Win32.ActiveCfg = Debug|Win32
		{A939AAF8-44F1-4CE7-9DD0-7A6E99814857}.Debug|Win32.Build.0 = Debug|Win32
		{A939AAF8-44F1-4CE7-9DD0-7A6E99814857}.Release|Win32.ActiveCfg = Release|Win32
		{A939AAF8-44F1-4CE7-9DD0-7A6E99814857}.Release|Win32.Build.0 = Release|Win32
		{A939AAF8-44F1-4CE7-9DD0-7A6E99814857}.Unicode_Debug|Win32.ActiveCfg = Unicode_Debug|Win32
		{A939AAF8-44F1-4CE7-9DD0-7A6E99814857}.Unicode_Debug|Win32.Build.0 = Unicode_Debug|Win32
		{A939AAF8-44F1-4CE7-9DD0-7A6E99814857}.Unicode_Release|Win32.ActiveCfg = Unicode_Release|Win32
		{A939AAF8-44F1-4CE7-9DD0-7A6E99814857}.Unicode_Release|Win32.Build.0 = Unicode_Release|Win32
		{3A76129B-55AB-4D54-BAA7-08F63ED52569}.Debug|Win32.ActiveCfg = Debug|Win32
		{3A76129B-55AB-4D54-BAA7-08F63ED52569}.Debug|Win32.Build.0 = Debug|Win32
		{3A76129B-55AB-4D54-BAA7-08F63ED52569}.Release|Win32.ActiveCfg = Release|Win32
		{3A76129B-55AB-4D54-BAA7-08F63ED52569}.Release|Win32.Build.0 = Release|Win32
		{3A76129B-55AB-4D54-BAA7-08F63ED52569}.Unicode_Debug|Win32.ActiveCfg = Unicode_Debug|Win32
		{3A76129B-55AB-4D54-BAA7-08F63ED52569}.Unicode_Debug|Win32.Build.0 = Unicode_Debug|Win32
		{3A76129B-55AB-4D54-BAA7-08F63ED52569}.Unicode_Release|Win32.ActiveCfg = Unicode_Release|Win32
		{3A76129B-55AB-4D54-BAA7-08F63ED52569}.Unicode_Release|Win32.Build.0 = Unicode_Release|Win32
		{727D6675-67EE-4D0B-9DC1-177A0AF741F0}.Debug|Win32.ActiveCfg = Debug|Win32
		{727D6675-67EE-4D0B-9DC1-177A0AF741F0}.Debug|Win32.Build.0 = Debug|Win32
		{727D6675-67EE-4D0B-9DC1-177A0AF741F0}.Release|Win32.ActiveCfg = Release|Win32
		{727D6675-67EE-4D0B-9DC1-177A0AF741F0}.Release|Win32.Build.0 = Release|Win32
		{727D6675-67EE-4D0B-9DC1-177A0AF741F0}.Unicode_Debug|Win32.ActiveCfg = Unicode_Debug|Win32
		{727D6675-67EE-4D0B-9DC1-177A0AF741F0}.Unicode_Debug|Win32.Build.0 = Unicode_Debug|Win32
		{727D6675-67EE-4D0B-9DC1-177A0AF741F0}.Unicode_Release|Win32.ActiveCfg = Unicode_Release|Win32
		{727D6675-67EE-4D0B-9DC1-177A0AF741F0}.Unicode_Release|Win32.Build.0 = Unicode_Release|Win32
		{84957C9E-66F6-443C-90F6-EC815A89CD0E}.Debug|Win32.ActiveCfg = Debug|Win32
		{84957C9E-66F6-443C-90F6-EC815A89CD0E}.Debug|Win32.Build.0 = Debug|Win32
		{84957C9E-66F6-443C-90F6-EC815A89CD0E}.Release|Win32.ActiveCfg = Release|Win32
		{84957C9E-66F6-443C-90F6-EC815A89CD0E}.Release|Win32.Build.0 = Release|Win32
		{84957C9E-66F6-443C-90F6-EC815A89CD0E}.Unicode_Debug|Win32.ActiveCfg = Unicode_Debug|Win32
		{84957C9E-66F6-443C-90F6-EC815A89CD0E}.Unicode_Debug|Win32.Build.0 = Unicode_Debug|Win32
		{84957C9E-66F6-443C-90F6-EC815A89CD0E}.Unicode_Release|Win32.ActiveCfg = Unicode_Release|Win32
		{84957C9E-66F6-443C-90F6-EC815A89CD0E}.Unicode_Release|Win32.Build.0 = Unicode_Release|Win32
		{7ABA0F80-94AE-4E82-AB89-2E1258212D59}.Debug|Win32.ActiveCfg = Debug|Win32
		{7ABA0F80-94AE-4E82-AB89-2E1258212D59}.Debug|Win32.Build.0 = Debug|Win32
		{7ABA0F80-94AE-4E82-AB89-2E1258212D59}.Release|Win32.ActiveCfg = Release|Win32
		{7ABA0F80-94AE-4E82-AB89-2E1258212D59}.Release|Win32.Build.0 = Release|Win32
		{7ABA0F80-94AE-4E82-AB89-2E1258212D59}.Unicode_Debug|Win32.ActiveCfg = Unicode_Debug|Win32
		{7ABA0F80-94AE-4E82-AB89-2E1258212D59}.Unicode_Debug|Win32.Build.0 = Unicode_Debug|Win32
		{7ABA0F80-94AE-4E82-AB89-2E1258212D59}.Unicode_Release|Win32.ActiveCfg = Unicode_Release|Win32
		{7ABA0F80-94AE-4E82-AB89-2E1258212D59}.Unicode_Release|Win32.Build.0 = Unicode_Release|Win32
		{BE9F28C5-058A-45F5-B2C1-D077BC058AAE}.Debug|Win32.ActiveCfg = Debug|Win32
		{BE9F28C5-058A-45F5-B2C1-D077BC058AAE}.Release|Win32.ActiveCfg = Release|Win32
		{BE9F28C5-058A-45F5-B2C1-D077BC058AAE}.Unicode_Debug|Win32.ActiveCfg = Unicode_Debug|Win32
		{BE9F28C5-058A-45F5-B2C1-D077BC058AAE}.Unicode_Release|Win32.ActiveCfg = Unicode_Release|Win32
		{5284D863-3813-479F-BBF0-AC234E216BC6}.Debug|Win32.ActiveCfg = Debug|Win32
		{5284D863-3813-479F-BBF0-AC234E216BC6}.Debug|Win32.Build.0 = Debug|Win32
		{5284D863-3813-479F-BBF0-AC234E216BC6}.Release|Win32.ActiveCfg = Release|Win32
		{5284D863-3813-479F-BBF0-AC234E216BC6}.Release|Win32.Build.0 = Release|Win32
		{5284D863-3813-479F-BBF0-AC234E216BC6}.Unicode_Debug|Win32.ActiveCfg = Unicode_Debug|Win32
		{5284D863-3813-479F-BBF0-AC234E216BC6}.Unicode_Debug|Win32.Build.0 = Unicode_Debug|Win32
		{5284D863-3813-479F-BBF0-AC234E216BC6}.Unicode_Release|Win32.ActiveCfg = Unicode_Release|Win32
		{5284D863-3813-479F-BBF0-AC234E216BC6}.Unicode_Release|Win32.Build.0 = Unicode_Release|Win32
		{85774A29-EA2F-4A40-994F-6BE593D847A5}.Debug|Win32.ActiveCfg = Debug wx284|Win32
		{85774A29-EA2F-4A40-994F-6BE593D847A5}.Release|Win32.ActiveCfg = Debug wx284|Win32
		{85774A29-EA2F-4A40-994F-6BE593D847A5}.Unicode_Debug|Win32.ActiveCfg = Debug wx284|Win32
		{85774A29-EA2F-4A40-994F-6BE593D847A5}.Unicode_Release|Win32.ActiveCfg = Debug wx284|Win32
		{A61E2BF1-21AA-4118-B0D8-FD3D53DB892E}.Debug|Win32.ActiveCfg = Debug|Win32
		{A61E2BF1-21AA-4118-B0D8-FD3D53DB892E}.Debug|Win32.Build.0 = Debug|Win32
		{A61E2BF1-21AA-4118-B0D8-FD3D53DB892E}.Release|Win32.ActiveCfg = Release|Win32
		{A61E2BF1-21AA-4118-B0D8-FD3D53DB892E}.Release|Win32.Build.0 = Release|Win32
		{A61E2BF1-21AA-4118-B0D8-FD3D53DB892E}.Unicode_Debug|Win32.ActiveCfg = Unicode_Debug|Win32
		{A61E2BF1-21AA-4118-B0D8-FD3D53DB892E}.Unicode_Debug|Win32.Build.0 = Unicode_Debug|Win32
		{A61E2BF1-21AA-4118-B0D8-FD3D53DB892E}.Unicode_Release|Win32.ActiveCfg = Unicode_Release|Win32
		{A61E2BF1-21AA-4118-B0D8-FD3D53DB892E}.Unicode_Release|Win32.Build.0 = Unicode_Release|Win32
		{8C69F7B6-684F-48D9-9057-8912CA3DAA8B}.Debug|Win32.ActiveCfg = Debug|Win32
		{8C69F7B6-684F-48D9-9057-8912CA3DAA8B}.Debug|Win32.Build.0 = Debug|Win32
		{8C69F7B6-684F-48D9-9057-8912CA3DAA8B}.Release|Win32.ActiveCfg = Release|Win32
		{8C69F7B6-684F-48D9-9057-8912CA3DAA8B}.Release|Win32.Build.0 = Release|Win32
		{8C69F7B6-684F-48D9-9057-8912CA3DAA8B}.Unicode_Debug|Win32.ActiveCfg = Unicode_Debug|Win32
		{8C69F7B6-684F-48D9-9057-8912CA3DAA8B}.Unicode_Debug|Win32.Build.0 = Unicode_Debug|Win32
		{8C69F7B6-684F-48D9-9057-8912CA3DAA8B}.Unicode_Release|Win32.ActiveCfg = Unicode_Release|Win32
		{8C69F7B6-684F-48D9-9057-8912CA3DAA8B}.Unicode_Release|Win32.Build.0 = Unicode_Release|Win32
	EndGlobalSection
	GlobalSection(SolutionProperties) = preSolution
		HideSolutionNode = FALSE
	EndGlobalSection
EndGlobal
