Microsoft Visual Studio Solution File, Format Version 8.00
Project("{8BC9CEB8-8B4A-11D0-8D11-00A0C91BC942}") = "wxregex", "wx_wxregex.vcproj", "{2F08BD61-4120-45CD-9926-62681AADA781}"
	ProjectSection(ProjectDependencies) = postProject
	EndProjectSection
EndProject
Project("{8BC9CEB8-8B4A-11D0-8D11-00A0C91BC942}") = "wxzlib", "wx_wxzlib.vcproj", "{40CF5E56-A0E3-4554-AD0E-2887DCAB07B5}"
	ProjectSection(ProjectDependencies) = postProject
	EndProjectSection
EndProject
Project("{8BC9CEB8-8B4A-11D0-8D11-00A0C91BC942}") = "wxpng", "wx_wxpng.vcproj", "{2AA0F940-D84F-42E0-A5EF-29B203A57296}"
	ProjectSection(ProjectDependencies) = postProject
	EndProjectSection
EndProject
Project("{8BC9CEB8-8B4A-11D0-8D11-00A0C91BC942}") = "wxjpeg", "wx_wxjpeg.vcproj", "{96963562-4097-4399-AAD8-B9F3D0A9E9AA}"
	ProjectSection(ProjectDependencies) = postProject
	EndProjectSection
EndProject
Project("{8BC9CEB8-8B4A-11D0-8D11-00A0C91BC942}") = "wxtiff", "wx_wxtiff.vcproj", "{3660AD07-4440-4CB9-978C-9861596AD3DD}"
	ProjectSection(ProjectDependencies) = postProject
	EndProjectSection
EndProject
Project("{8BC9CEB8-8B4A-11D0-8D11-00A0C91BC942}") = "wxexpat", "wx_wxexpat.vcproj", "{947C8F07-0117-4EE0-AD58-CE66BF4285D4}"
	ProjectSection(ProjectDependencies) = postProject
	EndProjectSection
EndProject
Project("{8BC9CEB8-8B4A-11D0-8D11-00A0C91BC942}") = "base", "wx_base.vcproj", "{529D2889-C65D-4756-B442-69E4DEE5BB22}"
	ProjectSection(ProjectDependencies) = postProject
	EndProjectSection
EndProject
Project("{8BC9CEB8-8B4A-11D0-8D11-00A0C91BC942}") = "net", "wx_net.vcproj", "{3E5272D0-A4AE-4235-8B83-3FE84CCF9177}"
	ProjectSection(ProjectDependencies) = postProject
	EndProjectSection
EndProject
Project("{8BC9CEB8-8B4A-11D0-8D11-00A0C91BC942}") = "core", "wx_core.vcproj", "{EAB8647C-B164-46A6-B136-FA89F4619F02}"
	ProjectSection(ProjectDependencies) = postProject
	EndProjectSection
EndProject
Project("{8BC9CEB8-8B4A-11D0-8D11-00A0C91BC942}") = "adv", "wx_adv.vcproj", "{A92CC86B-7FB6-4943-A752-640194B55111}"
	ProjectSection(ProjectDependencies) = postProject
	EndProjectSection
EndProject
Project("{8BC9CEB8-8B4A-11D0-8D11-00A0C91BC942}") = "media", "wx_media.vcproj", "{351E9E7A-D7F9-47EC-A897-AB7557C31AB3}"
	ProjectSection(ProjectDependencies) = postProject
	EndProjectSection
EndProject
Project("{8BC9CEB8-8B4A-11D0-8D11-00A0C91BC942}") = "odbc", "wx_odbc.vcproj", "{3AE9C584-F1DE-44D0-8085-85AC19D8D092}"
	ProjectSection(ProjectDependencies) = postProject
	EndProjectSection
EndProject
Project("{8BC9CEB8-8B4A-11D0-8D11-00A0C91BC942}") = "dbgrid", "wx_dbgrid.vcproj", "{47CC0012-5E26-4B33-AB03-87E26472B6B5}"
	ProjectSection(ProjectDependencies) = postProject
	EndProjectSection
EndProject
Project("{8BC9CEB8-8B4A-11D0-8D11-00A0C91BC942}") = "html", "wx_html.vcproj", "{9803C1C7-5D2D-42A4-A1B4-116F108C0343}"
	ProjectSection(ProjectDependencies) = postProject
	EndProjectSection
EndProject
Project("{8BC9CEB8-8B4A-11D0-8D11-00A0C91BC942}") = "qa", "wx_qa.vcproj", "{33A9401C-C75D-4CBE-AA22-AD1D5F561CD8}"
	ProjectSection(ProjectDependencies) = postProject
	EndProjectSection
EndProject
Project("{8BC9CEB8-8B4A-11D0-8D11-00A0C91BC942}") = "xml", "wx_xml.vcproj", "{93FDA192-7978-4115-8CD8-A5DCCDF0F914}"
	ProjectSection(ProjectDependencies) = postProject
	EndProjectSection
EndProject
Project("{8BC9CEB8-8B4A-11D0-8D11-00A0C91BC942}") = "xrc", "wx_xrc.vcproj", "{9513242A-F7FA-435D-9FF7-561728A1B01A}"
	ProjectSection(ProjectDependencies) = postProject
	EndProjectSection
EndProject
Project("{8BC9CEB8-8B4A-11D0-8D11-00A0C91BC942}") = "gl", "wx_gl.vcproj", "{7E35DA7F-374B-4FE5-9A93-679986A7FFD9}"
	ProjectSection(ProjectDependencies) = postProject
	EndProjectSection
EndProject
Global
	GlobalSection(SolutionConfiguration) = preSolution
		Debug = Debug
		DLL Debug = DLL Debug
		DLL Release = DLL Release
		DLL Unicode Debug = DLL Unicode Debug
		DLL Unicode Release = DLL Unicode Release
		DLL Universal Debug = DLL Universal Debug
		DLL Universal Release = DLL Universal Release
		DLL Universal Unicode Debug = DLL Universal Unicode Debug
		DLL Universal Unicode Release = DLL Universal Unicode Release
		Release = Release
		Unicode Debug = Unicode Debug
		Unicode Release = Unicode Release
		Universal Debug = Universal Debug
		Universal Release = Universal Release
		Universal Unicode Debug = Universal Unicode Debug
		Universal Unicode Release = Universal Unicode Release
	EndGlobalSection
	GlobalSection(ProjectConfiguration) = postSolution
		{2F08BD61-4120-45CD-9926-62681AADA781}.Debug.ActiveCfg = Debug|Win32
		{2F08BD61-4120-45CD-9926-62681AADA781}.Debug.Build.0 = Debug|Win32
		{2F08BD61-4120-45CD-9926-62681AADA781}.DLL Debug.ActiveCfg = DLL Debug|Win32
		{2F08BD61-4120-45CD-9926-62681AADA781}.DLL Debug.Build.0 = DLL Debug|Win32
		{2F08BD61-4120-45CD-9926-62681AADA781}.DLL Release.ActiveCfg = DLL Release|Win32
		{2F08BD61-4120-45CD-9926-62681AADA781}.DLL Release.Build.0 = DLL Release|Win32
		{2F08BD61-4120-45CD-9926-62681AADA781}.DLL Unicode Debug.ActiveCfg = DLL Unicode Debug|Win32
		{2F08BD61-4120-45CD-9926-62681AADA781}.DLL Unicode Debug.Build.0 = DLL Unicode Debug|Win32
		{2F08BD61-4120-45CD-9926-62681AADA781}.DLL Unicode Release.ActiveCfg = DLL Unicode Release|Win32
		{2F08BD61-4120-45CD-9926-62681AADA781}.DLL Unicode Release.Build.0 = DLL Unicode Release|Win32
		{2F08BD61-4120-45CD-9926-62681AADA781}.DLL Universal Debug.ActiveCfg = DLL Universal Debug|Win32
		{2F08BD61-4120-45CD-9926-62681AADA781}.DLL Universal Debug.Build.0 = DLL Universal Debug|Win32
		{2F08BD61-4120-45CD-9926-62681AADA781}.DLL Universal Release.ActiveCfg = DLL Universal Release|Win32
		{2F08BD61-4120-45CD-9926-62681AADA781}.DLL Universal Release.Build.0 = DLL Universal Release|Win32
		{2F08BD61-4120-45CD-9926-62681AADA781}.DLL Universal Unicode Debug.ActiveCfg = DLL Universal Unicode Debug|Win32
		{2F08BD61-4120-45CD-9926-62681AADA781}.DLL Universal Unicode Debug.Build.0 = DLL Universal Unicode Debug|Win32
		{2F08BD61-4120-45CD-9926-62681AADA781}.DLL Universal Unicode Release.ActiveCfg = DLL Universal Unicode Release|Win32
		{2F08BD61-4120-45CD-9926-62681AADA781}.DLL Universal Unicode Release.Build.0 = DLL Universal Unicode Release|Win32
		{2F08BD61-4120-45CD-9926-62681AADA781}.Release.ActiveCfg = Release|Win32
		{2F08BD61-4120-45CD-9926-62681AADA781}.Release.Build.0 = Release|Win32
		{2F08BD61-4120-45CD-9926-62681AADA781}.Unicode Debug.ActiveCfg = Unicode Debug|Win32
		{2F08BD61-4120-45CD-9926-62681AADA781}.Unicode Debug.Build.0 = Unicode Debug|Win32
		{2F08BD61-4120-45CD-9926-62681AADA781}.Unicode Release.ActiveCfg = Unicode Release|Win32
		{2F08BD61-4120-45CD-9926-62681AADA781}.Unicode Release.Build.0 = Unicode Release|Win32
		{2F08BD61-4120-45CD-9926-62681AADA781}.Universal Debug.ActiveCfg = Universal Debug|Win32
		{2F08BD61-4120-45CD-9926-62681AADA781}.Universal Debug.Build.0 = Universal Debug|Win32
		{2F08BD61-4120-45CD-9926-62681AADA781}.Universal Release.ActiveCfg = Universal Release|Win32
		{2F08BD61-4120-45CD-9926-62681AADA781}.Universal Release.Build.0 = Universal Release|Win32
		{2F08BD61-4120-45CD-9926-62681AADA781}.Universal Unicode Debug.ActiveCfg = Universal Unicode Debug|Win32
		{2F08BD61-4120-45CD-9926-62681AADA781}.Universal Unicode Debug.Build.0 = Universal Unicode Debug|Win32
		{2F08BD61-4120-45CD-9926-62681AADA781}.Universal Unicode Release.ActiveCfg = Universal Unicode Release|Win32
		{2F08BD61-4120-45CD-9926-62681AADA781}.Universal Unicode Release.Build.0 = Universal Unicode Release|Win32
		{40CF5E56-A0E3-4554-AD0E-2887DCAB07B5}.Debug.ActiveCfg = Debug|Win32
		{40CF5E56-A0E3-4554-AD0E-2887DCAB07B5}.Debug.Build.0 = Debug|Win32
		{40CF5E56-A0E3-4554-AD0E-2887DCAB07B5}.DLL Debug.ActiveCfg = DLL Debug|Win32
		{40CF5E56-A0E3-4554-AD0E-2887DCAB07B5}.DLL Debug.Build.0 = DLL Debug|Win32
		{40CF5E56-A0E3-4554-AD0E-2887DCAB07B5}.DLL Release.ActiveCfg = DLL Release|Win32
		{40CF5E56-A0E3-4554-AD0E-2887DCAB07B5}.DLL Release.Build.0 = DLL Release|Win32
		{40CF5E56-A0E3-4554-AD0E-2887DCAB07B5}.DLL Unicode Debug.ActiveCfg = DLL Unicode Debug|Win32
		{40CF5E56-A0E3-4554-AD0E-2887DCAB07B5}.DLL Unicode Debug.Build.0 = DLL Unicode Debug|Win32
		{40CF5E56-A0E3-4554-AD0E-2887DCAB07B5}.DLL Unicode Release.ActiveCfg = DLL Unicode Release|Win32
		{40CF5E56-A0E3-4554-AD0E-2887DCAB07B5}.DLL Unicode Release.Build.0 = DLL Unicode Release|Win32
		{40CF5E56-A0E3-4554-AD0E-2887DCAB07B5}.DLL Universal Debug.ActiveCfg = DLL Universal Debug|Win32
		{40CF5E56-A0E3-4554-AD0E-2887DCAB07B5}.DLL Universal Debug.Build.0 = DLL Universal Debug|Win32
		{40CF5E56-A0E3-4554-AD0E-2887DCAB07B5}.DLL Universal Release.ActiveCfg = DLL Universal Release|Win32
		{40CF5E56-A0E3-4554-AD0E-2887DCAB07B5}.DLL Universal Release.Build.0 = DLL Universal Release|Win32
		{40CF5E56-A0E3-4554-AD0E-2887DCAB07B5}.DLL Universal Unicode Debug.ActiveCfg = DLL Universal Unicode Debug|Win32
		{40CF5E56-A0E3-4554-AD0E-2887DCAB07B5}.DLL Universal Unicode Debug.Build.0 = DLL Universal Unicode Debug|Win32
		{40CF5E56-A0E3-4554-AD0E-2887DCAB07B5}.DLL Universal Unicode Release.ActiveCfg = DLL Universal Unicode Release|Win32
		{40CF5E56-A0E3-4554-AD0E-2887DCAB07B5}.DLL Universal Unicode Release.Build.0 = DLL Universal Unicode Release|Win32
		{40CF5E56-A0E3-4554-AD0E-2887DCAB07B5}.Release.ActiveCfg = Release|Win32
		{40CF5E56-A0E3-4554-AD0E-2887DCAB07B5}.Release.Build.0 = Release|Win32
		{40CF5E56-A0E3-4554-AD0E-2887DCAB07B5}.Unicode Debug.ActiveCfg = Unicode Debug|Win32
		{40CF5E56-A0E3-4554-AD0E-2887DCAB07B5}.Unicode Debug.Build.0 = Unicode Debug|Win32
		{40CF5E56-A0E3-4554-AD0E-2887DCAB07B5}.Unicode Release.ActiveCfg = Unicode Release|Win32
		{40CF5E56-A0E3-4554-AD0E-2887DCAB07B5}.Unicode Release.Build.0 = Unicode Release|Win32
		{40CF5E56-A0E3-4554-AD0E-2887DCAB07B5}.Universal Debug.ActiveCfg = Universal Debug|Win32
		{40CF5E56-A0E3-4554-AD0E-2887DCAB07B5}.Universal Debug.Build.0 = Universal Debug|Win32
		{40CF5E56-A0E3-4554-AD0E-2887DCAB07B5}.Universal Release.ActiveCfg = Universal Release|Win32
		{40CF5E56-A0E3-4554-AD0E-2887DCAB07B5}.Universal Release.Build.0 = Universal Release|Win32
		{40CF5E56-A0E3-4554-AD0E-2887DCAB07B5}.Universal Unicode Debug.ActiveCfg = Universal Unicode Debug|Win32
		{40CF5E56-A0E3-4554-AD0E-2887DCAB07B5}.Universal Unicode Debug.Build.0 = Universal Unicode Debug|Win32
		{40CF5E56-A0E3-4554-AD0E-2887DCAB07B5}.Universal Unicode Release.ActiveCfg = Universal Unicode Release|Win32
		{40CF5E56-A0E3-4554-AD0E-2887DCAB07B5}.Universal Unicode Release.Build.0 = Universal Unicode Release|Win32
		{2AA0F940-D84F-42E0-A5EF-29B203A57296}.Debug.ActiveCfg = Debug|Win32
		{2AA0F940-D84F-42E0-A5EF-29B203A57296}.Debug.Build.0 = Debug|Win32
		{2AA0F940-D84F-42E0-A5EF-29B203A57296}.DLL Debug.ActiveCfg = DLL Debug|Win32
		{2AA0F940-D84F-42E0-A5EF-29B203A57296}.DLL Debug.Build.0 = DLL Debug|Win32
		{2AA0F940-D84F-42E0-A5EF-29B203A57296}.DLL Release.ActiveCfg = DLL Release|Win32
		{2AA0F940-D84F-42E0-A5EF-29B203A57296}.DLL Release.Build.0 = DLL Release|Win32
		{2AA0F940-D84F-42E0-A5EF-29B203A57296}.DLL Unicode Debug.ActiveCfg = DLL Unicode Debug|Win32
		{2AA0F940-D84F-42E0-A5EF-29B203A57296}.DLL Unicode Debug.Build.0 = DLL Unicode Debug|Win32
		{2AA0F940-D84F-42E0-A5EF-29B203A57296}.DLL Unicode Release.ActiveCfg = DLL Unicode Release|Win32
		{2AA0F940-D84F-42E0-A5EF-29B203A57296}.DLL Unicode Release.Build.0 = DLL Unicode Release|Win32
		{2AA0F940-D84F-42E0-A5EF-29B203A57296}.DLL Universal Debug.ActiveCfg = DLL Universal Debug|Win32
		{2AA0F940-D84F-42E0-A5EF-29B203A57296}.DLL Universal Debug.Build.0 = DLL Universal Debug|Win32
		{2AA0F940-D84F-42E0-A5EF-29B203A57296}.DLL Universal Release.ActiveCfg = DLL Universal Release|Win32
		{2AA0F940-D84F-42E0-A5EF-29B203A57296}.DLL Universal Release.Build.0 = DLL Universal Release|Win32
		{2AA0F940-D84F-42E0-A5EF-29B203A57296}.DLL Universal Unicode Debug.ActiveCfg = DLL Universal Unicode Debug|Win32
		{2AA0F940-D84F-42E0-A5EF-29B203A57296}.DLL Universal Unicode Debug.Build.0 = DLL Universal Unicode Debug|Win32
		{2AA0F940-D84F-42E0-A5EF-29B203A57296}.DLL Universal Unicode Release.ActiveCfg = DLL Universal Unicode Release|Win32
		{2AA0F940-D84F-42E0-A5EF-29B203A57296}.DLL Universal Unicode Release.Build.0 = DLL Universal Unicode Release|Win32
		{2AA0F940-D84F-42E0-A5EF-29B203A57296}.Release.ActiveCfg = Release|Win32
		{2AA0F940-D84F-42E0-A5EF-29B203A57296}.Release.Build.0 = Release|Win32
		{2AA0F940-D84F-42E0-A5EF-29B203A57296}.Unicode Debug.ActiveCfg = Unicode Debug|Win32
		{2AA0F940-D84F-42E0-A5EF-29B203A57296}.Unicode Debug.Build.0 = Unicode Debug|Win32
		{2AA0F940-D84F-42E0-A5EF-29B203A57296}.Unicode Release.ActiveCfg = Unicode Release|Win32
		{2AA0F940-D84F-42E0-A5EF-29B203A57296}.Unicode Release.Build.0 = Unicode Release|Win32
		{2AA0F940-D84F-42E0-A5EF-29B203A57296}.Universal Debug.ActiveCfg = Universal Debug|Win32
		{2AA0F940-D84F-42E0-A5EF-29B203A57296}.Universal Debug.Build.0 = Universal Debug|Win32
		{2AA0F940-D84F-42E0-A5EF-29B203A57296}.Universal Release.ActiveCfg = Universal Release|Win32
		{2AA0F940-D84F-42E0-A5EF-29B203A57296}.Universal Release.Build.0 = Universal Release|Win32
		{2AA0F940-D84F-42E0-A5EF-29B203A57296}.Universal Unicode Debug.ActiveCfg = Universal Unicode Debug|Win32
		{2AA0F940-D84F-42E0-A5EF-29B203A57296}.Universal Unicode Debug.Build.0 = Universal Unicode Debug|Win32
		{2AA0F940-D84F-42E0-A5EF-29B203A57296}.Universal Unicode Release.ActiveCfg = Universal Unicode Release|Win32
		{2AA0F940-D84F-42E0-A5EF-29B203A57296}.Universal Unicode Release.Build.0 = Universal Unicode Release|Win32
		{96963562-4097-4399-AAD8-B9F3D0A9E9AA}.Debug.ActiveCfg = Debug|Win32
		{96963562-4097-4399-AAD8-B9F3D0A9E9AA}.Debug.Build.0 = Debug|Win32
		{96963562-4097-4399-AAD8-B9F3D0A9E9AA}.DLL Debug.ActiveCfg = DLL Debug|Win32
		{96963562-4097-4399-AAD8-B9F3D0A9E9AA}.DLL Debug.Build.0 = DLL Debug|Win32
		{96963562-4097-4399-AAD8-B9F3D0A9E9AA}.DLL Release.ActiveCfg = DLL Release|Win32
		{96963562-4097-4399-AAD8-B9F3D0A9E9AA}.DLL Release.Build.0 = DLL Release|Win32
		{96963562-4097-4399-AAD8-B9F3D0A9E9AA}.DLL Unicode Debug.ActiveCfg = DLL Unicode Debug|Win32
		{96963562-4097-4399-AAD8-B9F3D0A9E9AA}.DLL Unicode Debug.Build.0 = DLL Unicode Debug|Win32
		{96963562-4097-4399-AAD8-B9F3D0A9E9AA}.DLL Unicode Release.ActiveCfg = DLL Unicode Release|Win32
		{96963562-4097-4399-AAD8-B9F3D0A9E9AA}.DLL Unicode Release.Build.0 = DLL Unicode Release|Win32
		{96963562-4097-4399-AAD8-B9F3D0A9E9AA}.DLL Universal Debug.ActiveCfg = DLL Universal Debug|Win32
		{96963562-4097-4399-AAD8-B9F3D0A9E9AA}.DLL Universal Debug.Build.0 = DLL Universal Debug|Win32
		{96963562-4097-4399-AAD8-B9F3D0A9E9AA}.DLL Universal Release.ActiveCfg = DLL Universal Release|Win32
		{96963562-4097-4399-AAD8-B9F3D0A9E9AA}.DLL Universal Release.Build.0 = DLL Universal Release|Win32
		{96963562-4097-4399-AAD8-B9F3D0A9E9AA}.DLL Universal Unicode Debug.ActiveCfg = DLL Universal Unicode Debug|Win32
		{96963562-4097-4399-AAD8-B9F3D0A9E9AA}.DLL Universal Unicode Debug.Build.0 = DLL Universal Unicode Debug|Win32
		{96963562-4097-4399-AAD8-B9F3D0A9E9AA}.DLL Universal Unicode Release.ActiveCfg = DLL Universal Unicode Release|Win32
		{96963562-4097-4399-AAD8-B9F3D0A9E9AA}.DLL Universal Unicode Release.Build.0 = DLL Universal Unicode Release|Win32
		{96963562-4097-4399-AAD8-B9F3D0A9E9AA}.Release.ActiveCfg = Release|Win32
		{96963562-4097-4399-AAD8-B9F3D0A9E9AA}.Release.Build.0 = Release|Win32
		{96963562-4097-4399-AAD8-B9F3D0A9E9AA}.Unicode Debug.ActiveCfg = Unicode Debug|Win32
		{96963562-4097-4399-AAD8-B9F3D0A9E9AA}.Unicode Debug.Build.0 = Unicode Debug|Win32
		{96963562-4097-4399-AAD8-B9F3D0A9E9AA}.Unicode Release.ActiveCfg = Unicode Release|Win32
		{96963562-4097-4399-AAD8-B9F3D0A9E9AA}.Unicode Release.Build.0 = Unicode Release|Win32
		{96963562-4097-4399-AAD8-B9F3D0A9E9AA}.Universal Debug.ActiveCfg = Universal Debug|Win32
		{96963562-4097-4399-AAD8-B9F3D0A9E9AA}.Universal Debug.Build.0 = Universal Debug|Win32
		{96963562-4097-4399-AAD8-B9F3D0A9E9AA}.Universal Release.ActiveCfg = Universal Release|Win32
		{96963562-4097-4399-AAD8-B9F3D0A9E9AA}.Universal Release.Build.0 = Universal Release|Win32
		{96963562-4097-4399-AAD8-B9F3D0A9E9AA}.Universal Unicode Debug.ActiveCfg = Universal Unicode Debug|Win32
		{96963562-4097-4399-AAD8-B9F3D0A9E9AA}.Universal Unicode Debug.Build.0 = Universal Unicode Debug|Win32
		{96963562-4097-4399-AAD8-B9F3D0A9E9AA}.Universal Unicode Release.ActiveCfg = Universal Unicode Release|Win32
		{96963562-4097-4399-AAD8-B9F3D0A9E9AA}.Universal Unicode Release.Build.0 = Universal Unicode Release|Win32
		{3660AD07-4440-4CB9-978C-9861596AD3DD}.Debug.ActiveCfg = Debug|Win32
		{3660AD07-4440-4CB9-978C-9861596AD3DD}.Debug.Build.0 = Debug|Win32
		{3660AD07-4440-4CB9-978C-9861596AD3DD}.DLL Debug.ActiveCfg = DLL Debug|Win32
		{3660AD07-4440-4CB9-978C-9861596AD3DD}.DLL Debug.Build.0 = DLL Debug|Win32
		{3660AD07-4440-4CB9-978C-9861596AD3DD}.DLL Release.ActiveCfg = DLL Release|Win32
		{3660AD07-4440-4CB9-978C-9861596AD3DD}.DLL Release.Build.0 = DLL Release|Win32
		{3660AD07-4440-4CB9-978C-9861596AD3DD}.DLL Unicode Debug.ActiveCfg = DLL Unicode Debug|Win32
		{3660AD07-4440-4CB9-978C-9861596AD3DD}.DLL Unicode Debug.Build.0 = DLL Unicode Debug|Win32
		{3660AD07-4440-4CB9-978C-9861596AD3DD}.DLL Unicode Release.ActiveCfg = DLL Unicode Release|Win32
		{3660AD07-4440-4CB9-978C-9861596AD3DD}.DLL Unicode Release.Build.0 = DLL Unicode Release|Win32
		{3660AD07-4440-4CB9-978C-9861596AD3DD}.DLL Universal Debug.ActiveCfg = DLL Universal Debug|Win32
		{3660AD07-4440-4CB9-978C-9861596AD3DD}.DLL Universal Debug.Build.0 = DLL Universal Debug|Win32
		{3660AD07-4440-4CB9-978C-9861596AD3DD}.DLL Universal Release.ActiveCfg = DLL Universal Release|Win32
		{3660AD07-4440-4CB9-978C-9861596AD3DD}.DLL Universal Release.Build.0 = DLL Universal Release|Win32
		{3660AD07-4440-4CB9-978C-9861596AD3DD}.DLL Universal Unicode Debug.ActiveCfg = DLL Universal Unicode Debug|Win32
		{3660AD07-4440-4CB9-978C-9861596AD3DD}.DLL Universal Unicode Debug.Build.0 = DLL Universal Unicode Debug|Win32
		{3660AD07-4440-4CB9-978C-9861596AD3DD}.DLL Universal Unicode Release.ActiveCfg = DLL Universal Unicode Release|Win32
		{3660AD07-4440-4CB9-978C-9861596AD3DD}.DLL Universal Unicode Release.Build.0 = DLL Universal Unicode Release|Win32
		{3660AD07-4440-4CB9-978C-9861596AD3DD}.Release.ActiveCfg = Release|Win32
		{3660AD07-4440-4CB9-978C-9861596AD3DD}.Release.Build.0 = Release|Win32
		{3660AD07-4440-4CB9-978C-9861596AD3DD}.Unicode Debug.ActiveCfg = Unicode Debug|Win32
		{3660AD07-4440-4CB9-978C-9861596AD3DD}.Unicode Debug.Build.0 = Unicode Debug|Win32
		{3660AD07-4440-4CB9-978C-9861596AD3DD}.Unicode Release.ActiveCfg = Unicode Release|Win32
		{3660AD07-4440-4CB9-978C-9861596AD3DD}.Unicode Release.Build.0 = Unicode Release|Win32
		{3660AD07-4440-4CB9-978C-9861596AD3DD}.Universal Debug.ActiveCfg = Universal Debug|Win32
		{3660AD07-4440-4CB9-978C-9861596AD3DD}.Universal Debug.Build.0 = Universal Debug|Win32
		{3660AD07-4440-4CB9-978C-9861596AD3DD}.Universal Release.ActiveCfg = Universal Release|Win32
		{3660AD07-4440-4CB9-978C-9861596AD3DD}.Universal Release.Build.0 = Universal Release|Win32
		{3660AD07-4440-4CB9-978C-9861596AD3DD}.Universal Unicode Debug.ActiveCfg = Universal Unicode Debug|Win32
		{3660AD07-4440-4CB9-978C-9861596AD3DD}.Universal Unicode Debug.Build.0 = Universal Unicode Debug|Win32
		{3660AD07-4440-4CB9-978C-9861596AD3DD}.Universal Unicode Release.ActiveCfg = Universal Unicode Release|Win32
		{3660AD07-4440-4CB9-978C-9861596AD3DD}.Universal Unicode Release.Build.0 = Universal Unicode Release|Win32
		{947C8F07-0117-4EE0-AD58-CE66BF4285D4}.Debug.ActiveCfg = Debug|Win32
		{947C8F07-0117-4EE0-AD58-CE66BF4285D4}.Debug.Build.0 = Debug|Win32
		{947C8F07-0117-4EE0-AD58-CE66BF4285D4}.DLL Debug.ActiveCfg = DLL Debug|Win32
		{947C8F07-0117-4EE0-AD58-CE66BF4285D4}.DLL Debug.Build.0 = DLL Debug|Win32
		{947C8F07-0117-4EE0-AD58-CE66BF4285D4}.DLL Release.ActiveCfg = DLL Release|Win32
		{947C8F07-0117-4EE0-AD58-CE66BF4285D4}.DLL Release.Build.0 = DLL Release|Win32
		{947C8F07-0117-4EE0-AD58-CE66BF4285D4}.DLL Unicode Debug.ActiveCfg = DLL Unicode Debug|Win32
		{947C8F07-0117-4EE0-AD58-CE66BF4285D4}.DLL Unicode Debug.Build.0 = DLL Unicode Debug|Win32
		{947C8F07-0117-4EE0-AD58-CE66BF4285D4}.DLL Unicode Release.ActiveCfg = DLL Unicode Release|Win32
		{947C8F07-0117-4EE0-AD58-CE66BF4285D4}.DLL Unicode Release.Build.0 = DLL Unicode Release|Win32
		{947C8F07-0117-4EE0-AD58-CE66BF4285D4}.DLL Universal Debug.ActiveCfg = DLL Universal Debug|Win32
		{947C8F07-0117-4EE0-AD58-CE66BF4285D4}.DLL Universal Debug.Build.0 = DLL Universal Debug|Win32
		{947C8F07-0117-4EE0-AD58-CE66BF4285D4}.DLL Universal Release.ActiveCfg = DLL Universal Release|Win32
		{947C8F07-0117-4EE0-AD58-CE66BF4285D4}.DLL Universal Release.Build.0 = DLL Universal Release|Win32
		{947C8F07-0117-4EE0-AD58-CE66BF4285D4}.DLL Universal Unicode Debug.ActiveCfg = DLL Universal Unicode Debug|Win32
		{947C8F07-0117-4EE0-AD58-CE66BF4285D4}.DLL Universal Unicode Debug.Build.0 = DLL Universal Unicode Debug|Win32
		{947C8F07-0117-4EE0-AD58-CE66BF4285D4}.DLL Universal Unicode Release.ActiveCfg = DLL Universal Unicode Release|Win32
		{947C8F07-0117-4EE0-AD58-CE66BF4285D4}.DLL Universal Unicode Release.Build.0 = DLL Universal Unicode Release|Win32
		{947C8F07-0117-4EE0-AD58-CE66BF4285D4}.Release.ActiveCfg = Release|Win32
		{947C8F07-0117-4EE0-AD58-CE66BF4285D4}.Release.Build.0 = Release|Win32
		{947C8F07-0117-4EE0-AD58-CE66BF4285D4}.Unicode Debug.ActiveCfg = Unicode Debug|Win32
		{947C8F07-0117-4EE0-AD58-CE66BF4285D4}.Unicode Debug.Build.0 = Unicode Debug|Win32
		{947C8F07-0117-4EE0-AD58-CE66BF4285D4}.Unicode Release.ActiveCfg = Unicode Release|Win32
		{947C8F07-0117-4EE0-AD58-CE66BF4285D4}.Unicode Release.Build.0 = Unicode Release|Win32
		{947C8F07-0117-4EE0-AD58-CE66BF4285D4}.Universal Debug.ActiveCfg = Universal Debug|Win32
		{947C8F07-0117-4EE0-AD58-CE66BF4285D4}.Universal Debug.Build.0 = Universal Debug|Win32
		{947C8F07-0117-4EE0-AD58-CE66BF4285D4}.Universal Release.ActiveCfg = Universal Release|Win32
		{947C8F07-0117-4EE0-AD58-CE66BF4285D4}.Universal Release.Build.0 = Universal Release|Win32
		{947C8F07-0117-4EE0-AD58-CE66BF4285D4}.Universal Unicode Debug.ActiveCfg = Universal Unicode Debug|Win32
		{947C8F07-0117-4EE0-AD58-CE66BF4285D4}.Universal Unicode Debug.Build.0 = Universal Unicode Debug|Win32
		{947C8F07-0117-4EE0-AD58-CE66BF4285D4}.Universal Unicode Release.ActiveCfg = Universal Unicode Release|Win32
		{947C8F07-0117-4EE0-AD58-CE66BF4285D4}.Universal Unicode Release.Build.0 = Universal Unicode Release|Win32
		{529D2889-C65D-4756-B442-69E4DEE5BB22}.Debug.ActiveCfg = Debug|Win32
		{529D2889-C65D-4756-B442-69E4DEE5BB22}.Debug.Build.0 = Debug|Win32
		{529D2889-C65D-4756-B442-69E4DEE5BB22}.DLL Debug.ActiveCfg = DLL Debug|Win32
		{529D2889-C65D-4756-B442-69E4DEE5BB22}.DLL Debug.Build.0 = DLL Debug|Win32
		{529D2889-C65D-4756-B442-69E4DEE5BB22}.DLL Release.ActiveCfg = DLL Release|Win32
		{529D2889-C65D-4756-B442-69E4DEE5BB22}.DLL Release.Build.0 = DLL Release|Win32
		{529D2889-C65D-4756-B442-69E4DEE5BB22}.DLL Unicode Debug.ActiveCfg = DLL Unicode Debug|Win32
		{529D2889-C65D-4756-B442-69E4DEE5BB22}.DLL Unicode Debug.Build.0 = DLL Unicode Debug|Win32
		{529D2889-C65D-4756-B442-69E4DEE5BB22}.DLL Unicode Release.ActiveCfg = DLL Unicode Release|Win32
		{529D2889-C65D-4756-B442-69E4DEE5BB22}.DLL Unicode Release.Build.0 = DLL Unicode Release|Win32
		{529D2889-C65D-4756-B442-69E4DEE5BB22}.DLL Universal Debug.ActiveCfg = DLL Universal Debug|Win32
		{529D2889-C65D-4756-B442-69E4DEE5BB22}.DLL Universal Debug.Build.0 = DLL Universal Debug|Win32
		{529D2889-C65D-4756-B442-69E4DEE5BB22}.DLL Universal Release.ActiveCfg = DLL Universal Release|Win32
		{529D2889-C65D-4756-B442-69E4DEE5BB22}.DLL Universal Release.Build.0 = DLL Universal Release|Win32
		{529D2889-C65D-4756-B442-69E4DEE5BB22}.DLL Universal Unicode Debug.ActiveCfg = DLL Universal Unicode Debug|Win32
		{529D2889-C65D-4756-B442-69E4DEE5BB22}.DLL Universal Unicode Debug.Build.0 = DLL Universal Unicode Debug|Win32
		{529D2889-C65D-4756-B442-69E4DEE5BB22}.DLL Universal Unicode Release.ActiveCfg = DLL Universal Unicode Release|Win32
		{529D2889-C65D-4756-B442-69E4DEE5BB22}.DLL Universal Unicode Release.Build.0 = DLL Universal Unicode Release|Win32
		{529D2889-C65D-4756-B442-69E4DEE5BB22}.Release.ActiveCfg = Release|Win32
		{529D2889-C65D-4756-B442-69E4DEE5BB22}.Release.Build.0 = Release|Win32
		{529D2889-C65D-4756-B442-69E4DEE5BB22}.Unicode Debug.ActiveCfg = Unicode Debug|Win32
		{529D2889-C65D-4756-B442-69E4DEE5BB22}.Unicode Debug.Build.0 = Unicode Debug|Win32
		{529D2889-C65D-4756-B442-69E4DEE5BB22}.Unicode Release.ActiveCfg = Unicode Release|Win32
		{529D2889-C65D-4756-B442-69E4DEE5BB22}.Unicode Release.Build.0 = Unicode Release|Win32
		{529D2889-C65D-4756-B442-69E4DEE5BB22}.Universal Debug.ActiveCfg = Universal Debug|Win32
		{529D2889-C65D-4756-B442-69E4DEE5BB22}.Universal Debug.Build.0 = Universal Debug|Win32
		{529D2889-C65D-4756-B442-69E4DEE5BB22}.Universal Release.ActiveCfg = Universal Release|Win32
		{529D2889-C65D-4756-B442-69E4DEE5BB22}.Universal Release.Build.0 = Universal Release|Win32
		{529D2889-C65D-4756-B442-69E4DEE5BB22}.Universal Unicode Debug.ActiveCfg = Universal Unicode Debug|Win32
		{529D2889-C65D-4756-B442-69E4DEE5BB22}.Universal Unicode Debug.Build.0 = Universal Unicode Debug|Win32
		{529D2889-C65D-4756-B442-69E4DEE5BB22}.Universal Unicode Release.ActiveCfg = Universal Unicode Release|Win32
		{529D2889-C65D-4756-B442-69E4DEE5BB22}.Universal Unicode Release.Build.0 = Universal Unicode Release|Win32
		{3E5272D0-A4AE-4235-8B83-3FE84CCF9177}.Debug.ActiveCfg = Debug|Win32
		{3E5272D0-A4AE-4235-8B83-3FE84CCF9177}.Debug.Build.0 = Debug|Win32
		{3E5272D0-A4AE-4235-8B83-3FE84CCF9177}.DLL Debug.ActiveCfg = DLL Debug|Win32
		{3E5272D0-A4AE-4235-8B83-3FE84CCF9177}.DLL Debug.Build.0 = DLL Debug|Win32
		{3E5272D0-A4AE-4235-8B83-3FE84CCF9177}.DLL Release.ActiveCfg = DLL Release|Win32
		{3E5272D0-A4AE-4235-8B83-3FE84CCF9177}.DLL Release.Build.0 = DLL Release|Win32
		{3E5272D0-A4AE-4235-8B83-3FE84CCF9177}.DLL Unicode Debug.ActiveCfg = DLL Unicode Debug|Win32
		{3E5272D0-A4AE-4235-8B83-3FE84CCF9177}.DLL Unicode Debug.Build.0 = DLL Unicode Debug|Win32
		{3E5272D0-A4AE-4235-8B83-3FE84CCF9177}.DLL Unicode Release.ActiveCfg = DLL Unicode Release|Win32
		{3E5272D0-A4AE-4235-8B83-3FE84CCF9177}.DLL Unicode Release.Build.0 = DLL Unicode Release|Win32
		{3E5272D0-A4AE-4235-8B83-3FE84CCF9177}.DLL Universal Debug.ActiveCfg = DLL Universal Debug|Win32
		{3E5272D0-A4AE-4235-8B83-3FE84CCF9177}.DLL Universal Debug.Build.0 = DLL Universal Debug|Win32
		{3E5272D0-A4AE-4235-8B83-3FE84CCF9177}.DLL Universal Release.ActiveCfg = DLL Universal Release|Win32
		{3E5272D0-A4AE-4235-8B83-3FE84CCF9177}.DLL Universal Release.Build.0 = DLL Universal Release|Win32
		{3E5272D0-A4AE-4235-8B83-3FE84CCF9177}.DLL Universal Unicode Debug.ActiveCfg = DLL Universal Unicode Debug|Win32
		{3E5272D0-A4AE-4235-8B83-3FE84CCF9177}.DLL Universal Unicode Debug.Build.0 = DLL Universal Unicode Debug|Win32
		{3E5272D0-A4AE-4235-8B83-3FE84CCF9177}.DLL Universal Unicode Release.ActiveCfg = DLL Universal Unicode Release|Win32
		{3E5272D0-A4AE-4235-8B83-3FE84CCF9177}.DLL Universal Unicode Release.Build.0 = DLL Universal Unicode Release|Win32
		{3E5272D0-A4AE-4235-8B83-3FE84CCF9177}.Release.ActiveCfg = Release|Win32
		{3E5272D0-A4AE-4235-8B83-3FE84CCF9177}.Release.Build.0 = Release|Win32
		{3E5272D0-A4AE-4235-8B83-3FE84CCF9177}.Unicode Debug.ActiveCfg = Unicode Debug|Win32
		{3E5272D0-A4AE-4235-8B83-3FE84CCF9177}.Unicode Debug.Build.0 = Unicode Debug|Win32
		{3E5272D0-A4AE-4235-8B83-3FE84CCF9177}.Unicode Release.ActiveCfg = Unicode Release|Win32
		{3E5272D0-A4AE-4235-8B83-3FE84CCF9177}.Unicode Release.Build.0 = Unicode Release|Win32
		{3E5272D0-A4AE-4235-8B83-3FE84CCF9177}.Universal Debug.ActiveCfg = Universal Debug|Win32
		{3E5272D0-A4AE-4235-8B83-3FE84CCF9177}.Universal Debug.Build.0 = Universal Debug|Win32
		{3E5272D0-A4AE-4235-8B83-3FE84CCF9177}.Universal Release.ActiveCfg = Universal Release|Win32
		{3E5272D0-A4AE-4235-8B83-3FE84CCF9177}.Universal Release.Build.0 = Universal Release|Win32
		{3E5272D0-A4AE-4235-8B83-3FE84CCF9177}.Universal Unicode Debug.ActiveCfg = Universal Unicode Debug|Win32
		{3E5272D0-A4AE-4235-8B83-3FE84CCF9177}.Universal Unicode Debug.Build.0 = Universal Unicode Debug|Win32
		{3E5272D0-A4AE-4235-8B83-3FE84CCF9177}.Universal Unicode Release.ActiveCfg = Universal Unicode Release|Win32
		{3E5272D0-A4AE-4235-8B83-3FE84CCF9177}.Universal Unicode Release.Build.0 = Universal Unicode Release|Win32
		{EAB8647C-B164-46A6-B136-FA89F4619F02}.Debug.ActiveCfg = Debug|Win32
		{EAB8647C-B164-46A6-B136-FA89F4619F02}.Debug.Build.0 = Debug|Win32
		{EAB8647C-B164-46A6-B136-FA89F4619F02}.DLL Debug.ActiveCfg = DLL Debug|Win32
		{EAB8647C-B164-46A6-B136-FA89F4619F02}.DLL Debug.Build.0 = DLL Debug|Win32
		{EAB8647C-B164-46A6-B136-FA89F4619F02}.DLL Release.ActiveCfg = DLL Release|Win32
		{EAB8647C-B164-46A6-B136-FA89F4619F02}.DLL Release.Build.0 = DLL Release|Win32
		{EAB8647C-B164-46A6-B136-FA89F4619F02}.DLL Unicode Debug.ActiveCfg = DLL Unicode Debug|Win32
		{EAB8647C-B164-46A6-B136-FA89F4619F02}.DLL Unicode Debug.Build.0 = DLL Unicode Debug|Win32
		{EAB8647C-B164-46A6-B136-FA89F4619F02}.DLL Unicode Release.ActiveCfg = DLL Unicode Release|Win32
		{EAB8647C-B164-46A6-B136-FA89F4619F02}.DLL Unicode Release.Build.0 = DLL Unicode Release|Win32
		{EAB8647C-B164-46A6-B136-FA89F4619F02}.DLL Universal Debug.ActiveCfg = DLL Universal Debug|Win32
		{EAB8647C-B164-46A6-B136-FA89F4619F02}.DLL Universal Debug.Build.0 = DLL Universal Debug|Win32
		{EAB8647C-B164-46A6-B136-FA89F4619F02}.DLL Universal Release.ActiveCfg = DLL Universal Release|Win32
		{EAB8647C-B164-46A6-B136-FA89F4619F02}.DLL Universal Release.Build.0 = DLL Universal Release|Win32
		{EAB8647C-B164-46A6-B136-FA89F4619F02}.DLL Universal Unicode Debug.ActiveCfg = DLL Universal Unicode Debug|Win32
		{EAB8647C-B164-46A6-B136-FA89F4619F02}.DLL Universal Unicode Debug.Build.0 = DLL Universal Unicode Debug|Win32
		{EAB8647C-B164-46A6-B136-FA89F4619F02}.DLL Universal Unicode Release.ActiveCfg = DLL Universal Unicode Release|Win32
		{EAB8647C-B164-46A6-B136-FA89F4619F02}.DLL Universal Unicode Release.Build.0 = DLL Universal Unicode Release|Win32
		{EAB8647C-B164-46A6-B136-FA89F4619F02}.Release.ActiveCfg = Release|Win32
		{EAB8647C-B164-46A6-B136-FA89F4619F02}.Release.Build.0 = Release|Win32
		{EAB8647C-B164-46A6-B136-FA89F4619F02}.Unicode Debug.ActiveCfg = Unicode Debug|Win32
		{EAB8647C-B164-46A6-B136-FA89F4619F02}.Unicode Debug.Build.0 = Unicode Debug|Win32
		{EAB8647C-B164-46A6-B136-FA89F4619F02}.Unicode Release.ActiveCfg = Unicode Release|Win32
		{EAB8647C-B164-46A6-B136-FA89F4619F02}.Unicode Release.Build.0 = Unicode Release|Win32
		{EAB8647C-B164-46A6-B136-FA89F4619F02}.Universal Debug.ActiveCfg = Universal Debug|Win32
		{EAB8647C-B164-46A6-B136-FA89F4619F02}.Universal Debug.Build.0 = Universal Debug|Win32
		{EAB8647C-B164-46A6-B136-FA89F4619F02}.Universal Release.ActiveCfg = Universal Release|Win32
		{EAB8647C-B164-46A6-B136-FA89F4619F02}.Universal Release.Build.0 = Universal Release|Win32
		{EAB8647C-B164-46A6-B136-FA89F4619F02}.Universal Unicode Debug.ActiveCfg = Universal Unicode Debug|Win32
		{EAB8647C-B164-46A6-B136-FA89F4619F02}.Universal Unicode Debug.Build.0 = Universal Unicode Debug|Win32
		{EAB8647C-B164-46A6-B136-FA89F4619F02}.Universal Unicode Release.ActiveCfg = Universal Unicode Release|Win32
		{EAB8647C-B164-46A6-B136-FA89F4619F02}.Universal Unicode Release.Build.0 = Universal Unicode Release|Win32
		{A92CC86B-7FB6-4943-A752-640194B55111}.Debug.ActiveCfg = Debug|Win32
		{A92CC86B-7FB6-4943-A752-640194B55111}.Debug.Build.0 = Debug|Win32
		{A92CC86B-7FB6-4943-A752-640194B55111}.DLL Debug.ActiveCfg = DLL Debug|Win32
		{A92CC86B-7FB6-4943-A752-640194B55111}.DLL Debug.Build.0 = DLL Debug|Win32
		{A92CC86B-7FB6-4943-A752-640194B55111}.DLL Release.ActiveCfg = DLL Release|Win32
		{A92CC86B-7FB6-4943-A752-640194B55111}.DLL Release.Build.0 = DLL Release|Win32
		{A92CC86B-7FB6-4943-A752-640194B55111}.DLL Unicode Debug.ActiveCfg = DLL Unicode Debug|Win32
		{A92CC86B-7FB6-4943-A752-640194B55111}.DLL Unicode Debug.Build.0 = DLL Unicode Debug|Win32
		{A92CC86B-7FB6-4943-A752-640194B55111}.DLL Unicode Release.ActiveCfg = DLL Unicode Release|Win32
		{A92CC86B-7FB6-4943-A752-640194B55111}.DLL Unicode Release.Build.0 = DLL Unicode Release|Win32
		{A92CC86B-7FB6-4943-A752-640194B55111}.DLL Universal Debug.ActiveCfg = DLL Universal Debug|Win32
		{A92CC86B-7FB6-4943-A752-640194B55111}.DLL Universal Debug.Build.0 = DLL Universal Debug|Win32
		{A92CC86B-7FB6-4943-A752-640194B55111}.DLL Universal Release.ActiveCfg = DLL Universal Release|Win32
		{A92CC86B-7FB6-4943-A752-640194B55111}.DLL Universal Release.Build.0 = DLL Universal Release|Win32
		{A92CC86B-7FB6-4943-A752-640194B55111}.DLL Universal Unicode Debug.ActiveCfg = DLL Universal Unicode Debug|Win32
		{A92CC86B-7FB6-4943-A752-640194B55111}.DLL Universal Unicode Debug.Build.0 = DLL Universal Unicode Debug|Win32
		{A92CC86B-7FB6-4943-A752-640194B55111}.DLL Universal Unicode Release.ActiveCfg = DLL Universal Unicode Release|Win32
		{A92CC86B-7FB6-4943-A752-640194B55111}.DLL Universal Unicode Release.Build.0 = DLL Universal Unicode Release|Win32
		{A92CC86B-7FB6-4943-A752-640194B55111}.Release.ActiveCfg = Release|Win32
		{A92CC86B-7FB6-4943-A752-640194B55111}.Release.Build.0 = Release|Win32
		{A92CC86B-7FB6-4943-A752-640194B55111}.Unicode Debug.ActiveCfg = Unicode Debug|Win32
		{A92CC86B-7FB6-4943-A752-640194B55111}.Unicode Debug.Build.0 = Unicode Debug|Win32
		{A92CC86B-7FB6-4943-A752-640194B55111}.Unicode Release.ActiveCfg = Unicode Release|Win32
		{A92CC86B-7FB6-4943-A752-640194B55111}.Unicode Release.Build.0 = Unicode Release|Win32
		{A92CC86B-7FB6-4943-A752-640194B55111}.Universal Debug.ActiveCfg = Universal Debug|Win32
		{A92CC86B-7FB6-4943-A752-640194B55111}.Universal Debug.Build.0 = Universal Debug|Win32
		{A92CC86B-7FB6-4943-A752-640194B55111}.Universal Release.ActiveCfg = Universal Release|Win32
		{A92CC86B-7FB6-4943-A752-640194B55111}.Universal Release.Build.0 = Universal Release|Win32
		{A92CC86B-7FB6-4943-A752-640194B55111}.Universal Unicode Debug.ActiveCfg = Universal Unicode Debug|Win32
		{A92CC86B-7FB6-4943-A752-640194B55111}.Universal Unicode Debug.Build.0 = Universal Unicode Debug|Win32
		{A92CC86B-7FB6-4943-A752-640194B55111}.Universal Unicode Release.ActiveCfg = Universal Unicode Release|Win32
		{A92CC86B-7FB6-4943-A752-640194B55111}.Universal Unicode Release.Build.0 = Universal Unicode Release|Win32
		{351E9E7A-D7F9-47EC-A897-AB7557C31AB3}.Debug.ActiveCfg = Debug|Win32
		{351E9E7A-D7F9-47EC-A897-AB7557C31AB3}.Debug.Build.0 = Debug|Win32
		{351E9E7A-D7F9-47EC-A897-AB7557C31AB3}.DLL Debug.ActiveCfg = DLL Debug|Win32
		{351E9E7A-D7F9-47EC-A897-AB7557C31AB3}.DLL Debug.Build.0 = DLL Debug|Win32
		{351E9E7A-D7F9-47EC-A897-AB7557C31AB3}.DLL Release.ActiveCfg = DLL Release|Win32
		{351E9E7A-D7F9-47EC-A897-AB7557C31AB3}.DLL Release.Build.0 = DLL Release|Win32
		{351E9E7A-D7F9-47EC-A897-AB7557C31AB3}.DLL Unicode Debug.ActiveCfg = DLL Unicode Debug|Win32
		{351E9E7A-D7F9-47EC-A897-AB7557C31AB3}.DLL Unicode Debug.Build.0 = DLL Unicode Debug|Win32
		{351E9E7A-D7F9-47EC-A897-AB7557C31AB3}.DLL Unicode Release.ActiveCfg = DLL Unicode Release|Win32
		{351E9E7A-D7F9-47EC-A897-AB7557C31AB3}.DLL Unicode Release.Build.0 = DLL Unicode Release|Win32
		{351E9E7A-D7F9-47EC-A897-AB7557C31AB3}.DLL Universal Debug.ActiveCfg = DLL Universal Debug|Win32
		{351E9E7A-D7F9-47EC-A897-AB7557C31AB3}.DLL Universal Debug.Build.0 = DLL Universal Debug|Win32
		{351E9E7A-D7F9-47EC-A897-AB7557C31AB3}.DLL Universal Release.ActiveCfg = DLL Universal Release|Win32
		{351E9E7A-D7F9-47EC-A897-AB7557C31AB3}.DLL Universal Release.Build.0 = DLL Universal Release|Win32
		{351E9E7A-D7F9-47EC-A897-AB7557C31AB3}.DLL Universal Unicode Debug.ActiveCfg = DLL Universal Unicode Debug|Win32
		{351E9E7A-D7F9-47EC-A897-AB7557C31AB3}.DLL Universal Unicode Debug.Build.0 = DLL Universal Unicode Debug|Win32
		{351E9E7A-D7F9-47EC-A897-AB7557C31AB3}.DLL Universal Unicode Release.ActiveCfg = DLL Universal Unicode Release|Win32
		{351E9E7A-D7F9-47EC-A897-AB7557C31AB3}.DLL Universal Unicode Release.Build.0 = DLL Universal Unicode Release|Win32
		{351E9E7A-D7F9-47EC-A897-AB7557C31AB3}.Release.ActiveCfg = Release|Win32
		{351E9E7A-D7F9-47EC-A897-AB7557C31AB3}.Release.Build.0 = Release|Win32
		{351E9E7A-D7F9-47EC-A897-AB7557C31AB3}.Unicode Debug.ActiveCfg = Unicode Debug|Win32
		{351E9E7A-D7F9-47EC-A897-AB7557C31AB3}.Unicode Debug.Build.0 = Unicode Debug|Win32
		{351E9E7A-D7F9-47EC-A897-AB7557C31AB3}.Unicode Release.ActiveCfg = Unicode Release|Win32
		{351E9E7A-D7F9-47EC-A897-AB7557C31AB3}.Unicode Release.Build.0 = Unicode Release|Win32
		{351E9E7A-D7F9-47EC-A897-AB7557C31AB3}.Universal Debug.ActiveCfg = Universal Debug|Win32
		{351E9E7A-D7F9-47EC-A897-AB7557C31AB3}.Universal Debug.Build.0 = Universal Debug|Win32
		{351E9E7A-D7F9-47EC-A897-AB7557C31AB3}.Universal Release.ActiveCfg = Universal Release|Win32
		{351E9E7A-D7F9-47EC-A897-AB7557C31AB3}.Universal Release.Build.0 = Universal Release|Win32
		{351E9E7A-D7F9-47EC-A897-AB7557C31AB3}.Universal Unicode Debug.ActiveCfg = Universal Unicode Debug|Win32
		{351E9E7A-D7F9-47EC-A897-AB7557C31AB3}.Universal Unicode Debug.Build.0 = Universal Unicode Debug|Win32
		{351E9E7A-D7F9-47EC-A897-AB7557C31AB3}.Universal Unicode Release.ActiveCfg = Universal Unicode Release|Win32
		{351E9E7A-D7F9-47EC-A897-AB7557C31AB3}.Universal Unicode Release.Build.0 = Universal Unicode Release|Win32
		{3AE9C584-F1DE-44D0-8085-85AC19D8D092}.Debug.ActiveCfg = Debug|Win32
		{3AE9C584-F1DE-44D0-8085-85AC19D8D092}.Debug.Build.0 = Debug|Win32
		{3AE9C584-F1DE-44D0-8085-85AC19D8D092}.DLL Debug.ActiveCfg = DLL Debug|Win32
		{3AE9C584-F1DE-44D0-8085-85AC19D8D092}.DLL Debug.Build.0 = DLL Debug|Win32
		{3AE9C584-F1DE-44D0-8085-85AC19D8D092}.DLL Release.ActiveCfg = DLL Release|Win32
		{3AE9C584-F1DE-44D0-8085-85AC19D8D092}.DLL Release.Build.0 = DLL Release|Win32
		{3AE9C584-F1DE-44D0-8085-85AC19D8D092}.DLL Unicode Debug.ActiveCfg = DLL Unicode Debug|Win32
		{3AE9C584-F1DE-44D0-8085-85AC19D8D092}.DLL Unicode Debug.Build.0 = DLL Unicode Debug|Win32
		{3AE9C584-F1DE-44D0-8085-85AC19D8D092}.DLL Unicode Release.ActiveCfg = DLL Unicode Release|Win32
		{3AE9C584-F1DE-44D0-8085-85AC19D8D092}.DLL Unicode Release.Build.0 = DLL Unicode Release|Win32
		{3AE9C584-F1DE-44D0-8085-85AC19D8D092}.DLL Universal Debug.ActiveCfg = DLL Universal Debug|Win32
		{3AE9C584-F1DE-44D0-8085-85AC19D8D092}.DLL Universal Debug.Build.0 = DLL Universal Debug|Win32
		{3AE9C584-F1DE-44D0-8085-85AC19D8D092}.DLL Universal Release.ActiveCfg = DLL Universal Release|Win32
		{3AE9C584-F1DE-44D0-8085-85AC19D8D092}.DLL Universal Release.Build.0 = DLL Universal Release|Win32
		{3AE9C584-F1DE-44D0-8085-85AC19D8D092}.DLL Universal Unicode Debug.ActiveCfg = DLL Universal Unicode Debug|Win32
		{3AE9C584-F1DE-44D0-8085-85AC19D8D092}.DLL Universal Unicode Debug.Build.0 = DLL Universal Unicode Debug|Win32
		{3AE9C584-F1DE-44D0-8085-85AC19D8D092}.DLL Universal Unicode Release.ActiveCfg = DLL Universal Unicode Release|Win32
		{3AE9C584-F1DE-44D0-8085-85AC19D8D092}.DLL Universal Unicode Release.Build.0 = DLL Universal Unicode Release|Win32
		{3AE9C584-F1DE-44D0-8085-85AC19D8D092}.Release.ActiveCfg = Release|Win32
		{3AE9C584-F1DE-44D0-8085-85AC19D8D092}.Release.Build.0 = Release|Win32
		{3AE9C584-F1DE-44D0-8085-85AC19D8D092}.Unicode Debug.ActiveCfg = Unicode Debug|Win32
		{3AE9C584-F1DE-44D0-8085-85AC19D8D092}.Unicode Debug.Build.0 = Unicode Debug|Win32
		{3AE9C584-F1DE-44D0-8085-85AC19D8D092}.Unicode Release.ActiveCfg = Unicode Release|Win32
		{3AE9C584-F1DE-44D0-8085-85AC19D8D092}.Unicode Release.Build.0 = Unicode Release|Win32
		{3AE9C584-F1DE-44D0-8085-85AC19D8D092}.Universal Debug.ActiveCfg = Universal Debug|Win32
		{3AE9C584-F1DE-44D0-8085-85AC19D8D092}.Universal Debug.Build.0 = Universal Debug|Win32
		{3AE9C584-F1DE-44D0-8085-85AC19D8D092}.Universal Release.ActiveCfg = Universal Release|Win32
		{3AE9C584-F1DE-44D0-8085-85AC19D8D092}.Universal Release.Build.0 = Universal Release|Win32
		{3AE9C584-F1DE-44D0-8085-85AC19D8D092}.Universal Unicode Debug.ActiveCfg = Universal Unicode Debug|Win32
		{3AE9C584-F1DE-44D0-8085-85AC19D8D092}.Universal Unicode Debug.Build.0 = Universal Unicode Debug|Win32
		{3AE9C584-F1DE-44D0-8085-85AC19D8D092}.Universal Unicode Release.ActiveCfg = Universal Unicode Release|Win32
		{3AE9C584-F1DE-44D0-8085-85AC19D8D092}.Universal Unicode Release.Build.0 = Universal Unicode Release|Win32
		{47CC0012-5E26-4B33-AB03-87E26472B6B5}.Debug.ActiveCfg = Debug|Win32
		{47CC0012-5E26-4B33-AB03-87E26472B6B5}.Debug.Build.0 = Debug|Win32
		{47CC0012-5E26-4B33-AB03-87E26472B6B5}.DLL Debug.ActiveCfg = DLL Debug|Win32
		{47CC0012-5E26-4B33-AB03-87E26472B6B5}.DLL Debug.Build.0 = DLL Debug|Win32
		{47CC0012-5E26-4B33-AB03-87E26472B6B5}.DLL Release.ActiveCfg = DLL Release|Win32
		{47CC0012-5E26-4B33-AB03-87E26472B6B5}.DLL Release.Build.0 = DLL Release|Win32
		{47CC0012-5E26-4B33-AB03-87E26472B6B5}.DLL Unicode Debug.ActiveCfg = DLL Unicode Debug|Win32
		{47CC0012-5E26-4B33-AB03-87E26472B6B5}.DLL Unicode Debug.Build.0 = DLL Unicode Debug|Win32
		{47CC0012-5E26-4B33-AB03-87E26472B6B5}.DLL Unicode Release.ActiveCfg = DLL Unicode Release|Win32
		{47CC0012-5E26-4B33-AB03-87E26472B6B5}.DLL Unicode Release.Build.0 = DLL Unicode Release|Win32
		{47CC0012-5E26-4B33-AB03-87E26472B6B5}.DLL Universal Debug.ActiveCfg = DLL Universal Debug|Win32
		{47CC0012-5E26-4B33-AB03-87E26472B6B5}.DLL Universal Debug.Build.0 = DLL Universal Debug|Win32
		{47CC0012-5E26-4B33-AB03-87E26472B6B5}.DLL Universal Release.ActiveCfg = DLL Universal Release|Win32
		{47CC0012-5E26-4B33-AB03-87E26472B6B5}.DLL Universal Release.Build.0 = DLL Universal Release|Win32
		{47CC0012-5E26-4B33-AB03-87E26472B6B5}.DLL Universal Unicode Debug.ActiveCfg = DLL Universal Unicode Debug|Win32
		{47CC0012-5E26-4B33-AB03-87E26472B6B5}.DLL Universal Unicode Debug.Build.0 = DLL Universal Unicode Debug|Win32
		{47CC0012-5E26-4B33-AB03-87E26472B6B5}.DLL Universal Unicode Release.ActiveCfg = DLL Universal Unicode Release|Win32
		{47CC0012-5E26-4B33-AB03-87E26472B6B5}.DLL Universal Unicode Release.Build.0 = DLL Universal Unicode Release|Win32
		{47CC0012-5E26-4B33-AB03-87E26472B6B5}.Release.ActiveCfg = Release|Win32
		{47CC0012-5E26-4B33-AB03-87E26472B6B5}.Release.Build.0 = Release|Win32
		{47CC0012-5E26-4B33-AB03-87E26472B6B5}.Unicode Debug.ActiveCfg = Unicode Debug|Win32
		{47CC0012-5E26-4B33-AB03-87E26472B6B5}.Unicode Debug.Build.0 = Unicode Debug|Win32
		{47CC0012-5E26-4B33-AB03-87E26472B6B5}.Unicode Release.ActiveCfg = Unicode Release|Win32
		{47CC0012-5E26-4B33-AB03-87E26472B6B5}.Unicode Release.Build.0 = Unicode Release|Win32
		{47CC0012-5E26-4B33-AB03-87E26472B6B5}.Universal Debug.ActiveCfg = Universal Debug|Win32
		{47CC0012-5E26-4B33-AB03-87E26472B6B5}.Universal Debug.Build.0 = Universal Debug|Win32
		{47CC0012-5E26-4B33-AB03-87E26472B6B5}.Universal Release.ActiveCfg = Universal Release|Win32
		{47CC0012-5E26-4B33-AB03-87E26472B6B5}.Universal Release.Build.0 = Universal Release|Win32
		{47CC0012-5E26-4B33-AB03-87E26472B6B5}.Universal Unicode Debug.ActiveCfg = Universal Unicode Debug|Win32
		{47CC0012-5E26-4B33-AB03-87E26472B6B5}.Universal Unicode Debug.Build.0 = Universal Unicode Debug|Win32
		{47CC0012-5E26-4B33-AB03-87E26472B6B5}.Universal Unicode Release.ActiveCfg = Universal Unicode Release|Win32
		{47CC0012-5E26-4B33-AB03-87E26472B6B5}.Universal Unicode Release.Build.0 = Universal Unicode Release|Win32
		{9803C1C7-5D2D-42A4-A1B4-116F108C0343}.Debug.ActiveCfg = Debug|Win32
		{9803C1C7-5D2D-42A4-A1B4-116F108C0343}.Debug.Build.0 = Debug|Win32
		{9803C1C7-5D2D-42A4-A1B4-116F108C0343}.DLL Debug.ActiveCfg = DLL Debug|Win32
		{9803C1C7-5D2D-42A4-A1B4-116F108C0343}.DLL Debug.Build.0 = DLL Debug|Win32
		{9803C1C7-5D2D-42A4-A1B4-116F108C0343}.DLL Release.ActiveCfg = DLL Release|Win32
		{9803C1C7-5D2D-42A4-A1B4-116F108C0343}.DLL Release.Build.0 = DLL Release|Win32
		{9803C1C7-5D2D-42A4-A1B4-116F108C0343}.DLL Unicode Debug.ActiveCfg = DLL Unicode Debug|Win32
		{9803C1C7-5D2D-42A4-A1B4-116F108C0343}.DLL Unicode Debug.Build.0 = DLL Unicode Debug|Win32
		{9803C1C7-5D2D-42A4-A1B4-116F108C0343}.DLL Unicode Release.ActiveCfg = DLL Unicode Release|Win32
		{9803C1C7-5D2D-42A4-A1B4-116F108C0343}.DLL Unicode Release.Build.0 = DLL Unicode Release|Win32
		{9803C1C7-5D2D-42A4-A1B4-116F108C0343}.DLL Universal Debug.ActiveCfg = DLL Universal Debug|Win32
		{9803C1C7-5D2D-42A4-A1B4-116F108C0343}.DLL Universal Debug.Build.0 = DLL Universal Debug|Win32
		{9803C1C7-5D2D-42A4-A1B4-116F108C0343}.DLL Universal Release.ActiveCfg = DLL Universal Release|Win32
		{9803C1C7-5D2D-42A4-A1B4-116F108C0343}.DLL Universal Release.Build.0 = DLL Universal Release|Win32
		{9803C1C7-5D2D-42A4-A1B4-116F108C0343}.DLL Universal Unicode Debug.ActiveCfg = DLL Universal Unicode Debug|Win32
		{9803C1C7-5D2D-42A4-A1B4-116F108C0343}.DLL Universal Unicode Debug.Build.0 = DLL Universal Unicode Debug|Win32
		{9803C1C7-5D2D-42A4-A1B4-116F108C0343}.DLL Universal Unicode Release.ActiveCfg = DLL Universal Unicode Release|Win32
		{9803C1C7-5D2D-42A4-A1B4-116F108C0343}.DLL Universal Unicode Release.Build.0 = DLL Universal Unicode Release|Win32
		{9803C1C7-5D2D-42A4-A1B4-116F108C0343}.Release.ActiveCfg = Release|Win32
		{9803C1C7-5D2D-42A4-A1B4-116F108C0343}.Release.Build.0 = Release|Win32
		{9803C1C7-5D2D-42A4-A1B4-116F108C0343}.Unicode Debug.ActiveCfg = Unicode Debug|Win32
		{9803C1C7-5D2D-42A4-A1B4-116F108C0343}.Unicode Debug.Build.0 = Unicode Debug|Win32
		{9803C1C7-5D2D-42A4-A1B4-116F108C0343}.Unicode Release.ActiveCfg = Unicode Release|Win32
		{9803C1C7-5D2D-42A4-A1B4-116F108C0343}.Unicode Release.Build.0 = Unicode Release|Win32
		{9803C1C7-5D2D-42A4-A1B4-116F108C0343}.Universal Debug.ActiveCfg = Universal Debug|Win32
		{9803C1C7-5D2D-42A4-A1B4-116F108C0343}.Universal Debug.Build.0 = Universal Debug|Win32
		{9803C1C7-5D2D-42A4-A1B4-116F108C0343}.Universal Release.ActiveCfg = Universal Release|Win32
		{9803C1C7-5D2D-42A4-A1B4-116F108C0343}.Universal Release.Build.0 = Universal Release|Win32
		{9803C1C7-5D2D-42A4-A1B4-116F108C0343}.Universal Unicode Debug.ActiveCfg = Universal Unicode Debug|Win32
		{9803C1C7-5D2D-42A4-A1B4-116F108C0343}.Universal Unicode Debug.Build.0 = Universal Unicode Debug|Win32
		{9803C1C7-5D2D-42A4-A1B4-116F108C0343}.Universal Unicode Release.ActiveCfg = Universal Unicode Release|Win32
		{9803C1C7-5D2D-42A4-A1B4-116F108C0343}.Universal Unicode Release.Build.0 = Universal Unicode Release|Win32
		{33A9401C-C75D-4CBE-AA22-AD1D5F561CD8}.Debug.ActiveCfg = Debug|Win32
		{33A9401C-C75D-4CBE-AA22-AD1D5F561CD8}.Debug.Build.0 = Debug|Win32
		{33A9401C-C75D-4CBE-AA22-AD1D5F561CD8}.DLL Debug.ActiveCfg = DLL Debug|Win32
		{33A9401C-C75D-4CBE-AA22-AD1D5F561CD8}.DLL Debug.Build.0 = DLL Debug|Win32
		{33A9401C-C75D-4CBE-AA22-AD1D5F561CD8}.DLL Release.ActiveCfg = DLL Release|Win32
		{33A9401C-C75D-4CBE-AA22-AD1D5F561CD8}.DLL Release.Build.0 = DLL Release|Win32
		{33A9401C-C75D-4CBE-AA22-AD1D5F561CD8}.DLL Unicode Debug.ActiveCfg = DLL Unicode Debug|Win32
		{33A9401C-C75D-4CBE-AA22-AD1D5F561CD8}.DLL Unicode Debug.Build.0 = DLL Unicode Debug|Win32
		{33A9401C-C75D-4CBE-AA22-AD1D5F561CD8}.DLL Unicode Release.ActiveCfg = DLL Unicode Release|Win32
		{33A9401C-C75D-4CBE-AA22-AD1D5F561CD8}.DLL Unicode Release.Build.0 = DLL Unicode Release|Win32
		{33A9401C-C75D-4CBE-AA22-AD1D5F561CD8}.DLL Universal Debug.ActiveCfg = DLL Universal Debug|Win32
		{33A9401C-C75D-4CBE-AA22-AD1D5F561CD8}.DLL Universal Debug.Build.0 = DLL Universal Debug|Win32
		{33A9401C-C75D-4CBE-AA22-AD1D5F561CD8}.DLL Universal Release.ActiveCfg = DLL Universal Release|Win32
		{33A9401C-C75D-4CBE-AA22-AD1D5F561CD8}.DLL Universal Release.Build.0 = DLL Universal Release|Win32
		{33A9401C-C75D-4CBE-AA22-AD1D5F561CD8}.DLL Universal Unicode Debug.ActiveCfg = DLL Universal Unicode Debug|Win32
		{33A9401C-C75D-4CBE-AA22-AD1D5F561CD8}.DLL Universal Unicode Debug.Build.0 = DLL Universal Unicode Debug|Win32
		{33A9401C-C75D-4CBE-AA22-AD1D5F561CD8}.DLL Universal Unicode Release.ActiveCfg = DLL Universal Unicode Release|Win32
		{33A9401C-C75D-4CBE-AA22-AD1D5F561CD8}.DLL Universal Unicode Release.Build.0 = DLL Universal Unicode Release|Win32
		{33A9401C-C75D-4CBE-AA22-AD1D5F561CD8}.Release.ActiveCfg = Release|Win32
		{33A9401C-C75D-4CBE-AA22-AD1D5F561CD8}.Release.Build.0 = Release|Win32
		{33A9401C-C75D-4CBE-AA22-AD1D5F561CD8}.Unicode Debug.ActiveCfg = Unicode Debug|Win32
		{33A9401C-C75D-4CBE-AA22-AD1D5F561CD8}.Unicode Debug.Build.0 = Unicode Debug|Win32
		{33A9401C-C75D-4CBE-AA22-AD1D5F561CD8}.Unicode Release.ActiveCfg = Unicode Release|Win32
		{33A9401C-C75D-4CBE-AA22-AD1D5F561CD8}.Unicode Release.Build.0 = Unicode Release|Win32
		{33A9401C-C75D-4CBE-AA22-AD1D5F561CD8}.Universal Debug.ActiveCfg = Universal Debug|Win32
		{33A9401C-C75D-4CBE-AA22-AD1D5F561CD8}.Universal Debug.Build.0 = Universal Debug|Win32
		{33A9401C-C75D-4CBE-AA22-AD1D5F561CD8}.Universal Release.ActiveCfg = Universal Release|Win32
		{33A9401C-C75D-4CBE-AA22-AD1D5F561CD8}.Universal Release.Build.0 = Universal Release|Win32
		{33A9401C-C75D-4CBE-AA22-AD1D5F561CD8}.Universal Unicode Debug.ActiveCfg = Universal Unicode Debug|Win32
		{33A9401C-C75D-4CBE-AA22-AD1D5F561CD8}.Universal Unicode Debug.Build.0 = Universal Unicode Debug|Win32
		{33A9401C-C75D-4CBE-AA22-AD1D5F561CD8}.Universal Unicode Release.ActiveCfg = Universal Unicode Release|Win32
		{33A9401C-C75D-4CBE-AA22-AD1D5F561CD8}.Universal Unicode Release.Build.0 = Universal Unicode Release|Win32
		{93FDA192-7978-4115-8CD8-A5DCCDF0F914}.Debug.ActiveCfg = Debug|Win32
		{93FDA192-7978-4115-8CD8-A5DCCDF0F914}.Debug.Build.0 = Debug|Win32
		{93FDA192-7978-4115-8CD8-A5DCCDF0F914}.DLL Debug.ActiveCfg = DLL Debug|Win32
		{93FDA192-7978-4115-8CD8-A5DCCDF0F914}.DLL Debug.Build.0 = DLL Debug|Win32
		{93FDA192-7978-4115-8CD8-A5DCCDF0F914}.DLL Release.ActiveCfg = DLL Release|Win32
		{93FDA192-7978-4115-8CD8-A5DCCDF0F914}.DLL Release.Build.0 = DLL Release|Win32
		{93FDA192-7978-4115-8CD8-A5DCCDF0F914}.DLL Unicode Debug.ActiveCfg = DLL Unicode Debug|Win32
		{93FDA192-7978-4115-8CD8-A5DCCDF0F914}.DLL Unicode Debug.Build.0 = DLL Unicode Debug|Win32
		{93FDA192-7978-4115-8CD8-A5DCCDF0F914}.DLL Unicode Release.ActiveCfg = DLL Unicode Release|Win32
		{93FDA192-7978-4115-8CD8-A5DCCDF0F914}.DLL Unicode Release.Build.0 = DLL Unicode Release|Win32
		{93FDA192-7978-4115-8CD8-A5DCCDF0F914}.DLL Universal Debug.ActiveCfg = DLL Universal Debug|Win32
		{93FDA192-7978-4115-8CD8-A5DCCDF0F914}.DLL Universal Debug.Build.0 = DLL Universal Debug|Win32
		{93FDA192-7978-4115-8CD8-A5DCCDF0F914}.DLL Universal Release.ActiveCfg = DLL Universal Release|Win32
		{93FDA192-7978-4115-8CD8-A5DCCDF0F914}.DLL Universal Release.Build.0 = DLL Universal Release|Win32
		{93FDA192-7978-4115-8CD8-A5DCCDF0F914}.DLL Universal Unicode Debug.ActiveCfg = DLL Universal Unicode Debug|Win32
		{93FDA192-7978-4115-8CD8-A5DCCDF0F914}.DLL Universal Unicode Debug.Build.0 = DLL Universal Unicode Debug|Win32
		{93FDA192-7978-4115-8CD8-A5DCCDF0F914}.DLL Universal Unicode Release.ActiveCfg = DLL Universal Unicode Release|Win32
		{93FDA192-7978-4115-8CD8-A5DCCDF0F914}.DLL Universal Unicode Release.Build.0 = DLL Universal Unicode Release|Win32
		{93FDA192-7978-4115-8CD8-A5DCCDF0F914}.Release.ActiveCfg = Release|Win32
		{93FDA192-7978-4115-8CD8-A5DCCDF0F914}.Release.Build.0 = Release|Win32
		{93FDA192-7978-4115-8CD8-A5DCCDF0F914}.Unicode Debug.ActiveCfg = Unicode Debug|Win32
		{93FDA192-7978-4115-8CD8-A5DCCDF0F914}.Unicode Debug.Build.0 = Unicode Debug|Win32
		{93FDA192-7978-4115-8CD8-A5DCCDF0F914}.Unicode Release.ActiveCfg = Unicode Release|Win32
		{93FDA192-7978-4115-8CD8-A5DCCDF0F914}.Unicode Release.Build.0 = Unicode Release|Win32
		{93FDA192-7978-4115-8CD8-A5DCCDF0F914}.Universal Debug.ActiveCfg = Universal Debug|Win32
		{93FDA192-7978-4115-8CD8-A5DCCDF0F914}.Universal Debug.Build.0 = Universal Debug|Win32
		{93FDA192-7978-4115-8CD8-A5DCCDF0F914}.Universal Release.ActiveCfg = Universal Release|Win32
		{93FDA192-7978-4115-8CD8-A5DCCDF0F914}.Universal Release.Build.0 = Universal Release|Win32
		{93FDA192-7978-4115-8CD8-A5DCCDF0F914}.Universal Unicode Debug.ActiveCfg = Universal Unicode Debug|Win32
		{93FDA192-7978-4115-8CD8-A5DCCDF0F914}.Universal Unicode Debug.Build.0 = Universal Unicode Debug|Win32
		{93FDA192-7978-4115-8CD8-A5DCCDF0F914}.Universal Unicode Release.ActiveCfg = Universal Unicode Release|Win32
		{93FDA192-7978-4115-8CD8-A5DCCDF0F914}.Universal Unicode Release.Build.0 = Universal Unicode Release|Win32
		{9513242A-F7FA-435D-9FF7-561728A1B01A}.Debug.ActiveCfg = Debug|Win32
		{9513242A-F7FA-435D-9FF7-561728A1B01A}.Debug.Build.0 = Debug|Win32
		{9513242A-F7FA-435D-9FF7-561728A1B01A}.DLL Debug.ActiveCfg = DLL Debug|Win32
		{9513242A-F7FA-435D-9FF7-561728A1B01A}.DLL Debug.Build.0 = DLL Debug|Win32
		{9513242A-F7FA-435D-9FF7-561728A1B01A}.DLL Release.ActiveCfg = DLL Release|Win32
		{9513242A-F7FA-435D-9FF7-561728A1B01A}.DLL Release.Build.0 = DLL Release|Win32
		{9513242A-F7FA-435D-9FF7-561728A1B01A}.DLL Unicode Debug.ActiveCfg = DLL Unicode Debug|Win32
		{9513242A-F7FA-435D-9FF7-561728A1B01A}.DLL Unicode Debug.Build.0 = DLL Unicode Debug|Win32
		{9513242A-F7FA-435D-9FF7-561728A1B01A}.DLL Unicode Release.ActiveCfg = DLL Unicode Release|Win32
		{9513242A-F7FA-435D-9FF7-561728A1B01A}.DLL Unicode Release.Build.0 = DLL Unicode Release|Win32
		{9513242A-F7FA-435D-9FF7-561728A1B01A}.DLL Universal Debug.ActiveCfg = DLL Universal Debug|Win32
		{9513242A-F7FA-435D-9FF7-561728A1B01A}.DLL Universal Debug.Build.0 = DLL Universal Debug|Win32
		{9513242A-F7FA-435D-9FF7-561728A1B01A}.DLL Universal Release.ActiveCfg = DLL Universal Release|Win32
		{9513242A-F7FA-435D-9FF7-561728A1B01A}.DLL Universal Release.Build.0 = DLL Universal Release|Win32
		{9513242A-F7FA-435D-9FF7-561728A1B01A}.DLL Universal Unicode Debug.ActiveCfg = DLL Universal Unicode Debug|Win32
		{9513242A-F7FA-435D-9FF7-561728A1B01A}.DLL Universal Unicode Debug.Build.0 = DLL Universal Unicode Debug|Win32
		{9513242A-F7FA-435D-9FF7-561728A1B01A}.DLL Universal Unicode Release.ActiveCfg = DLL Universal Unicode Release|Win32
		{9513242A-F7FA-435D-9FF7-561728A1B01A}.DLL Universal Unicode Release.Build.0 = DLL Universal Unicode Release|Win32
		{9513242A-F7FA-435D-9FF7-561728A1B01A}.Release.ActiveCfg = Release|Win32
		{9513242A-F7FA-435D-9FF7-561728A1B01A}.Release.Build.0 = Release|Win32
		{9513242A-F7FA-435D-9FF7-561728A1B01A}.Unicode Debug.ActiveCfg = Unicode Debug|Win32
		{9513242A-F7FA-435D-9FF7-561728A1B01A}.Unicode Debug.Build.0 = Unicode Debug|Win32
		{9513242A-F7FA-435D-9FF7-561728A1B01A}.Unicode Release.ActiveCfg = Unicode Release|Win32
		{9513242A-F7FA-435D-9FF7-561728A1B01A}.Unicode Release.Build.0 = Unicode Release|Win32
		{9513242A-F7FA-435D-9FF7-561728A1B01A}.Universal Debug.ActiveCfg = Universal Debug|Win32
		{9513242A-F7FA-435D-9FF7-561728A1B01A}.Universal Debug.Build.0 = Universal Debug|Win32
		{9513242A-F7FA-435D-9FF7-561728A1B01A}.Universal Release.ActiveCfg = Universal Release|Win32
		{9513242A-F7FA-435D-9FF7-561728A1B01A}.Universal Release.Build.0 = Universal Release|Win32
		{9513242A-F7FA-435D-9FF7-561728A1B01A}.Universal Unicode Debug.ActiveCfg = Universal Unicode Debug|Win32
		{9513242A-F7FA-435D-9FF7-561728A1B01A}.Universal Unicode Debug.Build.0 = Universal Unicode Debug|Win32
		{9513242A-F7FA-435D-9FF7-561728A1B01A}.Universal Unicode Release.ActiveCfg = Universal Unicode Release|Win32
		{9513242A-F7FA-435D-9FF7-561728A1B01A}.Universal Unicode Release.Build.0 = Universal Unicode Release|Win32
		{7E35DA7F-374B-4FE5-9A93-679986A7FFD9}.Debug.ActiveCfg = Debug|Win32
		{7E35DA7F-374B-4FE5-9A93-679986A7FFD9}.Debug.Build.0 = Debug|Win32
		{7E35DA7F-374B-4FE5-9A93-679986A7FFD9}.DLL Debug.ActiveCfg = DLL Debug|Win32
		{7E35DA7F-374B-4FE5-9A93-679986A7FFD9}.DLL Debug.Build.0 = DLL Debug|Win32
		{7E35DA7F-374B-4FE5-9A93-679986A7FFD9}.DLL Release.ActiveCfg = DLL Release|Win32
		{7E35DA7F-374B-4FE5-9A93-679986A7FFD9}.DLL Release.Build.0 = DLL Release|Win32
		{7E35DA7F-374B-4FE5-9A93-679986A7FFD9}.DLL Unicode Debug.ActiveCfg = DLL Unicode Debug|Win32
		{7E35DA7F-374B-4FE5-9A93-679986A7FFD9}.DLL Unicode Debug.Build.0 = DLL Unicode Debug|Win32
		{7E35DA7F-374B-4FE5-9A93-679986A7FFD9}.DLL Unicode Release.ActiveCfg = DLL Unicode Release|Win32
		{7E35DA7F-374B-4FE5-9A93-679986A7FFD9}.DLL Unicode Release.Build.0 = DLL Unicode Release|Win32
		{7E35DA7F-374B-4FE5-9A93-679986A7FFD9}.DLL Universal Debug.ActiveCfg = DLL Universal Debug|Win32
		{7E35DA7F-374B-4FE5-9A93-679986A7FFD9}.DLL Universal Debug.Build.0 = DLL Universal Debug|Win32
		{7E35DA7F-374B-4FE5-9A93-679986A7FFD9}.DLL Universal Release.ActiveCfg = DLL Universal Release|Win32
		{7E35DA7F-374B-4FE5-9A93-679986A7FFD9}.DLL Universal Release.Build.0 = DLL Universal Release|Win32
		{7E35DA7F-374B-4FE5-9A93-679986A7FFD9}.DLL Universal Unicode Debug.ActiveCfg = DLL Universal Unicode Debug|Win32
		{7E35DA7F-374B-4FE5-9A93-679986A7FFD9}.DLL Universal Unicode Debug.Build.0 = DLL Universal Unicode Debug|Win32
		{7E35DA7F-374B-4FE5-9A93-679986A7FFD9}.DLL Universal Unicode Release.ActiveCfg = DLL Universal Unicode Release|Win32
		{7E35DA7F-374B-4FE5-9A93-679986A7FFD9}.DLL Universal Unicode Release.Build.0 = DLL Universal Unicode Release|Win32
		{7E35DA7F-374B-4FE5-9A93-679986A7FFD9}.Release.ActiveCfg = Release|Win32
		{7E35DA7F-374B-4FE5-9A93-679986A7FFD9}.Release.Build.0 = Release|Win32
		{7E35DA7F-374B-4FE5-9A93-679986A7FFD9}.Unicode Debug.ActiveCfg = Unicode Debug|Win32
		{7E35DA7F-374B-4FE5-9A93-679986A7FFD9}.Unicode Debug.Build.0 = Unicode Debug|Win32
		{7E35DA7F-374B-4FE5-9A93-679986A7FFD9}.Unicode Release.ActiveCfg = Unicode Release|Win32
		{7E35DA7F-374B-4FE5-9A93-679986A7FFD9}.Unicode Release.Build.0 = Unicode Release|Win32
		{7E35DA7F-374B-4FE5-9A93-679986A7FFD9}.Universal Debug.ActiveCfg = Universal Debug|Win32
		{7E35DA7F-374B-4FE5-9A93-679986A7FFD9}.Universal Debug.Build.0 = Universal Debug|Win32
		{7E35DA7F-374B-4FE5-9A93-679986A7FFD9}.Universal Release.ActiveCfg = Universal Release|Win32
		{7E35DA7F-374B-4FE5-9A93-679986A7FFD9}.Universal Release.Build.0 = Universal Release|Win32
		{7E35DA7F-374B-4FE5-9A93-679986A7FFD9}.Universal Unicode Debug.ActiveCfg = Universal Unicode Debug|Win32
		{7E35DA7F-374B-4FE5-9A93-679986A7FFD9}.Universal Unicode Debug.Build.0 = Universal Unicode Debug|Win32
		{7E35DA7F-374B-4FE5-9A93-679986A7FFD9}.Universal Unicode Release.ActiveCfg = Universal Unicode Release|Win32
		{7E35DA7F-374B-4FE5-9A93-679986A7FFD9}.Universal Unicode Release.Build.0 = Universal Unicode Release|Win32
	EndGlobalSection
	GlobalSection(ExtensibilityGlobals) = postSolution
	EndGlobalSection
	GlobalSection(ExtensibilityAddIns) = postSolution
	EndGlobalSection
EndGlobal
