Microsoft Visual Studio Solution File, Format Version 10.00
# Visual C++ Express 2008
Project("{8BC9CEB8-8B4A-11D0-8D11-00A0C91BC942}") = "jpeg", "jpeg\jpeg.vcproj", "{11C2A563-0D0C-46AB-9B65-B31B472514DD}"
EndProject
Project("{8BC9CEB8-8B4A-11D0-8D11-00A0C91BC942}") = "png", "png\png.vcproj", "{C1B5B8DF-551D-46C7-BCA1-F5E2F988F95B}"
EndProject
Project("{8BC9CEB8-8B4A-11D0-8D11-00A0C91BC942}") = "regex", "regex\regex.vcproj", "{92496BB2-0A6B-4FF2-9D94-0F6DD693B1A4}"
EndProject
Project("{8BC9CEB8-8B4A-11D0-8D11-00A0C91BC942}") = "tiff", "tiff\tiff.vcproj", "{F094BDDC-3022-4DBD-B25A-3807B92BF592}"
EndProject
Project("{8BC9CEB8-8B4A-11D0-8D11-00A0C91BC942}") = "wxWindows", "wxWindows.vcproj", "{7600D0FB-0F3F-48E5-A331-551B6D092778}"
	ProjectSection(ProjectDependencies) = postProject
		{11C2A563-0D0C-46AB-9B65-B31B472514DD} = {11C2A563-0D0C-46AB-9B65-B31B472514DD}
		{92496BB2-0A6B-4FF2-9D94-0F6DD693B1A4} = {92496BB2-0A6B-4FF2-9D94-0F6DD693B1A4}
		{F094BDDC-3022-4DBD-B25A-3807B92BF592} = {F094BDDC-3022-4DBD-B25A-3807B92BF592}
		{C1B5B8DF-551D-46C7-BCA1-F5E2F988F95B} = {C1B5B8DF-551D-46C7-BCA1-F5E2F988F95B}
		{9B75F1F5-CCEE-4FFA-8034-5C41B1014B03} = {9B75F1F5-CCEE-4FFA-8034-5C41B1014B03}
	EndProjectSection
EndProject
Project("{8BC9CEB8-8B4A-11D0-8D11-00A0C91BC942}") = "zlib", "zlib\zlib.vcproj", "{9B75F1F5-CCEE-4FFA-8034-5C41B1014B03}"
EndProject
Global
	GlobalSection(SolutionConfigurationPlatforms) = preSolution
		Debug DLL|Win32 = Debug DLL|Win32
		Debug Unicode DLL|Win32 = Debug Unicode DLL|Win32
		Debug Unicode|Win32 = Debug Unicode|Win32
		Debug|Win32 = Debug|Win32
		Release DLL|Win32 = Release DLL|Win32
		Release Unicode DLL|Win32 = Release Unicode DLL|Win32
		Release Unicode|Win32 = Release Unicode|Win32
		Release|Win32 = Release|Win32
	EndGlobalSection
	GlobalSection(ProjectConfigurationPlatforms) = postSolution
		{11C2A563-0D0C-46AB-9B65-B31B472514DD}.Debug DLL|Win32.ActiveCfg = Debug|Win32
		{11C2A563-0D0C-46AB-9B65-B31B472514DD}.Debug DLL|Win32.Build.0 = Debug|Win32
		{11C2A563-0D0C-46AB-9B65-B31B472514DD}.Debug Unicode DLL|Win32.ActiveCfg = Debug|Win32
		{11C2A563-0D0C-46AB-9B65-B31B472514DD}.Debug Unicode DLL|Win32.Build.0 = Debug|Win32
		{11C2A563-0D0C-46AB-9B65-B31B472514DD}.Debug Unicode|Win32.ActiveCfg = Debug|Win32
		{11C2A563-0D0C-46AB-9B65-B31B472514DD}.Debug Unicode|Win32.Build.0 = Debug|Win32
		{11C2A563-0D0C-46AB-9B65-B31B472514DD}.Debug|Win32.ActiveCfg = Debug|Win32
		{11C2A563-0D0C-46AB-9B65-B31B472514DD}.Debug|Win32.Build.0 = Debug|Win32
		{11C2A563-0D0C-46AB-9B65-B31B472514DD}.Release DLL|Win32.ActiveCfg = Release|Win32
		{11C2A563-0D0C-46AB-9B65-B31B472514DD}.Release DLL|Win32.Build.0 = Release|Win32
		{11C2A563-0D0C-46AB-9B65-B31B472514DD}.Release Unicode DLL|Win32.ActiveCfg = Release|Win32
		{11C2A563-0D0C-46AB-9B65-B31B472514DD}.Release Unicode DLL|Win32.Build.0 = Release|Win32
		{11C2A563-0D0C-46AB-9B65-B31B472514DD}.Release Unicode|Win32.ActiveCfg = Release|Win32
		{11C2A563-0D0C-46AB-9B65-B31B472514DD}.Release Unicode|Win32.Build.0 = Release|Win32
		{11C2A563-0D0C-46AB-9B65-B31B472514DD}.Release|Win32.ActiveCfg = Release|Win32
		{11C2A563-0D0C-46AB-9B65-B31B472514DD}.Release|Win32.Build.0 = Release|Win32
		{C1B5B8DF-551D-46C7-BCA1-F5E2F988F95B}.Debug DLL|Win32.ActiveCfg = Debug|Win32
		{C1B5B8DF-551D-46C7-BCA1-F5E2F988F95B}.Debug DLL|Win32.Build.0 = Debug|Win32
		{C1B5B8DF-551D-46C7-BCA1-F5E2F988F95B}.Debug Unicode DLL|Win32.ActiveCfg = Debug|Win32
		{C1B5B8DF-551D-46C7-BCA1-F5E2F988F95B}.Debug Unicode DLL|Win32.Build.0 = Debug|Win32
		{C1B5B8DF-551D-46C7-BCA1-F5E2F988F95B}.Debug Unicode|Win32.ActiveCfg = Debug|Win32
		{C1B5B8DF-551D-46C7-BCA1-F5E2F988F95B}.Debug Unicode|Win32.Build.0 = Debug|Win32
		{C1B5B8DF-551D-46C7-BCA1-F5E2F988F95B}.Debug|Win32.ActiveCfg = Debug|Win32
		{C1B5B8DF-551D-46C7-BCA1-F5E2F988F95B}.Debug|Win32.Build.0 = Debug|Win32
		{C1B5B8DF-551D-46C7-BCA1-F5E2F988F95B}.Release DLL|Win32.ActiveCfg = Release|Win32
		{C1B5B8DF-551D-46C7-BCA1-F5E2F988F95B}.Release DLL|Win32.Build.0 = Release|Win32
		{C1B5B8DF-551D-46C7-BCA1-F5E2F988F95B}.Release Unicode DLL|Win32.ActiveCfg = Release|Win32
		{C1B5B8DF-551D-46C7-BCA1-F5E2F988F95B}.Release Unicode DLL|Win32.Build.0 = Release|Win32
		{C1B5B8DF-551D-46C7-BCA1-F5E2F988F95B}.Release Unicode|Win32.ActiveCfg = Release|Win32
		{C1B5B8DF-551D-46C7-BCA1-F5E2F988F95B}.Release Unicode|Win32.Build.0 = Release|Win32
		{C1B5B8DF-551D-46C7-BCA1-F5E2F988F95B}.Release|Win32.ActiveCfg = Release|Win32
		{C1B5B8DF-551D-46C7-BCA1-F5E2F988F95B}.Release|Win32.Build.0 = Release|Win32
		{92496BB2-0A6B-4FF2-9D94-0F6DD693B1A4}.Debug DLL|Win32.ActiveCfg = Debug|Win32
		{92496BB2-0A6B-4FF2-9D94-0F6DD693B1A4}.Debug DLL|Win32.Build.0 = Debug|Win32
		{92496BB2-0A6B-4FF2-9D94-0F6DD693B1A4}.Debug Unicode DLL|Win32.ActiveCfg = Debug|Win32
		{92496BB2-0A6B-4FF2-9D94-0F6DD693B1A4}.Debug Unicode DLL|Win32.Build.0 = Debug|Win32
		{92496BB2-0A6B-4FF2-9D94-0F6DD693B1A4}.Debug Unicode|Win32.ActiveCfg = Debug|Win32
		{92496BB2-0A6B-4FF2-9D94-0F6DD693B1A4}.Debug Unicode|Win32.Build.0 = Debug|Win32
		{92496BB2-0A6B-4FF2-9D94-0F6DD693B1A4}.Debug|Win32.ActiveCfg = Debug|Win32
		{92496BB2-0A6B-4FF2-9D94-0F6DD693B1A4}.Debug|Win32.Build.0 = Debug|Win32
		{92496BB2-0A6B-4FF2-9D94-0F6DD693B1A4}.Release DLL|Win32.ActiveCfg = Release|Win32
		{92496BB2-0A6B-4FF2-9D94-0F6DD693B1A4}.Release DLL|Win32.Build.0 = Release|Win32
		{92496BB2-0A6B-4FF2-9D94-0F6DD693B1A4}.Release Unicode DLL|Win32.ActiveCfg = Release|Win32
		{92496BB2-0A6B-4FF2-9D94-0F6DD693B1A4}.Release Unicode DLL|Win32.Build.0 = Release|Win32
		{92496BB2-0A6B-4FF2-9D94-0F6DD693B1A4}.Release Unicode|Win32.ActiveCfg = Release|Win32
		{92496BB2-0A6B-4FF2-9D94-0F6DD693B1A4}.Release Unicode|Win32.Build.0 = Release|Win32
		{92496BB2-0A6B-4FF2-9D94-0F6DD693B1A4}.Release|Win32.ActiveCfg = Release|Win32
		{92496BB2-0A6B-4FF2-9D94-0F6DD693B1A4}.Release|Win32.Build.0 = Release|Win32
		{F094BDDC-3022-4DBD-B25A-3807B92BF592}.Debug DLL|Win32.ActiveCfg = Debug|Win32
		{F094BDDC-3022-4DBD-B25A-3807B92BF592}.Debug DLL|Win32.Build.0 = Debug|Win32
		{F094BDDC-3022-4DBD-B25A-3807B92BF592}.Debug Unicode DLL|Win32.ActiveCfg = Debug|Win32
		{F094BDDC-3022-4DBD-B25A-3807B92BF592}.Debug Unicode DLL|Win32.Build.0 = Debug|Win32
		{F094BDDC-3022-4DBD-B25A-3807B92BF592}.Debug Unicode|Win32.ActiveCfg = Debug|Win32
		{F094BDDC-3022-4DBD-B25A-3807B92BF592}.Debug Unicode|Win32.Build.0 = Debug|Win32
		{F094BDDC-3022-4DBD-B25A-3807B92BF592}.Debug|Win32.ActiveCfg = Debug|Win32
		{F094BDDC-3022-4DBD-B25A-3807B92BF592}.Debug|Win32.Build.0 = Debug|Win32
		{F094BDDC-3022-4DBD-B25A-3807B92BF592}.Release DLL|Win32.ActiveCfg = Release|Win32
		{F094BDDC-3022-4DBD-B25A-3807B92BF592}.Release DLL|Win32.Build.0 = Release|Win32
		{F094BDDC-3022-4DBD-B25A-3807B92BF592}.Release Unicode DLL|Win32.ActiveCfg = Release|Win32
		{F094BDDC-3022-4DBD-B25A-3807B92BF592}.Release Unicode DLL|Win32.Build.0 = Release|Win32
		{F094BDDC-3022-4DBD-B25A-3807B92BF592}.Release Unicode|Win32.ActiveCfg = Release|Win32
		{F094BDDC-3022-4DBD-B25A-3807B92BF592}.Release Unicode|Win32.Build.0 = Release|Win32
		{F094BDDC-3022-4DBD-B25A-3807B92BF592}.Release|Win32.ActiveCfg = Release|Win32
		{F094BDDC-3022-4DBD-B25A-3807B92BF592}.Release|Win32.Build.0 = Release|Win32
		{7600D0FB-0F3F-48E5-A331-551B6D092778}.Debug DLL|Win32.ActiveCfg = Debug DLL|Win32
		{7600D0FB-0F3F-48E5-A331-551B6D092778}.Debug DLL|Win32.Build.0 = Debug DLL|Win32
		{7600D0FB-0F3F-48E5-A331-551B6D092778}.Debug Unicode DLL|Win32.ActiveCfg = Debug Unicode DLL|Win32
		{7600D0FB-0F3F-48E5-A331-551B6D092778}.Debug Unicode DLL|Win32.Build.0 = Debug Unicode DLL|Win32
		{7600D0FB-0F3F-48E5-A331-551B6D092778}.Debug Unicode|Win32.ActiveCfg = Debug Unicode|Win32
		{7600D0FB-0F3F-48E5-A331-551B6D092778}.Debug Unicode|Win32.Build.0 = Debug Unicode|Win32
		{7600D0FB-0F3F-48E5-A331-551B6D092778}.Debug|Win32.ActiveCfg = Debug|Win32
		{7600D0FB-0F3F-48E5-A331-551B6D092778}.Debug|Win32.Build.0 = Debug|Win32
		{7600D0FB-0F3F-48E5-A331-551B6D092778}.Release DLL|Win32.ActiveCfg = Release DLL|Win32
		{7600D0FB-0F3F-48E5-A331-551B6D092778}.Release DLL|Win32.Build.0 = Release DLL|Win32
		{7600D0FB-0F3F-48E5-A331-551B6D092778}.Release Unicode DLL|Win32.ActiveCfg = Release Unicode DLL|Win32
		{7600D0FB-0F3F-48E5-A331-551B6D092778}.Release Unicode DLL|Win32.Build.0 = Release Unicode DLL|Win32
		{7600D0FB-0F3F-48E5-A331-551B6D092778}.Release Unicode|Win32.ActiveCfg = Release Unicode|Win32
		{7600D0FB-0F3F-48E5-A331-551B6D092778}.Release Unicode|Win32.Build.0 = Release Unicode|Win32
		{7600D0FB-0F3F-48E5-A331-551B6D092778}.Release|Win32.ActiveCfg = Release|Win32
		{7600D0FB-0F3F-48E5-A331-551B6D092778}.Release|Win32.Build.0 = Release|Win32
		{9B75F1F5-CCEE-4FFA-8034-5C41B1014B03}.Debug DLL|Win32.ActiveCfg = Debug|Win32
		{9B75F1F5-CCEE-4FFA-8034-5C41B1014B03}.Debug DLL|Win32.Build.0 = Debug|Win32
		{9B75F1F5-CCEE-4FFA-8034-5C41B1014B03}.Debug Unicode DLL|Win32.ActiveCfg = Debug|Win32
		{9B75F1F5-CCEE-4FFA-8034-5C41B1014B03}.Debug Unicode DLL|Win32.Build.0 = Debug|Win32
		{9B75F1F5-CCEE-4FFA-8034-5C41B1014B03}.Debug Unicode|Win32.ActiveCfg = Debug|Win32
		{9B75F1F5-CCEE-4FFA-8034-5C41B1014B03}.Debug Unicode|Win32.Build.0 = Debug|Win32
		{9B75F1F5-CCEE-4FFA-8034-5C41B1014B03}.Debug|Win32.ActiveCfg = Debug|Win32
		{9B75F1F5-CCEE-4FFA-8034-5C41B1014B03}.Debug|Win32.Build.0 = Debug|Win32
		{9B75F1F5-CCEE-4FFA-8034-5C41B1014B03}.Release DLL|Win32.ActiveCfg = Release|Win32
		{9B75F1F5-CCEE-4FFA-8034-5C41B1014B03}.Release DLL|Win32.Build.0 = Release|Win32
		{9B75F1F5-CCEE-4FFA-8034-5C41B1014B03}.Release Unicode DLL|Win32.ActiveCfg = Release|Win32
		{9B75F1F5-CCEE-4FFA-8034-5C41B1014B03}.Release Unicode DLL|Win32.Build.0 = Release|Win32
		{9B75F1F5-CCEE-4FFA-8034-5C41B1014B03}.Release Unicode|Win32.ActiveCfg = Release|Win32
		{9B75F1F5-CCEE-4FFA-8034-5C41B1014B03}.Release Unicode|Win32.Build.0 = Release|Win32
		{9B75F1F5-CCEE-4FFA-8034-5C41B1014B03}.Release|Win32.ActiveCfg = Release|Win32
		{9B75F1F5-CCEE-4FFA-8034-5C41B1014B03}.Release|Win32.Build.0 = Release|Win32
	EndGlobalSection
	GlobalSection(SolutionProperties) = preSolution
		HideSolutionNode = FALSE
	EndGlobalSection
EndGlobal
