Microsoft Visual Studio Solution File, Format Version 9.00
# Visual Studio 2005
Project("{8BC9CEB8-8B4A-11D0-8D11-00A0C91BC942}") = "wxregex", "wx_wxregex.vcproj", "{2F08BD61-4120-45CD-9926-62681AADA781}"
EndProject
Project("{8BC9CEB8-8B4A-11D0-8D11-00A0C91BC942}") = "wxzlib", "wx_wxzlib.vcproj", "{40CF5E56-A0E3-4554-AD0E-2887DCAB07B5}"
EndProject
Project("{8BC9CEB8-8B4A-11D0-8D11-00A0C91BC942}") = "wxpng", "wx_wxpng.vcproj", "{2AA0F940-D84F-42E0-A5EF-29B203A57296}"
EndProject
Project("{8BC9CEB8-8B4A-11D0-8D11-00A0C91BC942}") = "wxjpeg", "wx_wxjpeg.vcproj", "{96963562-4097-4399-AAD8-B9F3D0A9E9AA}"
EndProject
Project("{8BC9CEB8-8B4A-11D0-8D11-00A0C91BC942}") = "wxtiff", "wx_wxtiff.vcproj", "{3660AD07-4440-4CB9-978C-9861596AD3DD}"
EndProject
Project("{8BC9CEB8-8B4A-11D0-8D11-00A0C91BC942}") = "wxexpat", "wx_wxexpat.vcproj", "{947C8F07-0117-4EE0-AD58-CE66BF4285D4}"
EndProject
Project("{8BC9CEB8-8B4A-11D0-8D11-00A0C91BC942}") = "base", "wx_base.vcproj", "{529D2889-C65D-4756-B442-69E4DEE5BB22}"
EndProject
Project("{8BC9CEB8-8B4A-11D0-8D11-00A0C91BC942}") = "net", "wx_net.vcproj", "{3E5272D0-A4AE-4235-8B83-3FE84CCF9177}"
EndProject
Project("{8BC9CEB8-8B4A-11D0-8D11-00A0C91BC942}") = "core", "wx_core.vcproj", "{EAB8647C-B164-46A6-B136-FA89F4619F02}"
EndProject
Project("{8BC9CEB8-8B4A-11D0-8D11-00A0C91BC942}") = "adv", "wx_adv.vcproj", "{A92CC86B-7FB6-4943-A752-640194B55111}"
EndProject
Project("{8BC9CEB8-8B4A-11D0-8D11-00A0C91BC942}") = "media", "wx_media.vcproj", "{351E9E7A-D7F9-47EC-A897-AB7557C31AB3}"
EndProject
Project("{8BC9CEB8-8B4A-11D0-8D11-00A0C91BC942}") = "odbc", "wx_odbc.vcproj", "{3AE9C584-F1DE-44D0-8085-85AC19D8D092}"
EndProject
Project("{8BC9CEB8-8B4A-11D0-8D11-00A0C91BC942}") = "dbgrid", "wx_dbgrid.vcproj", "{47CC0012-5E26-4B33-AB03-87E26472B6B5}"
EndProject
Project("{8BC9CEB8-8B4A-11D0-8D11-00A0C91BC942}") = "html", "wx_html.vcproj", "{9803C1C7-5D2D-42A4-A1B4-116F108C0343}"
EndProject
Project("{8BC9CEB8-8B4A-11D0-8D11-00A0C91BC942}") = "qa", "wx_qa.vcproj", "{33A9401C-C75D-4CBE-AA22-AD1D5F561CD8}"
EndProject
Project("{8BC9CEB8-8B4A-11D0-8D11-00A0C91BC942}") = "xml", "wx_xml.vcproj", "{93FDA192-7978-4115-8CD8-A5DCCDF0F914}"
EndProject
Project("{8BC9CEB8-8B4A-11D0-8D11-00A0C91BC942}") = "xrc", "wx_xrc.vcproj", "{9513242A-F7FA-435D-9FF7-561728A1B01A}"
EndProject
Project("{8BC9CEB8-8B4A-11D0-8D11-00A0C91BC942}") = "gl", "wx_gl.vcproj", "{7E35DA7F-374B-4FE5-9A93-679986A7FFD9}"
EndProject
Global
	GlobalSection(SolutionConfigurationPlatforms) = preSolution
		Debug|Win32 = Debug|Win32
		DLL Debug|Win32 = DLL Debug|Win32
		DLL Release|Win32 = DLL Release|Win32
		DLL Unicode Debug|Win32 = DLL Unicode Debug|Win32
		DLL Unicode Release|Win32 = DLL Unicode Release|Win32
		DLL Universal Debug|Win32 = DLL Universal Debug|Win32
		DLL Universal Release|Win32 = DLL Universal Release|Win32
		DLL Universal Unicode Debug|Win32 = DLL Universal Unicode Debug|Win32
		DLL Universal Unicode Release|Win32 = DLL Universal Unicode Release|Win32
		Release|Win32 = Release|Win32
		Unicode Debug|Win32 = Unicode Debug|Win32
		Unicode Release|Win32 = Unicode Release|Win32
		Universal Debug|Win32 = Universal Debug|Win32
		Universal Release|Win32 = Universal Release|Win32
		Universal Unicode Debug|Win32 = Universal Unicode Debug|Win32
		Universal Unicode Release|Win32 = Universal Unicode Release|Win32
	EndGlobalSection
	GlobalSection(ProjectConfigurationPlatforms) = postSolution
		{2F08BD61-4120-45CD-9926-62681AADA781}.Debug|Win32.ActiveCfg = Debug|Win32
		{2F08BD61-4120-45CD-9926-62681AADA781}.Debug|Win32.Build.0 = Debug|Win32
		{2F08BD61-4120-45CD-9926-62681AADA781}.DLL Debug|Win32.ActiveCfg = DLL Debug|Win32
		{2F08BD61-4120-45CD-9926-62681AADA781}.DLL Debug|Win32.Build.0 = DLL Debug|Win32
		{2F08BD61-4120-45CD-9926-62681AADA781}.DLL Release|Win32.ActiveCfg = DLL Release|Win32
		{2F08BD61-4120-45CD-9926-62681AADA781}.DLL Release|Win32.Build.0 = DLL Release|Win32
		{2F08BD61-4120-45CD-9926-62681AADA781}.DLL Unicode Debug|Win32.ActiveCfg = DLL Unicode Debug|Win32
		{2F08BD61-4120-45CD-9926-62681AADA781}.DLL Unicode Debug|Win32.Build.0 = DLL Unicode Debug|Win32
		{2F08BD61-4120-45CD-9926-62681AADA781}.DLL Unicode Release|Win32.ActiveCfg = DLL Unicode Release|Win32
		{2F08BD61-4120-45CD-9926-62681AADA781}.DLL Unicode Release|Win32.Build.0 = DLL Unicode Release|Win32
		{2F08BD61-4120-45CD-9926-62681AADA781}.DLL Universal Debug|Win32.ActiveCfg = DLL Universal Debug|Win32
		{2F08BD61-4120-45CD-9926-62681AADA781}.DLL Universal Debug|Win32.Build.0 = DLL Universal Debug|Win32
		{2F08BD61-4120-45CD-9926-62681AADA781}.DLL Universal Release|Win32.ActiveCfg = DLL Universal Release|Win32
		{2F08BD61-4120-45CD-9926-62681AADA781}.DLL Universal Release|Win32.Build.0 = DLL Universal Release|Win32
		{2F08BD61-4120-45CD-9926-62681AADA781}.DLL Universal Unicode Debug|Win32.ActiveCfg = DLL Universal Unicode Debug|Win32
		{2F08BD61-4120-45CD-9926-62681AADA781}.DLL Universal Unicode Debug|Win32.Build.0 = DLL Universal Unicode Debug|Win32
		{2F08BD61-4120-45CD-9926-62681AADA781}.DLL Universal Unicode Release|Win32.ActiveCfg = DLL Universal Unicode Release|Win32
		{2F08BD61-4120-45CD-9926-62681AADA781}.DLL Universal Unicode Release|Win32.Build.0 = DLL Universal Unicode Release|Win32
		{2F08BD61-4120-45CD-9926-62681AADA781}.Release|Win32.ActiveCfg = Release|Win32
		{2F08BD61-4120-45CD-9926-62681AADA781}.Release|Win32.Build.0 = Release|Win32
		{2F08BD61-4120-45CD-9926-62681AADA781}.Unicode Debug|Win32.ActiveCfg = Unicode Debug|Win32
		{2F08BD61-4120-45CD-9926-62681AADA781}.Unicode Debug|Win32.Build.0 = Unicode Debug|Win32
		{2F08BD61-4120-45CD-9926-62681AADA781}.Unicode Release|Win32.ActiveCfg = Unicode Release|Win32
		{2F08BD61-4120-45CD-9926-62681AADA781}.Unicode Release|Win32.Build.0 = Unicode Release|Win32
		{2F08BD61-4120-45CD-9926-62681AADA781}.Universal Debug|Win32.ActiveCfg = Universal Debug|Win32
		{2F08BD61-4120-45CD-9926-62681AADA781}.Universal Debug|Win32.Build.0 = Universal Debug|Win32
		{2F08BD61-4120-45CD-9926-62681AADA781}.Universal Release|Win32.ActiveCfg = Universal Release|Win32
		{2F08BD61-4120-45CD-9926-62681AADA781}.Universal Release|Win32.Build.0 = Universal Release|Win32
		{2F08BD61-4120-45CD-9926-62681AADA781}.Universal Unicode Debug|Win32.ActiveCfg = Universal Unicode Debug|Win32
		{2F08BD61-4120-45CD-9926-62681AADA781}.Universal Unicode Debug|Win32.Build.0 = Universal Unicode Debug|Win32
		{2F08BD61-4120-45CD-9926-62681AADA781}.Universal Unicode Release|Win32.ActiveCfg = Universal Unicode Release|Win32
		{2F08BD61-4120-45CD-9926-62681AADA781}.Universal Unicode Release|Win32.Build.0 = Universal Unicode Release|Win32
		{40CF5E56-A0E3-4554-AD0E-2887DCAB07B5}.Debug|Win32.ActiveCfg = Debug|Win32
		{40CF5E56-A0E3-4554-AD0E-2887DCAB07B5}.Debug|Win32.Build.0 = Debug|Win32
		{40CF5E56-A0E3-4554-AD0E-2887DCAB07B5}.DLL Debug|Win32.ActiveCfg = DLL Debug|Win32
		{40CF5E56-A0E3-4554-AD0E-2887DCAB07B5}.DLL Debug|Win32.Build.0 = DLL Debug|Win32
		{40CF5E56-A0E3-4554-AD0E-2887DCAB07B5}.DLL Release|Win32.ActiveCfg = DLL Release|Win32
		{40CF5E56-A0E3-4554-AD0E-2887DCAB07B5}.DLL Release|Win32.Build.0 = DLL Release|Win32
		{40CF5E56-A0E3-4554-AD0E-2887DCAB07B5}.DLL Unicode Debug|Win32.ActiveCfg = DLL Unicode Debug|Win32
		{40CF5E56-A0E3-4554-AD0E-2887DCAB07B5}.DLL Unicode Debug|Win32.Build.0 = DLL Unicode Debug|Win32
		{40CF5E56-A0E3-4554-AD0E-2887DCAB07B5}.DLL Unicode Release|Win32.ActiveCfg = DLL Unicode Release|Win32
		{40CF5E56-A0E3-4554-AD0E-2887DCAB07B5}.DLL Unicode Release|Win32.Build.0 = DLL Unicode Release|Win32
		{40CF5E56-A0E3-4554-AD0E-2887DCAB07B5}.DLL Universal Debug|Win32.ActiveCfg = DLL Universal Debug|Win32
		{40CF5E56-A0E3-4554-AD0E-2887DCAB07B5}.DLL Universal Debug|Win32.Build.0 = DLL Universal Debug|Win32
		{40CF5E56-A0E3-4554-AD0E-2887DCAB07B5}.DLL Universal Release|Win32.ActiveCfg = DLL Universal Release|Win32
		{40CF5E56-A0E3-4554-AD0E-2887DCAB07B5}.DLL Universal Release|Win32.Build.0 = DLL Universal Release|Win32
		{40CF5E56-A0E3-4554-AD0E-2887DCAB07B5}.DLL Universal Unicode Debug|Win32.ActiveCfg = DLL Universal Unicode Debug|Win32
		{40CF5E56-A0E3-4554-AD0E-2887DCAB07B5}.DLL Universal Unicode Debug|Win32.Build.0 = DLL Universal Unicode Debug|Win32
		{40CF5E56-A0E3-4554-AD0E-2887DCAB07B5}.DLL Universal Unicode Release|Win32.ActiveCfg = DLL Universal Unicode Release|Win32
		{40CF5E56-A0E3-4554-AD0E-2887DCAB07B5}.DLL Universal Unicode Release|Win32.Build.0 = DLL Universal Unicode Release|Win32
		{40CF5E56-A0E3-4554-AD0E-2887DCAB07B5}.Release|Win32.ActiveCfg = Release|Win32
		{40CF5E56-A0E3-4554-AD0E-2887DCAB07B5}.Release|Win32.Build.0 = Release|Win32
		{40CF5E56-A0E3-4554-AD0E-2887DCAB07B5}.Unicode Debug|Win32.ActiveCfg = Unicode Debug|Win32
		{40CF5E56-A0E3-4554-AD0E-2887DCAB07B5}.Unicode Debug|Win32.Build.0 = Unicode Debug|Win32
		{40CF5E56-A0E3-4554-AD0E-2887DCAB07B5}.Unicode Release|Win32.ActiveCfg = Unicode Release|Win32
		{40CF5E56-A0E3-4554-AD0E-2887DCAB07B5}.Unicode Release|Win32.Build.0 = Unicode Release|Win32
		{40CF5E56-A0E3-4554-AD0E-2887DCAB07B5}.Universal Debug|Win32.ActiveCfg = Universal Debug|Win32
		{40CF5E56-A0E3-4554-AD0E-2887DCAB07B5}.Universal Debug|Win32.Build.0 = Universal Debug|Win32
		{40CF5E56-A0E3-4554-AD0E-2887DCAB07B5}.Universal Release|Win32.ActiveCfg = Universal Release|Win32
		{40CF5E56-A0E3-4554-AD0E-2887DCAB07B5}.Universal Release|Win32.Build.0 = Universal Release|Win32
		{40CF5E56-A0E3-4554-AD0E-2887DCAB07B5}.Universal Unicode Debug|Win32.ActiveCfg = Universal Unicode Debug|Win32
		{40CF5E56-A0E3-4554-AD0E-2887DCAB07B5}.Universal Unicode Debug|Win32.Build.0 = Universal Unicode Debug|Win32
		{40CF5E56-A0E3-4554-AD0E-2887DCAB07B5}.Universal Unicode Release|Win32.ActiveCfg = Universal Unicode Release|Win32
		{40CF5E56-A0E3-4554-AD0E-2887DCAB07B5}.Universal Unicode Release|Win32.Build.0 = Universal Unicode Release|Win32
		{2AA0F940-D84F-42E0-A5EF-29B203A57296}.Debug|Win32.ActiveCfg = Debug|Win32
		{2AA0F940-D84F-42E0-A5EF-29B203A57296}.Debug|Win32.Build.0 = Debug|Win32
		{2AA0F940-D84F-42E0-A5EF-29B203A57296}.DLL Debug|Win32.ActiveCfg = DLL Debug|Win32
		{2AA0F940-D84F-42E0-A5EF-29B203A57296}.DLL Debug|Win32.Build.0 = DLL Debug|Win32
		{2AA0F940-D84F-42E0-A5EF-29B203A57296}.DLL Release|Win32.ActiveCfg = DLL Release|Win32
		{2AA0F940-D84F-42E0-A5EF-29B203A57296}.DLL Release|Win32.Build.0 = DLL Release|Win32
		{2AA0F940-D84F-42E0-A5EF-29B203A57296}.DLL Unicode Debug|Win32.ActiveCfg = DLL Unicode Debug|Win32
		{2AA0F940-D84F-42E0-A5EF-29B203A57296}.DLL Unicode Debug|Win32.Build.0 = DLL Unicode Debug|Win32
		{2AA0F940-D84F-42E0-A5EF-29B203A57296}.DLL Unicode Release|Win32.ActiveCfg = DLL Unicode Release|Win32
		{2AA0F940-D84F-42E0-A5EF-29B203A57296}.DLL Unicode Release|Win32.Build.0 = DLL Unicode Release|Win32
		{2AA0F940-D84F-42E0-A5EF-29B203A57296}.DLL Universal Debug|Win32.ActiveCfg = DLL Universal Debug|Win32
		{2AA0F940-D84F-42E0-A5EF-29B203A57296}.DLL Universal Debug|Win32.Build.0 = DLL Universal Debug|Win32
		{2AA0F940-D84F-42E0-A5EF-29B203A57296}.DLL Universal Release|Win32.ActiveCfg = DLL Universal Release|Win32
		{2AA0F940-D84F-42E0-A5EF-29B203A57296}.DLL Universal Release|Win32.Build.0 = DLL Universal Release|Win32
		{2AA0F940-D84F-42E0-A5EF-29B203A57296}.DLL Universal Unicode Debug|Win32.ActiveCfg = DLL Universal Unicode Debug|Win32
		{2AA0F940-D84F-42E0-A5EF-29B203A57296}.DLL Universal Unicode Debug|Win32.Build.0 = DLL Universal Unicode Debug|Win32
		{2AA0F940-D84F-42E0-A5EF-29B203A57296}.DLL Universal Unicode Release|Win32.ActiveCfg = DLL Universal Unicode Release|Win32
		{2AA0F940-D84F-42E0-A5EF-29B203A57296}.DLL Universal Unicode Release|Win32.Build.0 = DLL Universal Unicode Release|Win32
		{2AA0F940-D84F-42E0-A5EF-29B203A57296}.Release|Win32.ActiveCfg = Release|Win32
		{2AA0F940-D84F-42E0-A5EF-29B203A57296}.Release|Win32.Build.0 = Release|Win32
		{2AA0F940-D84F-42E0-A5EF-29B203A57296}.Unicode Debug|Win32.ActiveCfg = Unicode Debug|Win32
		{2AA0F940-D84F-42E0-A5EF-29B203A57296}.Unicode Debug|Win32.Build.0 = Unicode Debug|Win32
		{2AA0F940-D84F-42E0-A5EF-29B203A57296}.Unicode Release|Win32.ActiveCfg = Unicode Release|Win32
		{2AA0F940-D84F-42E0-A5EF-29B203A57296}.Unicode Release|Win32.Build.0 = Unicode Release|Win32
		{2AA0F940-D84F-42E0-A5EF-29B203A57296}.Universal Debug|Win32.ActiveCfg = Universal Debug|Win32
		{2AA0F940-D84F-42E0-A5EF-29B203A57296}.Universal Debug|Win32.Build.0 = Universal Debug|Win32
		{2AA0F940-D84F-42E0-A5EF-29B203A57296}.Universal Release|Win32.ActiveCfg = Universal Release|Win32
		{2AA0F940-D84F-42E0-A5EF-29B203A57296}.Universal Release|Win32.Build.0 = Universal Release|Win32
		{2AA0F940-D84F-42E0-A5EF-29B203A57296}.Universal Unicode Debug|Win32.ActiveCfg = Universal Unicode Debug|Win32
		{2AA0F940-D84F-42E0-A5EF-29B203A57296}.Universal Unicode Debug|Win32.Build.0 = Universal Unicode Debug|Win32
		{2AA0F940-D84F-42E0-A5EF-29B203A57296}.Universal Unicode Release|Win32.ActiveCfg = Universal Unicode Release|Win32
		{2AA0F940-D84F-42E0-A5EF-29B203A57296}.Universal Unicode Release|Win32.Build.0 = Universal Unicode Release|Win32
		{96963562-4097-4399-AAD8-B9F3D0A9E9AA}.Debug|Win32.ActiveCfg = Debug|Win32
		{96963562-4097-4399-AAD8-B9F3D0A9E9AA}.Debug|Win32.Build.0 = Debug|Win32
		{96963562-4097-4399-AAD8-B9F3D0A9E9AA}.DLL Debug|Win32.ActiveCfg = DLL Debug|Win32
		{96963562-4097-4399-AAD8-B9F3D0A9E9AA}.DLL Debug|Win32.Build.0 = DLL Debug|Win32
		{96963562-4097-4399-AAD8-B9F3D0A9E9AA}.DLL Release|Win32.ActiveCfg = DLL Release|Win32
		{96963562-4097-4399-AAD8-B9F3D0A9E9AA}.DLL Release|Win32.Build.0 = DLL Release|Win32
		{96963562-4097-4399-AAD8-B9F3D0A9E9AA}.DLL Unicode Debug|Win32.ActiveCfg = DLL Unicode Debug|Win32
		{96963562-4097-4399-AAD8-B9F3D0A9E9AA}.DLL Unicode Debug|Win32.Build.0 = DLL Unicode Debug|Win32
		{96963562-4097-4399-AAD8-B9F3D0A9E9AA}.DLL Unicode Release|Win32.ActiveCfg = DLL Unicode Release|Win32
		{96963562-4097-4399-AAD8-B9F3D0A9E9AA}.DLL Unicode Release|Win32.Build.0 = DLL Unicode Release|Win32
		{96963562-4097-4399-AAD8-B9F3D0A9E9AA}.DLL Universal Debug|Win32.ActiveCfg = DLL Universal Debug|Win32
		{96963562-4097-4399-AAD8-B9F3D0A9E9AA}.DLL Universal Debug|Win32.Build.0 = DLL Universal Debug|Win32
		{96963562-4097-4399-AAD8-B9F3D0A9E9AA}.DLL Universal Release|Win32.ActiveCfg = DLL Universal Release|Win32
		{96963562-4097-4399-AAD8-B9F3D0A9E9AA}.DLL Universal Release|Win32.Build.0 = DLL Universal Release|Win32
		{96963562-4097-4399-AAD8-B9F3D0A9E9AA}.DLL Universal Unicode Debug|Win32.ActiveCfg = DLL Universal Unicode Debug|Win32
		{96963562-4097-4399-AAD8-B9F3D0A9E9AA}.DLL Universal Unicode Debug|Win32.Build.0 = DLL Universal Unicode Debug|Win32
		{96963562-4097-4399-AAD8-B9F3D0A9E9AA}.DLL Universal Unicode Release|Win32.ActiveCfg = DLL Universal Unicode Release|Win32
		{96963562-4097-4399-AAD8-B9F3D0A9E9AA}.DLL Universal Unicode Release|Win32.Build.0 = DLL Universal Unicode Release|Win32
		{96963562-4097-4399-AAD8-B9F3D0A9E9AA}.Release|Win32.ActiveCfg = Release|Win32
		{96963562-4097-4399-AAD8-B9F3D0A9E9AA}.Release|Win32.Build.0 = Release|Win32
		{96963562-4097-4399-AAD8-B9F3D0A9E9AA}.Unicode Debug|Win32.ActiveCfg = Unicode Debug|Win32
		{96963562-4097-4399-AAD8-B9F3D0A9E9AA}.Unicode Debug|Win32.Build.0 = Unicode Debug|Win32
		{96963562-4097-4399-AAD8-B9F3D0A9E9AA}.Unicode Release|Win32.ActiveCfg = Unicode Release|Win32
		{96963562-4097-4399-AAD8-B9F3D0A9E9AA}.Unicode Release|Win32.Build.0 = Unicode Release|Win32
		{96963562-4097-4399-AAD8-B9F3D0A9E9AA}.Universal Debug|Win32.ActiveCfg = Universal Debug|Win32
		{96963562-4097-4399-AAD8-B9F3D0A9E9AA}.Universal Debug|Win32.Build.0 = Universal Debug|Win32
		{96963562-4097-4399-AAD8-B9F3D0A9E9AA}.Universal Release|Win32.ActiveCfg = Universal Release|Win32
		{96963562-4097-4399-AAD8-B9F3D0A9E9AA}.Universal Release|Win32.Build.0 = Universal Release|Win32
		{96963562-4097-4399-AAD8-B9F3D0A9E9AA}.Universal Unicode Debug|Win32.ActiveCfg = Universal Unicode Debug|Win32
		{96963562-4097-4399-AAD8-B9F3D0A9E9AA}.Universal Unicode Debug|Win32.Build.0 = Universal Unicode Debug|Win32
		{96963562-4097-4399-AAD8-B9F3D0A9E9AA}.Universal Unicode Release|Win32.ActiveCfg = Universal Unicode Release|Win32
		{96963562-4097-4399-AAD8-B9F3D0A9E9AA}.Universal Unicode Release|Win32.Build.0 = Universal Unicode Release|Win32
		{3660AD07-4440-4CB9-978C-9861596AD3DD}.Debug|Win32.ActiveCfg = Debug|Win32
		{3660AD07-4440-4CB9-978C-9861596AD3DD}.Debug|Win32.Build.0 = Debug|Win32
		{3660AD07-4440-4CB9-978C-9861596AD3DD}.DLL Debug|Win32.ActiveCfg = DLL Debug|Win32
		{3660AD07-4440-4CB9-978C-9861596AD3DD}.DLL Debug|Win32.Build.0 = DLL Debug|Win32
		{3660AD07-4440-4CB9-978C-9861596AD3DD}.DLL Release|Win32.ActiveCfg = DLL Release|Win32
		{3660AD07-4440-4CB9-978C-9861596AD3DD}.DLL Release|Win32.Build.0 = DLL Release|Win32
		{3660AD07-4440-4CB9-978C-9861596AD3DD}.DLL Unicode Debug|Win32.ActiveCfg = DLL Unicode Debug|Win32
		{3660AD07-4440-4CB9-978C-9861596AD3DD}.DLL Unicode Debug|Win32.Build.0 = DLL Unicode Debug|Win32
		{3660AD07-4440-4CB9-978C-9861596AD3DD}.DLL Unicode Release|Win32.ActiveCfg = DLL Unicode Release|Win32
		{3660AD07-4440-4CB9-978C-9861596AD3DD}.DLL Unicode Release|Win32.Build.0 = DLL Unicode Release|Win32
		{3660AD07-4440-4CB9-978C-9861596AD3DD}.DLL Universal Debug|Win32.ActiveCfg = DLL Universal Debug|Win32
		{3660AD07-4440-4CB9-978C-9861596AD3DD}.DLL Universal Debug|Win32.Build.0 = DLL Universal Debug|Win32
		{3660AD07-4440-4CB9-978C-9861596AD3DD}.DLL Universal Release|Win32.ActiveCfg = DLL Universal Release|Win32
		{3660AD07-4440-4CB9-978C-9861596AD3DD}.DLL Universal Release|Win32.Build.0 = DLL Universal Release|Win32
		{3660AD07-4440-4CB9-978C-9861596AD3DD}.DLL Universal Unicode Debug|Win32.ActiveCfg = DLL Universal Unicode Debug|Win32
		{3660AD07-4440-4CB9-978C-9861596AD3DD}.DLL Universal Unicode Debug|Win32.Build.0 = DLL Universal Unicode Debug|Win32
		{3660AD07-4440-4CB9-978C-9861596AD3DD}.DLL Universal Unicode Release|Win32.ActiveCfg = DLL Universal Unicode Release|Win32
		{3660AD07-4440-4CB9-978C-9861596AD3DD}.DLL Universal Unicode Release|Win32.Build.0 = DLL Universal Unicode Release|Win32
		{3660AD07-4440-4CB9-978C-9861596AD3DD}.Release|Win32.ActiveCfg = Release|Win32
		{3660AD07-4440-4CB9-978C-9861596AD3DD}.Release|Win32.Build.0 = Release|Win32
		{3660AD07-4440-4CB9-978C-9861596AD3DD}.Unicode Debug|Win32.ActiveCfg = Unicode Debug|Win32
		{3660AD07-4440-4CB9-978C-9861596AD3DD}.Unicode Debug|Win32.Build.0 = Unicode Debug|Win32
		{3660AD07-4440-4CB9-978C-9861596AD3DD}.Unicode Release|Win32.ActiveCfg = Unicode Release|Win32
		{3660AD07-4440-4CB9-978C-9861596AD3DD}.Unicode Release|Win32.Build.0 = Unicode Release|Win32
		{3660AD07-4440-4CB9-978C-9861596AD3DD}.Universal Debug|Win32.ActiveCfg = Universal Debug|Win32
		{3660AD07-4440-4CB9-978C-9861596AD3DD}.Universal Debug|Win32.Build.0 = Universal Debug|Win32
		{3660AD07-4440-4CB9-978C-9861596AD3DD}.Universal Release|Win32.ActiveCfg = Universal Release|Win32
		{3660AD07-4440-4CB9-978C-9861596AD3DD}.Universal Release|Win32.Build.0 = Universal Release|Win32
		{3660AD07-4440-4CB9-978C-9861596AD3DD}.Universal Unicode Debug|Win32.ActiveCfg = Universal Unicode Debug|Win32
		{3660AD07-4440-4CB9-978C-9861596AD3DD}.Universal Unicode Debug|Win32.Build.0 = Universal Unicode Debug|Win32
		{3660AD07-4440-4CB9-978C-9861596AD3DD}.Universal Unicode Release|Win32.ActiveCfg = Universal Unicode Release|Win32
		{3660AD07-4440-4CB9-978C-9861596AD3DD}.Universal Unicode Release|Win32.Build.0 = Universal Unicode Release|Win32
		{947C8F07-0117-4EE0-AD58-CE66BF4285D4}.Debug|Win32.ActiveCfg = Debug|Win32
		{947C8F07-0117-4EE0-AD58-CE66BF4285D4}.Debug|Win32.Build.0 = Debug|Win32
		{947C8F07-0117-4EE0-AD58-CE66BF4285D4}.DLL Debug|Win32.ActiveCfg = DLL Debug|Win32
		{947C8F07-0117-4EE0-AD58-CE66BF4285D4}.DLL Debug|Win32.Build.0 = DLL Debug|Win32
		{947C8F07-0117-4EE0-AD58-CE66BF4285D4}.DLL Release|Win32.ActiveCfg = DLL Release|Win32
		{947C8F07-0117-4EE0-AD58-CE66BF4285D4}.DLL Release|Win32.Build.0 = DLL Release|Win32
		{947C8F07-0117-4EE0-AD58-CE66BF4285D4}.DLL Unicode Debug|Win32.ActiveCfg = DLL Unicode Debug|Win32
		{947C8F07-0117-4EE0-AD58-CE66BF4285D4}.DLL Unicode Debug|Win32.Build.0 = DLL Unicode Debug|Win32
		{947C8F07-0117-4EE0-AD58-CE66BF4285D4}.DLL Unicode Release|Win32.ActiveCfg = DLL Unicode Release|Win32
		{947C8F07-0117-4EE0-AD58-CE66BF4285D4}.DLL Unicode Release|Win32.Build.0 = DLL Unicode Release|Win32
		{947C8F07-0117-4EE0-AD58-CE66BF4285D4}.DLL Universal Debug|Win32.ActiveCfg = DLL Universal Debug|Win32
		{947C8F07-0117-4EE0-AD58-CE66BF4285D4}.DLL Universal Debug|Win32.Build.0 = DLL Universal Debug|Win32
		{947C8F07-0117-4EE0-AD58-CE66BF4285D4}.DLL Universal Release|Win32.ActiveCfg = DLL Universal Release|Win32
		{947C8F07-0117-4EE0-AD58-CE66BF4285D4}.DLL Universal Release|Win32.Build.0 = DLL Universal Release|Win32
		{947C8F07-0117-4EE0-AD58-CE66BF4285D4}.DLL Universal Unicode Debug|Win32.ActiveCfg = DLL Universal Unicode Debug|Win32
		{947C8F07-0117-4EE0-AD58-CE66BF4285D4}.DLL Universal Unicode Debug|Win32.Build.0 = DLL Universal Unicode Debug|Win32
		{947C8F07-0117-4EE0-AD58-CE66BF4285D4}.DLL Universal Unicode Release|Win32.ActiveCfg = DLL Universal Unicode Release|Win32
		{947C8F07-0117-4EE0-AD58-CE66BF4285D4}.DLL Universal Unicode Release|Win32.Build.0 = DLL Universal Unicode Release|Win32
		{947C8F07-0117-4EE0-AD58-CE66BF4285D4}.Release|Win32.ActiveCfg = Release|Win32
		{947C8F07-0117-4EE0-AD58-CE66BF4285D4}.Release|Win32.Build.0 = Release|Win32
		{947C8F07-0117-4EE0-AD58-CE66BF4285D4}.Unicode Debug|Win32.ActiveCfg = Unicode Debug|Win32
		{947C8F07-0117-4EE0-AD58-CE66BF4285D4}.Unicode Debug|Win32.Build.0 = Unicode Debug|Win32
		{947C8F07-0117-4EE0-AD58-CE66BF4285D4}.Unicode Release|Win32.ActiveCfg = Unicode Release|Win32
		{947C8F07-0117-4EE0-AD58-CE66BF4285D4}.Unicode Release|Win32.Build.0 = Unicode Release|Win32
		{947C8F07-0117-4EE0-AD58-CE66BF4285D4}.Universal Debug|Win32.ActiveCfg = Universal Debug|Win32
		{947C8F07-0117-4EE0-AD58-CE66BF4285D4}.Universal Debug|Win32.Build.0 = Universal Debug|Win32
		{947C8F07-0117-4EE0-AD58-CE66BF4285D4}.Universal Release|Win32.ActiveCfg = Universal Release|Win32
		{947C8F07-0117-4EE0-AD58-CE66BF4285D4}.Universal Release|Win32.Build.0 = Universal Release|Win32
		{947C8F07-0117-4EE0-AD58-CE66BF4285D4}.Universal Unicode Debug|Win32.ActiveCfg = Universal Unicode Debug|Win32
		{947C8F07-0117-4EE0-AD58-CE66BF4285D4}.Universal Unicode Debug|Win32.Build.0 = Universal Unicode Debug|Win32
		{947C8F07-0117-4EE0-AD58-CE66BF4285D4}.Universal Unicode Release|Win32.ActiveCfg = Universal Unicode Release|Win32
		{947C8F07-0117-4EE0-AD58-CE66BF4285D4}.Universal Unicode Release|Win32.Build.0 = Universal Unicode Release|Win32
		{529D2889-C65D-4756-B442-69E4DEE5BB22}.Debug|Win32.ActiveCfg = Debug|Win32
		{529D2889-C65D-4756-B442-69E4DEE5BB22}.Debug|Win32.Build.0 = Debug|Win32
		{529D2889-C65D-4756-B442-69E4DEE5BB22}.DLL Debug|Win32.ActiveCfg = DLL Debug|Win32
		{529D2889-C65D-4756-B442-69E4DEE5BB22}.DLL Debug|Win32.Build.0 = DLL Debug|Win32
		{529D2889-C65D-4756-B442-69E4DEE5BB22}.DLL Release|Win32.ActiveCfg = DLL Release|Win32
		{529D2889-C65D-4756-B442-69E4DEE5BB22}.DLL Release|Win32.Build.0 = DLL Release|Win32
		{529D2889-C65D-4756-B442-69E4DEE5BB22}.DLL Unicode Debug|Win32.ActiveCfg = DLL Unicode Debug|Win32
		{529D2889-C65D-4756-B442-69E4DEE5BB22}.DLL Unicode Debug|Win32.Build.0 = DLL Unicode Debug|Win32
		{529D2889-C65D-4756-B442-69E4DEE5BB22}.DLL Unicode Release|Win32.ActiveCfg = DLL Unicode Release|Win32
		{529D2889-C65D-4756-B442-69E4DEE5BB22}.DLL Unicode Release|Win32.Build.0 = DLL Unicode Release|Win32
		{529D2889-C65D-4756-B442-69E4DEE5BB22}.DLL Universal Debug|Win32.ActiveCfg = DLL Universal Debug|Win32
		{529D2889-C65D-4756-B442-69E4DEE5BB22}.DLL Universal Debug|Win32.Build.0 = DLL Universal Debug|Win32
		{529D2889-C65D-4756-B442-69E4DEE5BB22}.DLL Universal Release|Win32.ActiveCfg = DLL Universal Release|Win32
		{529D2889-C65D-4756-B442-69E4DEE5BB22}.DLL Universal Release|Win32.Build.0 = DLL Universal Release|Win32
		{529D2889-C65D-4756-B442-69E4DEE5BB22}.DLL Universal Unicode Debug|Win32.ActiveCfg = DLL Universal Unicode Debug|Win32
		{529D2889-C65D-4756-B442-69E4DEE5BB22}.DLL Universal Unicode Debug|Win32.Build.0 = DLL Universal Unicode Debug|Win32
		{529D2889-C65D-4756-B442-69E4DEE5BB22}.DLL Universal Unicode Release|Win32.ActiveCfg = DLL Universal Unicode Release|Win32
		{529D2889-C65D-4756-B442-69E4DEE5BB22}.DLL Universal Unicode Release|Win32.Build.0 = DLL Universal Unicode Release|Win32
		{529D2889-C65D-4756-B442-69E4DEE5BB22}.Release|Win32.ActiveCfg = Release|Win32
		{529D2889-C65D-4756-B442-69E4DEE5BB22}.Release|Win32.Build.0 = Release|Win32
		{529D2889-C65D-4756-B442-69E4DEE5BB22}.Unicode Debug|Win32.ActiveCfg = Unicode Debug|Win32
		{529D2889-C65D-4756-B442-69E4DEE5BB22}.Unicode Debug|Win32.Build.0 = Unicode Debug|Win32
		{529D2889-C65D-4756-B442-69E4DEE5BB22}.Unicode Release|Win32.ActiveCfg = Unicode Release|Win32
		{529D2889-C65D-4756-B442-69E4DEE5BB22}.Unicode Release|Win32.Build.0 = Unicode Release|Win32
		{529D2889-C65D-4756-B442-69E4DEE5BB22}.Universal Debug|Win32.ActiveCfg = Universal Debug|Win32
		{529D2889-C65D-4756-B442-69E4DEE5BB22}.Universal Debug|Win32.Build.0 = Universal Debug|Win32
		{529D2889-C65D-4756-B442-69E4DEE5BB22}.Universal Release|Win32.ActiveCfg = Universal Release|Win32
		{529D2889-C65D-4756-B442-69E4DEE5BB22}.Universal Release|Win32.Build.0 = Universal Release|Win32
		{529D2889-C65D-4756-B442-69E4DEE5BB22}.Universal Unicode Debug|Win32.ActiveCfg = Universal Unicode Debug|Win32
		{529D2889-C65D-4756-B442-69E4DEE5BB22}.Universal Unicode Debug|Win32.Build.0 = Universal Unicode Debug|Win32
		{529D2889-C65D-4756-B442-69E4DEE5BB22}.Universal Unicode Release|Win32.ActiveCfg = Universal Unicode Release|Win32
		{529D2889-C65D-4756-B442-69E4DEE5BB22}.Universal Unicode Release|Win32.Build.0 = Universal Unicode Release|Win32
		{3E5272D0-A4AE-4235-8B83-3FE84CCF9177}.Debug|Win32.ActiveCfg = Debug|Win32
		{3E5272D0-A4AE-4235-8B83-3FE84CCF9177}.Debug|Win32.Build.0 = Debug|Win32
		{3E5272D0-A4AE-4235-8B83-3FE84CCF9177}.DLL Debug|Win32.ActiveCfg = DLL Debug|Win32
		{3E5272D0-A4AE-4235-8B83-3FE84CCF9177}.DLL Debug|Win32.Build.0 = DLL Debug|Win32
		{3E5272D0-A4AE-4235-8B83-3FE84CCF9177}.DLL Release|Win32.ActiveCfg = DLL Release|Win32
		{3E5272D0-A4AE-4235-8B83-3FE84CCF9177}.DLL Release|Win32.Build.0 = DLL Release|Win32
		{3E5272D0-A4AE-4235-8B83-3FE84CCF9177}.DLL Unicode Debug|Win32.ActiveCfg = DLL Unicode Debug|Win32
		{3E5272D0-A4AE-4235-8B83-3FE84CCF9177}.DLL Unicode Debug|Win32.Build.0 = DLL Unicode Debug|Win32
		{3E5272D0-A4AE-4235-8B83-3FE84CCF9177}.DLL Unicode Release|Win32.ActiveCfg = DLL Unicode Release|Win32
		{3E5272D0-A4AE-4235-8B83-3FE84CCF9177}.DLL Unicode Release|Win32.Build.0 = DLL Unicode Release|Win32
		{3E5272D0-A4AE-4235-8B83-3FE84CCF9177}.DLL Universal Debug|Win32.ActiveCfg = DLL Universal Debug|Win32
		{3E5272D0-A4AE-4235-8B83-3FE84CCF9177}.DLL Universal Debug|Win32.Build.0 = DLL Universal Debug|Win32
		{3E5272D0-A4AE-4235-8B83-3FE84CCF9177}.DLL Universal Release|Win32.ActiveCfg = DLL Universal Release|Win32
		{3E5272D0-A4AE-4235-8B83-3FE84CCF9177}.DLL Universal Release|Win32.Build.0 = DLL Universal Release|Win32
		{3E5272D0-A4AE-4235-8B83-3FE84CCF9177}.DLL Universal Unicode Debug|Win32.ActiveCfg = DLL Universal Unicode Debug|Win32
		{3E5272D0-A4AE-4235-8B83-3FE84CCF9177}.DLL Universal Unicode Debug|Win32.Build.0 = DLL Universal Unicode Debug|Win32
		{3E5272D0-A4AE-4235-8B83-3FE84CCF9177}.DLL Universal Unicode Release|Win32.ActiveCfg = DLL Universal Unicode Release|Win32
		{3E5272D0-A4AE-4235-8B83-3FE84CCF9177}.DLL Universal Unicode Release|Win32.Build.0 = DLL Universal Unicode Release|Win32
		{3E5272D0-A4AE-4235-8B83-3FE84CCF9177}.Release|Win32.ActiveCfg = Release|Win32
		{3E5272D0-A4AE-4235-8B83-3FE84CCF9177}.Release|Win32.Build.0 = Release|Win32
		{3E5272D0-A4AE-4235-8B83-3FE84CCF9177}.Unicode Debug|Win32.ActiveCfg = Unicode Debug|Win32
		{3E5272D0-A4AE-4235-8B83-3FE84CCF9177}.Unicode Debug|Win32.Build.0 = Unicode Debug|Win32
		{3E5272D0-A4AE-4235-8B83-3FE84CCF9177}.Unicode Release|Win32.ActiveCfg = Unicode Release|Win32
		{3E5272D0-A4AE-4235-8B83-3FE84CCF9177}.Unicode Release|Win32.Build.0 = Unicode Release|Win32
		{3E5272D0-A4AE-4235-8B83-3FE84CCF9177}.Universal Debug|Win32.ActiveCfg = Universal Debug|Win32
		{3E5272D0-A4AE-4235-8B83-3FE84CCF9177}.Universal Debug|Win32.Build.0 = Universal Debug|Win32
		{3E5272D0-A4AE-4235-8B83-3FE84CCF9177}.Universal Release|Win32.ActiveCfg = Universal Release|Win32
		{3E5272D0-A4AE-4235-8B83-3FE84CCF9177}.Universal Release|Win32.Build.0 = Universal Release|Win32
		{3E5272D0-A4AE-4235-8B83-3FE84CCF9177}.Universal Unicode Debug|Win32.ActiveCfg = Universal Unicode Debug|Win32
		{3E5272D0-A4AE-4235-8B83-3FE84CCF9177}.Universal Unicode Debug|Win32.Build.0 = Universal Unicode Debug|Win32
		{3E5272D0-A4AE-4235-8B83-3FE84CCF9177}.Universal Unicode Release|Win32.ActiveCfg = Universal Unicode Release|Win32
		{3E5272D0-A4AE-4235-8B83-3FE84CCF9177}.Universal Unicode Release|Win32.Build.0 = Universal Unicode Release|Win32
		{EAB8647C-B164-46A6-B136-FA89F4619F02}.Debug|Win32.ActiveCfg = Debug|Win32
		{EAB8647C-B164-46A6-B136-FA89F4619F02}.Debug|Win32.Build.0 = Debug|Win32
		{EAB8647C-B164-46A6-B136-FA89F4619F02}.DLL Debug|Win32.ActiveCfg = DLL Debug|Win32
		{EAB8647C-B164-46A6-B136-FA89F4619F02}.DLL Debug|Win32.Build.0 = DLL Debug|Win32
		{EAB8647C-B164-46A6-B136-FA89F4619F02}.DLL Release|Win32.ActiveCfg = DLL Release|Win32
		{EAB8647C-B164-46A6-B136-FA89F4619F02}.DLL Release|Win32.Build.0 = DLL Release|Win32
		{EAB8647C-B164-46A6-B136-FA89F4619F02}.DLL Unicode Debug|Win32.ActiveCfg = DLL Unicode Debug|Win32
		{EAB8647C-B164-46A6-B136-FA89F4619F02}.DLL Unicode Debug|Win32.Build.0 = DLL Unicode Debug|Win32
		{EAB8647C-B164-46A6-B136-FA89F4619F02}.DLL Unicode Release|Win32.ActiveCfg = DLL Unicode Release|Win32
		{EAB8647C-B164-46A6-B136-FA89F4619F02}.DLL Unicode Release|Win32.Build.0 = DLL Unicode Release|Win32
		{EAB8647C-B164-46A6-B136-FA89F4619F02}.DLL Universal Debug|Win32.ActiveCfg = DLL Universal Debug|Win32
		{EAB8647C-B164-46A6-B136-FA89F4619F02}.DLL Universal Debug|Win32.Build.0 = DLL Universal Debug|Win32
		{EAB8647C-B164-46A6-B136-FA89F4619F02}.DLL Universal Release|Win32.ActiveCfg = DLL Universal Release|Win32
		{EAB8647C-B164-46A6-B136-FA89F4619F02}.DLL Universal Release|Win32.Build.0 = DLL Universal Release|Win32
		{EAB8647C-B164-46A6-B136-FA89F4619F02}.DLL Universal Unicode Debug|Win32.ActiveCfg = DLL Universal Unicode Debug|Win32
		{EAB8647C-B164-46A6-B136-FA89F4619F02}.DLL Universal Unicode Debug|Win32.Build.0 = DLL Universal Unicode Debug|Win32
		{EAB8647C-B164-46A6-B136-FA89F4619F02}.DLL Universal Unicode Release|Win32.ActiveCfg = DLL Universal Unicode Release|Win32
		{EAB8647C-B164-46A6-B136-FA89F4619F02}.DLL Universal Unicode Release|Win32.Build.0 = DLL Universal Unicode Release|Win32
		{EAB8647C-B164-46A6-B136-FA89F4619F02}.Release|Win32.ActiveCfg = Release|Win32
		{EAB8647C-B164-46A6-B136-FA89F4619F02}.Release|Win32.Build.0 = Release|Win32
		{EAB8647C-B164-46A6-B136-FA89F4619F02}.Unicode Debug|Win32.ActiveCfg = Unicode Debug|Win32
		{EAB8647C-B164-46A6-B136-FA89F4619F02}.Unicode Debug|Win32.Build.0 = Unicode Debug|Win32
		{EAB8647C-B164-46A6-B136-FA89F4619F02}.Unicode Release|Win32.ActiveCfg = Unicode Release|Win32
		{EAB8647C-B164-46A6-B136-FA89F4619F02}.Unicode Release|Win32.Build.0 = Unicode Release|Win32
		{EAB8647C-B164-46A6-B136-FA89F4619F02}.Universal Debug|Win32.ActiveCfg = Universal Debug|Win32
		{EAB8647C-B164-46A6-B136-FA89F4619F02}.Universal Debug|Win32.Build.0 = Universal Debug|Win32
		{EAB8647C-B164-46A6-B136-FA89F4619F02}.Universal Release|Win32.ActiveCfg = Universal Release|Win32
		{EAB8647C-B164-46A6-B136-FA89F4619F02}.Universal Release|Win32.Build.0 = Universal Release|Win32
		{EAB8647C-B164-46A6-B136-FA89F4619F02}.Universal Unicode Debug|Win32.ActiveCfg = Universal Unicode Debug|Win32
		{EAB8647C-B164-46A6-B136-FA89F4619F02}.Universal Unicode Debug|Win32.Build.0 = Universal Unicode Debug|Win32
		{EAB8647C-B164-46A6-B136-FA89F4619F02}.Universal Unicode Release|Win32.ActiveCfg = Universal Unicode Release|Win32
		{EAB8647C-B164-46A6-B136-FA89F4619F02}.Universal Unicode Release|Win32.Build.0 = Universal Unicode Release|Win32
		{A92CC86B-7FB6-4943-A752-640194B55111}.Debug|Win32.ActiveCfg = Debug|Win32
		{A92CC86B-7FB6-4943-A752-640194B55111}.Debug|Win32.Build.0 = Debug|Win32
		{A92CC86B-7FB6-4943-A752-640194B55111}.DLL Debug|Win32.ActiveCfg = DLL Debug|Win32
		{A92CC86B-7FB6-4943-A752-640194B55111}.DLL Debug|Win32.Build.0 = DLL Debug|Win32
		{A92CC86B-7FB6-4943-A752-640194B55111}.DLL Release|Win32.ActiveCfg = DLL Release|Win32
		{A92CC86B-7FB6-4943-A752-640194B55111}.DLL Release|Win32.Build.0 = DLL Release|Win32
		{A92CC86B-7FB6-4943-A752-640194B55111}.DLL Unicode Debug|Win32.ActiveCfg = DLL Unicode Debug|Win32
		{A92CC86B-7FB6-4943-A752-640194B55111}.DLL Unicode Debug|Win32.Build.0 = DLL Unicode Debug|Win32
		{A92CC86B-7FB6-4943-A752-640194B55111}.DLL Unicode Release|Win32.ActiveCfg = DLL Unicode Release|Win32
		{A92CC86B-7FB6-4943-A752-640194B55111}.DLL Unicode Release|Win32.Build.0 = DLL Unicode Release|Win32
		{A92CC86B-7FB6-4943-A752-640194B55111}.DLL Universal Debug|Win32.ActiveCfg = DLL Universal Debug|Win32
		{A92CC86B-7FB6-4943-A752-640194B55111}.DLL Universal Debug|Win32.Build.0 = DLL Universal Debug|Win32
		{A92CC86B-7FB6-4943-A752-640194B55111}.DLL Universal Release|Win32.ActiveCfg = DLL Universal Release|Win32
		{A92CC86B-7FB6-4943-A752-640194B55111}.DLL Universal Release|Win32.Build.0 = DLL Universal Release|Win32
		{A92CC86B-7FB6-4943-A752-640194B55111}.DLL Universal Unicode Debug|Win32.ActiveCfg = DLL Universal Unicode Debug|Win32
		{A92CC86B-7FB6-4943-A752-640194B55111}.DLL Universal Unicode Debug|Win32.Build.0 = DLL Universal Unicode Debug|Win32
		{A92CC86B-7FB6-4943-A752-640194B55111}.DLL Universal Unicode Release|Win32.ActiveCfg = DLL Universal Unicode Release|Win32
		{A92CC86B-7FB6-4943-A752-640194B55111}.DLL Universal Unicode Release|Win32.Build.0 = DLL Universal Unicode Release|Win32
		{A92CC86B-7FB6-4943-A752-640194B55111}.Release|Win32.ActiveCfg = Release|Win32
		{A92CC86B-7FB6-4943-A752-640194B55111}.Release|Win32.Build.0 = Release|Win32
		{A92CC86B-7FB6-4943-A752-640194B55111}.Unicode Debug|Win32.ActiveCfg = Unicode Debug|Win32
		{A92CC86B-7FB6-4943-A752-640194B55111}.Unicode Debug|Win32.Build.0 = Unicode Debug|Win32
		{A92CC86B-7FB6-4943-A752-640194B55111}.Unicode Release|Win32.ActiveCfg = Unicode Release|Win32
		{A92CC86B-7FB6-4943-A752-640194B55111}.Unicode Release|Win32.Build.0 = Unicode Release|Win32
		{A92CC86B-7FB6-4943-A752-640194B55111}.Universal Debug|Win32.ActiveCfg = Universal Debug|Win32
		{A92CC86B-7FB6-4943-A752-640194B55111}.Universal Debug|Win32.Build.0 = Universal Debug|Win32
		{A92CC86B-7FB6-4943-A752-640194B55111}.Universal Release|Win32.ActiveCfg = Universal Release|Win32
		{A92CC86B-7FB6-4943-A752-640194B55111}.Universal Release|Win32.Build.0 = Universal Release|Win32
		{A92CC86B-7FB6-4943-A752-640194B55111}.Universal Unicode Debug|Win32.ActiveCfg = Universal Unicode Debug|Win32
		{A92CC86B-7FB6-4943-A752-640194B55111}.Universal Unicode Debug|Win32.Build.0 = Universal Unicode Debug|Win32
		{A92CC86B-7FB6-4943-A752-640194B55111}.Universal Unicode Release|Win32.ActiveCfg = Universal Unicode Release|Win32
		{A92CC86B-7FB6-4943-A752-640194B55111}.Universal Unicode Release|Win32.Build.0 = Universal Unicode Release|Win32
		{351E9E7A-D7F9-47EC-A897-AB7557C31AB3}.Debug|Win32.ActiveCfg = Debug|Win32
		{351E9E7A-D7F9-47EC-A897-AB7557C31AB3}.Debug|Win32.Build.0 = Debug|Win32
		{351E9E7A-D7F9-47EC-A897-AB7557C31AB3}.DLL Debug|Win32.ActiveCfg = DLL Debug|Win32
		{351E9E7A-D7F9-47EC-A897-AB7557C31AB3}.DLL Debug|Win32.Build.0 = DLL Debug|Win32
		{351E9E7A-D7F9-47EC-A897-AB7557C31AB3}.DLL Release|Win32.ActiveCfg = DLL Release|Win32
		{351E9E7A-D7F9-47EC-A897-AB7557C31AB3}.DLL Release|Win32.Build.0 = DLL Release|Win32
		{351E9E7A-D7F9-47EC-A897-AB7557C31AB3}.DLL Unicode Debug|Win32.ActiveCfg = DLL Unicode Debug|Win32
		{351E9E7A-D7F9-47EC-A897-AB7557C31AB3}.DLL Unicode Debug|Win32.Build.0 = DLL Unicode Debug|Win32
		{351E9E7A-D7F9-47EC-A897-AB7557C31AB3}.DLL Unicode Release|Win32.ActiveCfg = DLL Unicode Release|Win32
		{351E9E7A-D7F9-47EC-A897-AB7557C31AB3}.DLL Unicode Release|Win32.Build.0 = DLL Unicode Release|Win32
		{351E9E7A-D7F9-47EC-A897-AB7557C31AB3}.DLL Universal Debug|Win32.ActiveCfg = DLL Universal Debug|Win32
		{351E9E7A-D7F9-47EC-A897-AB7557C31AB3}.DLL Universal Debug|Win32.Build.0 = DLL Universal Debug|Win32
		{351E9E7A-D7F9-47EC-A897-AB7557C31AB3}.DLL Universal Release|Win32.ActiveCfg = DLL Universal Release|Win32
		{351E9E7A-D7F9-47EC-A897-AB7557C31AB3}.DLL Universal Release|Win32.Build.0 = DLL Universal Release|Win32
		{351E9E7A-D7F9-47EC-A897-AB7557C31AB3}.DLL Universal Unicode Debug|Win32.ActiveCfg = DLL Universal Unicode Debug|Win32
		{351E9E7A-D7F9-47EC-A897-AB7557C31AB3}.DLL Universal Unicode Debug|Win32.Build.0 = DLL Universal Unicode Debug|Win32
		{351E9E7A-D7F9-47EC-A897-AB7557C31AB3}.DLL Universal Unicode Release|Win32.ActiveCfg = DLL Universal Unicode Release|Win32
		{351E9E7A-D7F9-47EC-A897-AB7557C31AB3}.DLL Universal Unicode Release|Win32.Build.0 = DLL Universal Unicode Release|Win32
		{351E9E7A-D7F9-47EC-A897-AB7557C31AB3}.Release|Win32.ActiveCfg = Release|Win32
		{351E9E7A-D7F9-47EC-A897-AB7557C31AB3}.Release|Win32.Build.0 = Release|Win32
		{351E9E7A-D7F9-47EC-A897-AB7557C31AB3}.Unicode Debug|Win32.ActiveCfg = Unicode Debug|Win32
		{351E9E7A-D7F9-47EC-A897-AB7557C31AB3}.Unicode Debug|Win32.Build.0 = Unicode Debug|Win32
		{351E9E7A-D7F9-47EC-A897-AB7557C31AB3}.Unicode Release|Win32.ActiveCfg = Unicode Release|Win32
		{351E9E7A-D7F9-47EC-A897-AB7557C31AB3}.Unicode Release|Win32.Build.0 = Unicode Release|Win32
		{351E9E7A-D7F9-47EC-A897-AB7557C31AB3}.Universal Debug|Win32.ActiveCfg = Universal Debug|Win32
		{351E9E7A-D7F9-47EC-A897-AB7557C31AB3}.Universal Debug|Win32.Build.0 = Universal Debug|Win32
		{351E9E7A-D7F9-47EC-A897-AB7557C31AB3}.Universal Release|Win32.ActiveCfg = Universal Release|Win32
		{351E9E7A-D7F9-47EC-A897-AB7557C31AB3}.Universal Release|Win32.Build.0 = Universal Release|Win32
		{351E9E7A-D7F9-47EC-A897-AB7557C31AB3}.Universal Unicode Debug|Win32.ActiveCfg = Universal Unicode Debug|Win32
		{351E9E7A-D7F9-47EC-A897-AB7557C31AB3}.Universal Unicode Debug|Win32.Build.0 = Universal Unicode Debug|Win32
		{351E9E7A-D7F9-47EC-A897-AB7557C31AB3}.Universal Unicode Release|Win32.ActiveCfg = Universal Unicode Release|Win32
		{351E9E7A-D7F9-47EC-A897-AB7557C31AB3}.Universal Unicode Release|Win32.Build.0 = Universal Unicode Release|Win32
		{3AE9C584-F1DE-44D0-8085-85AC19D8D092}.Debug|Win32.ActiveCfg = Debug|Win32
		{3AE9C584-F1DE-44D0-8085-85AC19D8D092}.Debug|Win32.Build.0 = Debug|Win32
		{3AE9C584-F1DE-44D0-8085-85AC19D8D092}.DLL Debug|Win32.ActiveCfg = DLL Debug|Win32
		{3AE9C584-F1DE-44D0-8085-85AC19D8D092}.DLL Debug|Win32.Build.0 = DLL Debug|Win32
		{3AE9C584-F1DE-44D0-8085-85AC19D8D092}.DLL Release|Win32.ActiveCfg = DLL Release|Win32
		{3AE9C584-F1DE-44D0-8085-85AC19D8D092}.DLL Release|Win32.Build.0 = DLL Release|Win32
		{3AE9C584-F1DE-44D0-8085-85AC19D8D092}.DLL Unicode Debug|Win32.ActiveCfg = DLL Unicode Debug|Win32
		{3AE9C584-F1DE-44D0-8085-85AC19D8D092}.DLL Unicode Debug|Win32.Build.0 = DLL Unicode Debug|Win32
		{3AE9C584-F1DE-44D0-8085-85AC19D8D092}.DLL Unicode Release|Win32.ActiveCfg = DLL Unicode Release|Win32
		{3AE9C584-F1DE-44D0-8085-85AC19D8D092}.DLL Unicode Release|Win32.Build.0 = DLL Unicode Release|Win32
		{3AE9C584-F1DE-44D0-8085-85AC19D8D092}.DLL Universal Debug|Win32.ActiveCfg = DLL Universal Debug|Win32
		{3AE9C584-F1DE-44D0-8085-85AC19D8D092}.DLL Universal Debug|Win32.Build.0 = DLL Universal Debug|Win32
		{3AE9C584-F1DE-44D0-8085-85AC19D8D092}.DLL Universal Release|Win32.ActiveCfg = DLL Universal Release|Win32
		{3AE9C584-F1DE-44D0-8085-85AC19D8D092}.DLL Universal Release|Win32.Build.0 = DLL Universal Release|Win32
		{3AE9C584-F1DE-44D0-8085-85AC19D8D092}.DLL Universal Unicode Debug|Win32.ActiveCfg = DLL Universal Unicode Debug|Win32
		{3AE9C584-F1DE-44D0-8085-85AC19D8D092}.DLL Universal Unicode Debug|Win32.Build.0 = DLL Universal Unicode Debug|Win32
		{3AE9C584-F1DE-44D0-8085-85AC19D8D092}.DLL Universal Unicode Release|Win32.ActiveCfg = DLL Universal Unicode Release|Win32
		{3AE9C584-F1DE-44D0-8085-85AC19D8D092}.DLL Universal Unicode Release|Win32.Build.0 = DLL Universal Unicode Release|Win32
		{3AE9C584-F1DE-44D0-8085-85AC19D8D092}.Release|Win32.ActiveCfg = Release|Win32
		{3AE9C584-F1DE-44D0-8085-85AC19D8D092}.Release|Win32.Build.0 = Release|Win32
		{3AE9C584-F1DE-44D0-8085-85AC19D8D092}.Unicode Debug|Win32.ActiveCfg = Unicode Debug|Win32
		{3AE9C584-F1DE-44D0-8085-85AC19D8D092}.Unicode Debug|Win32.Build.0 = Unicode Debug|Win32
		{3AE9C584-F1DE-44D0-8085-85AC19D8D092}.Unicode Release|Win32.ActiveCfg = Unicode Release|Win32
		{3AE9C584-F1DE-44D0-8085-85AC19D8D092}.Unicode Release|Win32.Build.0 = Unicode Release|Win32
		{3AE9C584-F1DE-44D0-8085-85AC19D8D092}.Universal Debug|Win32.ActiveCfg = Universal Debug|Win32
		{3AE9C584-F1DE-44D0-8085-85AC19D8D092}.Universal Debug|Win32.Build.0 = Universal Debug|Win32
		{3AE9C584-F1DE-44D0-8085-85AC19D8D092}.Universal Release|Win32.ActiveCfg = Universal Release|Win32
		{3AE9C584-F1DE-44D0-8085-85AC19D8D092}.Universal Release|Win32.Build.0 = Universal Release|Win32
		{3AE9C584-F1DE-44D0-8085-85AC19D8D092}.Universal Unicode Debug|Win32.ActiveCfg = Universal Unicode Debug|Win32
		{3AE9C584-F1DE-44D0-8085-85AC19D8D092}.Universal Unicode Debug|Win32.Build.0 = Universal Unicode Debug|Win32
		{3AE9C584-F1DE-44D0-8085-85AC19D8D092}.Universal Unicode Release|Win32.ActiveCfg = Universal Unicode Release|Win32
		{3AE9C584-F1DE-44D0-8085-85AC19D8D092}.Universal Unicode Release|Win32.Build.0 = Universal Unicode Release|Win32
		{47CC0012-5E26-4B33-AB03-87E26472B6B5}.Debug|Win32.ActiveCfg = Debug|Win32
		{47CC0012-5E26-4B33-AB03-87E26472B6B5}.Debug|Win32.Build.0 = Debug|Win32
		{47CC0012-5E26-4B33-AB03-87E26472B6B5}.DLL Debug|Win32.ActiveCfg = DLL Debug|Win32
		{47CC0012-5E26-4B33-AB03-87E26472B6B5}.DLL Debug|Win32.Build.0 = DLL Debug|Win32
		{47CC0012-5E26-4B33-AB03-87E26472B6B5}.DLL Release|Win32.ActiveCfg = DLL Release|Win32
		{47CC0012-5E26-4B33-AB03-87E26472B6B5}.DLL Release|Win32.Build.0 = DLL Release|Win32
		{47CC0012-5E26-4B33-AB03-87E26472B6B5}.DLL Unicode Debug|Win32.ActiveCfg = DLL Unicode Debug|Win32
		{47CC0012-5E26-4B33-AB03-87E26472B6B5}.DLL Unicode Debug|Win32.Build.0 = DLL Unicode Debug|Win32
		{47CC0012-5E26-4B33-AB03-87E26472B6B5}.DLL Unicode Release|Win32.ActiveCfg = DLL Unicode Release|Win32
		{47CC0012-5E26-4B33-AB03-87E26472B6B5}.DLL Unicode Release|Win32.Build.0 = DLL Unicode Release|Win32
		{47CC0012-5E26-4B33-AB03-87E26472B6B5}.DLL Universal Debug|Win32.ActiveCfg = DLL Universal Debug|Win32
		{47CC0012-5E26-4B33-AB03-87E26472B6B5}.DLL Universal Debug|Win32.Build.0 = DLL Universal Debug|Win32
		{47CC0012-5E26-4B33-AB03-87E26472B6B5}.DLL Universal Release|Win32.ActiveCfg = DLL Universal Release|Win32
		{47CC0012-5E26-4B33-AB03-87E26472B6B5}.DLL Universal Release|Win32.Build.0 = DLL Universal Release|Win32
		{47CC0012-5E26-4B33-AB03-87E26472B6B5}.DLL Universal Unicode Debug|Win32.ActiveCfg = DLL Universal Unicode Debug|Win32
		{47CC0012-5E26-4B33-AB03-87E26472B6B5}.DLL Universal Unicode Debug|Win32.Build.0 = DLL Universal Unicode Debug|Win32
		{47CC0012-5E26-4B33-AB03-87E26472B6B5}.DLL Universal Unicode Release|Win32.ActiveCfg = DLL Universal Unicode Release|Win32
		{47CC0012-5E26-4B33-AB03-87E26472B6B5}.DLL Universal Unicode Release|Win32.Build.0 = DLL Universal Unicode Release|Win32
		{47CC0012-5E26-4B33-AB03-87E26472B6B5}.Release|Win32.ActiveCfg = Release|Win32
		{47CC0012-5E26-4B33-AB03-87E26472B6B5}.Release|Win32.Build.0 = Release|Win32
		{47CC0012-5E26-4B33-AB03-87E26472B6B5}.Unicode Debug|Win32.ActiveCfg = Unicode Debug|Win32
		{47CC0012-5E26-4B33-AB03-87E26472B6B5}.Unicode Debug|Win32.Build.0 = Unicode Debug|Win32
		{47CC0012-5E26-4B33-AB03-87E26472B6B5}.Unicode Release|Win32.ActiveCfg = Unicode Release|Win32
		{47CC0012-5E26-4B33-AB03-87E26472B6B5}.Unicode Release|Win32.Build.0 = Unicode Release|Win32
		{47CC0012-5E26-4B33-AB03-87E26472B6B5}.Universal Debug|Win32.ActiveCfg = Universal Debug|Win32
		{47CC0012-5E26-4B33-AB03-87E26472B6B5}.Universal Debug|Win32.Build.0 = Universal Debug|Win32
		{47CC0012-5E26-4B33-AB03-87E26472B6B5}.Universal Release|Win32.ActiveCfg = Universal Release|Win32
		{47CC0012-5E26-4B33-AB03-87E26472B6B5}.Universal Release|Win32.Build.0 = Universal Release|Win32
		{47CC0012-5E26-4B33-AB03-87E26472B6B5}.Universal Unicode Debug|Win32.ActiveCfg = Universal Unicode Debug|Win32
		{47CC0012-5E26-4B33-AB03-87E26472B6B5}.Universal Unicode Debug|Win32.Build.0 = Universal Unicode Debug|Win32
		{47CC0012-5E26-4B33-AB03-87E26472B6B5}.Universal Unicode Release|Win32.ActiveCfg = Universal Unicode Release|Win32
		{47CC0012-5E26-4B33-AB03-87E26472B6B5}.Universal Unicode Release|Win32.Build.0 = Universal Unicode Release|Win32
		{9803C1C7-5D2D-42A4-A1B4-116F108C0343}.Debug|Win32.ActiveCfg = Debug|Win32
		{9803C1C7-5D2D-42A4-A1B4-116F108C0343}.Debug|Win32.Build.0 = Debug|Win32
		{9803C1C7-5D2D-42A4-A1B4-116F108C0343}.DLL Debug|Win32.ActiveCfg = DLL Debug|Win32
		{9803C1C7-5D2D-42A4-A1B4-116F108C0343}.DLL Debug|Win32.Build.0 = DLL Debug|Win32
		{9803C1C7-5D2D-42A4-A1B4-116F108C0343}.DLL Release|Win32.ActiveCfg = DLL Release|Win32
		{9803C1C7-5D2D-42A4-A1B4-116F108C0343}.DLL Release|Win32.Build.0 = DLL Release|Win32
		{9803C1C7-5D2D-42A4-A1B4-116F108C0343}.DLL Unicode Debug|Win32.ActiveCfg = DLL Unicode Debug|Win32
		{9803C1C7-5D2D-42A4-A1B4-116F108C0343}.DLL Unicode Debug|Win32.Build.0 = DLL Unicode Debug|Win32
		{9803C1C7-5D2D-42A4-A1B4-116F108C0343}.DLL Unicode Release|Win32.ActiveCfg = DLL Unicode Release|Win32
		{9803C1C7-5D2D-42A4-A1B4-116F108C0343}.DLL Unicode Release|Win32.Build.0 = DLL Unicode Release|Win32
		{9803C1C7-5D2D-42A4-A1B4-116F108C0343}.DLL Universal Debug|Win32.ActiveCfg = DLL Universal Debug|Win32
		{9803C1C7-5D2D-42A4-A1B4-116F108C0343}.DLL Universal Debug|Win32.Build.0 = DLL Universal Debug|Win32
		{9803C1C7-5D2D-42A4-A1B4-116F108C0343}.DLL Universal Release|Win32.ActiveCfg = DLL Universal Release|Win32
		{9803C1C7-5D2D-42A4-A1B4-116F108C0343}.DLL Universal Release|Win32.Build.0 = DLL Universal Release|Win32
		{9803C1C7-5D2D-42A4-A1B4-116F108C0343}.DLL Universal Unicode Debug|Win32.ActiveCfg = DLL Universal Unicode Debug|Win32
		{9803C1C7-5D2D-42A4-A1B4-116F108C0343}.DLL Universal Unicode Debug|Win32.Build.0 = DLL Universal Unicode Debug|Win32
		{9803C1C7-5D2D-42A4-A1B4-116F108C0343}.DLL Universal Unicode Release|Win32.ActiveCfg = DLL Universal Unicode Release|Win32
		{9803C1C7-5D2D-42A4-A1B4-116F108C0343}.DLL Universal Unicode Release|Win32.Build.0 = DLL Universal Unicode Release|Win32
		{9803C1C7-5D2D-42A4-A1B4-116F108C0343}.Release|Win32.ActiveCfg = Release|Win32
		{9803C1C7-5D2D-42A4-A1B4-116F108C0343}.Release|Win32.Build.0 = Release|Win32
		{9803C1C7-5D2D-42A4-A1B4-116F108C0343}.Unicode Debug|Win32.ActiveCfg = Unicode Debug|Win32
		{9803C1C7-5D2D-42A4-A1B4-116F108C0343}.Unicode Debug|Win32.Build.0 = Unicode Debug|Win32
		{9803C1C7-5D2D-42A4-A1B4-116F108C0343}.Unicode Release|Win32.ActiveCfg = Unicode Release|Win32
		{9803C1C7-5D2D-42A4-A1B4-116F108C0343}.Unicode Release|Win32.Build.0 = Unicode Release|Win32
		{9803C1C7-5D2D-42A4-A1B4-116F108C0343}.Universal Debug|Win32.ActiveCfg = Universal Debug|Win32
		{9803C1C7-5D2D-42A4-A1B4-116F108C0343}.Universal Debug|Win32.Build.0 = Universal Debug|Win32
		{9803C1C7-5D2D-42A4-A1B4-116F108C0343}.Universal Release|Win32.ActiveCfg = Universal Release|Win32
		{9803C1C7-5D2D-42A4-A1B4-116F108C0343}.Universal Release|Win32.Build.0 = Universal Release|Win32
		{9803C1C7-5D2D-42A4-A1B4-116F108C0343}.Universal Unicode Debug|Win32.ActiveCfg = Universal Unicode Debug|Win32
		{9803C1C7-5D2D-42A4-A1B4-116F108C0343}.Universal Unicode Debug|Win32.Build.0 = Universal Unicode Debug|Win32
		{9803C1C7-5D2D-42A4-A1B4-116F108C0343}.Universal Unicode Release|Win32.ActiveCfg = Universal Unicode Release|Win32
		{9803C1C7-5D2D-42A4-A1B4-116F108C0343}.Universal Unicode Release|Win32.Build.0 = Universal Unicode Release|Win32
		{33A9401C-C75D-4CBE-AA22-AD1D5F561CD8}.Debug|Win32.ActiveCfg = Debug|Win32
		{33A9401C-C75D-4CBE-AA22-AD1D5F561CD8}.Debug|Win32.Build.0 = Debug|Win32
		{33A9401C-C75D-4CBE-AA22-AD1D5F561CD8}.DLL Debug|Win32.ActiveCfg = DLL Debug|Win32
		{33A9401C-C75D-4CBE-AA22-AD1D5F561CD8}.DLL Debug|Win32.Build.0 = DLL Debug|Win32
		{33A9401C-C75D-4CBE-AA22-AD1D5F561CD8}.DLL Release|Win32.ActiveCfg = DLL Release|Win32
		{33A9401C-C75D-4CBE-AA22-AD1D5F561CD8}.DLL Release|Win32.Build.0 = DLL Release|Win32
		{33A9401C-C75D-4CBE-AA22-AD1D5F561CD8}.DLL Unicode Debug|Win32.ActiveCfg = DLL Unicode Debug|Win32
		{33A9401C-C75D-4CBE-AA22-AD1D5F561CD8}.DLL Unicode Debug|Win32.Build.0 = DLL Unicode Debug|Win32
		{33A9401C-C75D-4CBE-AA22-AD1D5F561CD8}.DLL Unicode Release|Win32.ActiveCfg = DLL Unicode Release|Win32
		{33A9401C-C75D-4CBE-AA22-AD1D5F561CD8}.DLL Unicode Release|Win32.Build.0 = DLL Unicode Release|Win32
		{33A9401C-C75D-4CBE-AA22-AD1D5F561CD8}.DLL Universal Debug|Win32.ActiveCfg = DLL Universal Debug|Win32
		{33A9401C-C75D-4CBE-AA22-AD1D5F561CD8}.DLL Universal Debug|Win32.Build.0 = DLL Universal Debug|Win32
		{33A9401C-C75D-4CBE-AA22-AD1D5F561CD8}.DLL Universal Release|Win32.ActiveCfg = DLL Universal Release|Win32
		{33A9401C-C75D-4CBE-AA22-AD1D5F561CD8}.DLL Universal Release|Win32.Build.0 = DLL Universal Release|Win32
		{33A9401C-C75D-4CBE-AA22-AD1D5F561CD8}.DLL Universal Unicode Debug|Win32.ActiveCfg = DLL Universal Unicode Debug|Win32
		{33A9401C-C75D-4CBE-AA22-AD1D5F561CD8}.DLL Universal Unicode Debug|Win32.Build.0 = DLL Universal Unicode Debug|Win32
		{33A9401C-C75D-4CBE-AA22-AD1D5F561CD8}.DLL Universal Unicode Release|Win32.ActiveCfg = DLL Universal Unicode Release|Win32
		{33A9401C-C75D-4CBE-AA22-AD1D5F561CD8}.DLL Universal Unicode Release|Win32.Build.0 = DLL Universal Unicode Release|Win32
		{33A9401C-C75D-4CBE-AA22-AD1D5F561CD8}.Release|Win32.ActiveCfg = Release|Win32
		{33A9401C-C75D-4CBE-AA22-AD1D5F561CD8}.Release|Win32.Build.0 = Release|Win32
		{33A9401C-C75D-4CBE-AA22-AD1D5F561CD8}.Unicode Debug|Win32.ActiveCfg = Unicode Debug|Win32
		{33A9401C-C75D-4CBE-AA22-AD1D5F561CD8}.Unicode Debug|Win32.Build.0 = Unicode Debug|Win32
		{33A9401C-C75D-4CBE-AA22-AD1D5F561CD8}.Unicode Release|Win32.ActiveCfg = Unicode Release|Win32
		{33A9401C-C75D-4CBE-AA22-AD1D5F561CD8}.Unicode Release|Win32.Build.0 = Unicode Release|Win32
		{33A9401C-C75D-4CBE-AA22-AD1D5F561CD8}.Universal Debug|Win32.ActiveCfg = Universal Debug|Win32
		{33A9401C-C75D-4CBE-AA22-AD1D5F561CD8}.Universal Debug|Win32.Build.0 = Universal Debug|Win32
		{33A9401C-C75D-4CBE-AA22-AD1D5F561CD8}.Universal Release|Win32.ActiveCfg = Universal Release|Win32
		{33A9401C-C75D-4CBE-AA22-AD1D5F561CD8}.Universal Release|Win32.Build.0 = Universal Release|Win32
		{33A9401C-C75D-4CBE-AA22-AD1D5F561CD8}.Universal Unicode Debug|Win32.ActiveCfg = Universal Unicode Debug|Win32
		{33A9401C-C75D-4CBE-AA22-AD1D5F561CD8}.Universal Unicode Debug|Win32.Build.0 = Universal Unicode Debug|Win32
		{33A9401C-C75D-4CBE-AA22-AD1D5F561CD8}.Universal Unicode Release|Win32.ActiveCfg = Universal Unicode Release|Win32
		{33A9401C-C75D-4CBE-AA22-AD1D5F561CD8}.Universal Unicode Release|Win32.Build.0 = Universal Unicode Release|Win32
		{93FDA192-7978-4115-8CD8-A5DCCDF0F914}.Debug|Win32.ActiveCfg = Debug|Win32
		{93FDA192-7978-4115-8CD8-A5DCCDF0F914}.Debug|Win32.Build.0 = Debug|Win32
		{93FDA192-7978-4115-8CD8-A5DCCDF0F914}.DLL Debug|Win32.ActiveCfg = DLL Debug|Win32
		{93FDA192-7978-4115-8CD8-A5DCCDF0F914}.DLL Debug|Win32.Build.0 = DLL Debug|Win32
		{93FDA192-7978-4115-8CD8-A5DCCDF0F914}.DLL Release|Win32.ActiveCfg = DLL Release|Win32
		{93FDA192-7978-4115-8CD8-A5DCCDF0F914}.DLL Release|Win32.Build.0 = DLL Release|Win32
		{93FDA192-7978-4115-8CD8-A5DCCDF0F914}.DLL Unicode Debug|Win32.ActiveCfg = DLL Unicode Debug|Win32
		{93FDA192-7978-4115-8CD8-A5DCCDF0F914}.DLL Unicode Debug|Win32.Build.0 = DLL Unicode Debug|Win32
		{93FDA192-7978-4115-8CD8-A5DCCDF0F914}.DLL Unicode Release|Win32.ActiveCfg = DLL Unicode Release|Win32
		{93FDA192-7978-4115-8CD8-A5DCCDF0F914}.DLL Unicode Release|Win32.Build.0 = DLL Unicode Release|Win32
		{93FDA192-7978-4115-8CD8-A5DCCDF0F914}.DLL Universal Debug|Win32.ActiveCfg = DLL Universal Debug|Win32
		{93FDA192-7978-4115-8CD8-A5DCCDF0F914}.DLL Universal Debug|Win32.Build.0 = DLL Universal Debug|Win32
		{93FDA192-7978-4115-8CD8-A5DCCDF0F914}.DLL Universal Release|Win32.ActiveCfg = DLL Universal Release|Win32
		{93FDA192-7978-4115-8CD8-A5DCCDF0F914}.DLL Universal Release|Win32.Build.0 = DLL Universal Release|Win32
		{93FDA192-7978-4115-8CD8-A5DCCDF0F914}.DLL Universal Unicode Debug|Win32.ActiveCfg = DLL Universal Unicode Debug|Win32
		{93FDA192-7978-4115-8CD8-A5DCCDF0F914}.DLL Universal Unicode Debug|Win32.Build.0 = DLL Universal Unicode Debug|Win32
		{93FDA192-7978-4115-8CD8-A5DCCDF0F914}.DLL Universal Unicode Release|Win32.ActiveCfg = DLL Universal Unicode Release|Win32
		{93FDA192-7978-4115-8CD8-A5DCCDF0F914}.DLL Universal Unicode Release|Win32.Build.0 = DLL Universal Unicode Release|Win32
		{93FDA192-7978-4115-8CD8-A5DCCDF0F914}.Release|Win32.ActiveCfg = Release|Win32
		{93FDA192-7978-4115-8CD8-A5DCCDF0F914}.Release|Win32.Build.0 = Release|Win32
		{93FDA192-7978-4115-8CD8-A5DCCDF0F914}.Unicode Debug|Win32.ActiveCfg = Unicode Debug|Win32
		{93FDA192-7978-4115-8CD8-A5DCCDF0F914}.Unicode Debug|Win32.Build.0 = Unicode Debug|Win32
		{93FDA192-7978-4115-8CD8-A5DCCDF0F914}.Unicode Release|Win32.ActiveCfg = Unicode Release|Win32
		{93FDA192-7978-4115-8CD8-A5DCCDF0F914}.Unicode Release|Win32.Build.0 = Unicode Release|Win32
		{93FDA192-7978-4115-8CD8-A5DCCDF0F914}.Universal Debug|Win32.ActiveCfg = Universal Debug|Win32
		{93FDA192-7978-4115-8CD8-A5DCCDF0F914}.Universal Debug|Win32.Build.0 = Universal Debug|Win32
		{93FDA192-7978-4115-8CD8-A5DCCDF0F914}.Universal Release|Win32.ActiveCfg = Universal Release|Win32
		{93FDA192-7978-4115-8CD8-A5DCCDF0F914}.Universal Release|Win32.Build.0 = Universal Release|Win32
		{93FDA192-7978-4115-8CD8-A5DCCDF0F914}.Universal Unicode Debug|Win32.ActiveCfg = Universal Unicode Debug|Win32
		{93FDA192-7978-4115-8CD8-A5DCCDF0F914}.Universal Unicode Debug|Win32.Build.0 = Universal Unicode Debug|Win32
		{93FDA192-7978-4115-8CD8-A5DCCDF0F914}.Universal Unicode Release|Win32.ActiveCfg = Universal Unicode Release|Win32
		{93FDA192-7978-4115-8CD8-A5DCCDF0F914}.Universal Unicode Release|Win32.Build.0 = Universal Unicode Release|Win32
		{9513242A-F7FA-435D-9FF7-561728A1B01A}.Debug|Win32.ActiveCfg = Debug|Win32
		{9513242A-F7FA-435D-9FF7-561728A1B01A}.Debug|Win32.Build.0 = Debug|Win32
		{9513242A-F7FA-435D-9FF7-561728A1B01A}.DLL Debug|Win32.ActiveCfg = DLL Debug|Win32
		{9513242A-F7FA-435D-9FF7-561728A1B01A}.DLL Debug|Win32.Build.0 = DLL Debug|Win32
		{9513242A-F7FA-435D-9FF7-561728A1B01A}.DLL Release|Win32.ActiveCfg = DLL Release|Win32
		{9513242A-F7FA-435D-9FF7-561728A1B01A}.DLL Release|Win32.Build.0 = DLL Release|Win32
		{9513242A-F7FA-435D-9FF7-561728A1B01A}.DLL Unicode Debug|Win32.ActiveCfg = DLL Unicode Debug|Win32
		{9513242A-F7FA-435D-9FF7-561728A1B01A}.DLL Unicode Debug|Win32.Build.0 = DLL Unicode Debug|Win32
		{9513242A-F7FA-435D-9FF7-561728A1B01A}.DLL Unicode Release|Win32.ActiveCfg = DLL Unicode Release|Win32
		{9513242A-F7FA-435D-9FF7-561728A1B01A}.DLL Unicode Release|Win32.Build.0 = DLL Unicode Release|Win32
		{9513242A-F7FA-435D-9FF7-561728A1B01A}.DLL Universal Debug|Win32.ActiveCfg = DLL Universal Debug|Win32
		{9513242A-F7FA-435D-9FF7-561728A1B01A}.DLL Universal Debug|Win32.Build.0 = DLL Universal Debug|Win32
		{9513242A-F7FA-435D-9FF7-561728A1B01A}.DLL Universal Release|Win32.ActiveCfg = DLL Universal Release|Win32
		{9513242A-F7FA-435D-9FF7-561728A1B01A}.DLL Universal Release|Win32.Build.0 = DLL Universal Release|Win32
		{9513242A-F7FA-435D-9FF7-561728A1B01A}.DLL Universal Unicode Debug|Win32.ActiveCfg = DLL Universal Unicode Debug|Win32
		{9513242A-F7FA-435D-9FF7-561728A1B01A}.DLL Universal Unicode Debug|Win32.Build.0 = DLL Universal Unicode Debug|Win32
		{9513242A-F7FA-435D-9FF7-561728A1B01A}.DLL Universal Unicode Release|Win32.ActiveCfg = DLL Universal Unicode Release|Win32
		{9513242A-F7FA-435D-9FF7-561728A1B01A}.DLL Universal Unicode Release|Win32.Build.0 = DLL Universal Unicode Release|Win32
		{9513242A-F7FA-435D-9FF7-561728A1B01A}.Release|Win32.ActiveCfg = Release|Win32
		{9513242A-F7FA-435D-9FF7-561728A1B01A}.Release|Win32.Build.0 = Release|Win32
		{9513242A-F7FA-435D-9FF7-561728A1B01A}.Unicode Debug|Win32.ActiveCfg = Unicode Debug|Win32
		{9513242A-F7FA-435D-9FF7-561728A1B01A}.Unicode Debug|Win32.Build.0 = Unicode Debug|Win32
		{9513242A-F7FA-435D-9FF7-561728A1B01A}.Unicode Release|Win32.ActiveCfg = Unicode Release|Win32
		{9513242A-F7FA-435D-9FF7-561728A1B01A}.Unicode Release|Win32.Build.0 = Unicode Release|Win32
		{9513242A-F7FA-435D-9FF7-561728A1B01A}.Universal Debug|Win32.ActiveCfg = Universal Debug|Win32
		{9513242A-F7FA-435D-9FF7-561728A1B01A}.Universal Debug|Win32.Build.0 = Universal Debug|Win32
		{9513242A-F7FA-435D-9FF7-561728A1B01A}.Universal Release|Win32.ActiveCfg = Universal Release|Win32
		{9513242A-F7FA-435D-9FF7-561728A1B01A}.Universal Release|Win32.Build.0 = Universal Release|Win32
		{9513242A-F7FA-435D-9FF7-561728A1B01A}.Universal Unicode Debug|Win32.ActiveCfg = Universal Unicode Debug|Win32
		{9513242A-F7FA-435D-9FF7-561728A1B01A}.Universal Unicode Debug|Win32.Build.0 = Universal Unicode Debug|Win32
		{9513242A-F7FA-435D-9FF7-561728A1B01A}.Universal Unicode Release|Win32.ActiveCfg = Universal Unicode Release|Win32
		{9513242A-F7FA-435D-9FF7-561728A1B01A}.Universal Unicode Release|Win32.Build.0 = Universal Unicode Release|Win32
		{7E35DA7F-374B-4FE5-9A93-679986A7FFD9}.Debug|Win32.ActiveCfg = Debug|Win32
		{7E35DA7F-374B-4FE5-9A93-679986A7FFD9}.Debug|Win32.Build.0 = Debug|Win32
		{7E35DA7F-374B-4FE5-9A93-679986A7FFD9}.DLL Debug|Win32.ActiveCfg = DLL Debug|Win32
		{7E35DA7F-374B-4FE5-9A93-679986A7FFD9}.DLL Debug|Win32.Build.0 = DLL Debug|Win32
		{7E35DA7F-374B-4FE5-9A93-679986A7FFD9}.DLL Release|Win32.ActiveCfg = DLL Release|Win32
		{7E35DA7F-374B-4FE5-9A93-679986A7FFD9}.DLL Release|Win32.Build.0 = DLL Release|Win32
		{7E35DA7F-374B-4FE5-9A93-679986A7FFD9}.DLL Unicode Debug|Win32.ActiveCfg = DLL Unicode Debug|Win32
		{7E35DA7F-374B-4FE5-9A93-679986A7FFD9}.DLL Unicode Debug|Win32.Build.0 = DLL Unicode Debug|Win32
		{7E35DA7F-374B-4FE5-9A93-679986A7FFD9}.DLL Unicode Release|Win32.ActiveCfg = DLL Unicode Release|Win32
		{7E35DA7F-374B-4FE5-9A93-679986A7FFD9}.DLL Unicode Release|Win32.Build.0 = DLL Unicode Release|Win32
		{7E35DA7F-374B-4FE5-9A93-679986A7FFD9}.DLL Universal Debug|Win32.ActiveCfg = DLL Universal Debug|Win32
		{7E35DA7F-374B-4FE5-9A93-679986A7FFD9}.DLL Universal Debug|Win32.Build.0 = DLL Universal Debug|Win32
		{7E35DA7F-374B-4FE5-9A93-679986A7FFD9}.DLL Universal Release|Win32.ActiveCfg = DLL Universal Release|Win32
		{7E35DA7F-374B-4FE5-9A93-679986A7FFD9}.DLL Universal Release|Win32.Build.0 = DLL Universal Release|Win32
		{7E35DA7F-374B-4FE5-9A93-679986A7FFD9}.DLL Universal Unicode Debug|Win32.ActiveCfg = DLL Universal Unicode Debug|Win32
		{7E35DA7F-374B-4FE5-9A93-679986A7FFD9}.DLL Universal Unicode Debug|Win32.Build.0 = DLL Universal Unicode Debug|Win32
		{7E35DA7F-374B-4FE5-9A93-679986A7FFD9}.DLL Universal Unicode Release|Win32.ActiveCfg = DLL Universal Unicode Release|Win32
		{7E35DA7F-374B-4FE5-9A93-679986A7FFD9}.DLL Universal Unicode Release|Win32.Build.0 = DLL Universal Unicode Release|Win32
		{7E35DA7F-374B-4FE5-9A93-679986A7FFD9}.Release|Win32.ActiveCfg = Release|Win32
		{7E35DA7F-374B-4FE5-9A93-679986A7FFD9}.Release|Win32.Build.0 = Release|Win32
		{7E35DA7F-374B-4FE5-9A93-679986A7FFD9}.Unicode Debug|Win32.ActiveCfg = Unicode Debug|Win32
		{7E35DA7F-374B-4FE5-9A93-679986A7FFD9}.Unicode Debug|Win32.Build.0 = Unicode Debug|Win32
		{7E35DA7F-374B-4FE5-9A93-679986A7FFD9}.Unicode Release|Win32.ActiveCfg = Unicode Release|Win32
		{7E35DA7F-374B-4FE5-9A93-679986A7FFD9}.Unicode Release|Win32.Build.0 = Unicode Release|Win32
		{7E35DA7F-374B-4FE5-9A93-679986A7FFD9}.Universal Debug|Win32.ActiveCfg = Universal Debug|Win32
		{7E35DA7F-374B-4FE5-9A93-679986A7FFD9}.Universal Debug|Win32.Build.0 = Universal Debug|Win32
		{7E35DA7F-374B-4FE5-9A93-679986A7FFD9}.Universal Release|Win32.ActiveCfg = Universal Release|Win32
		{7E35DA7F-374B-4FE5-9A93-679986A7FFD9}.Universal Release|Win32.Build.0 = Universal Release|Win32
		{7E35DA7F-374B-4FE5-9A93-679986A7FFD9}.Universal Unicode Debug|Win32.ActiveCfg = Universal Unicode Debug|Win32
		{7E35DA7F-374B-4FE5-9A93-679986A7FFD9}.Universal Unicode Debug|Win32.Build.0 = Universal Unicode Debug|Win32
		{7E35DA7F-374B-4FE5-9A93-679986A7FFD9}.Universal Unicode Release|Win32.ActiveCfg = Universal Unicode Release|Win32
		{7E35DA7F-374B-4FE5-9A93-679986A7FFD9}.Universal Unicode Release|Win32.Build.0 = Universal Unicode Release|Win32
	EndGlobalSection
	GlobalSection(SolutionProperties) = preSolution
		HideSolutionNode = FALSE
	EndGlobalSection
EndGlobal
